// !$*UTF8*$!
{
	archiveVersion = 1;
	classes = {
	};
	objectVersion = 46;
	objects = {

/* Begin PBXBuildFile section */
		D20E6C1719AAD9A900169439 /* reg_kuang@2x.png in Resources */ = {isa = PBXBuildFile; fileRef = D20E6C1619AAD9A900169439 /* reg_kuang@2x.png */; };
		D20E6C1919AADA0200169439 /* reg_commit@2x.png in Resources */ = {isa = PBXBuildFile; fileRef = D20E6C1819AADA0200169439 /* reg_commit@2x.png */; };
		D20E6C1B19AB06C100169439 /* reg_user@2x.png in Resources */ = {isa = PBXBuildFile; fileRef = D20E6C1A19AB06C100169439 /* reg_user@2x.png */; };
		D20E6C1D19AB25B000169439 /* Default1-568h@2x.png in Resources */ = {isa = PBXBuildFile; fileRef = D20E6C1C19AB25B000169439 /* Default1-568h@2x.png */; };
		D20E6F3719AB332300169439 /* NSObject+SBJson.m in Sources */ = {isa = PBXBuildFile; fileRef = D20E6F1F19AB332200169439 /* NSObject+SBJson.m */; };
		D20E6F3819AB332300169439 /* SBJsonParser.m in Sources */ = {isa = PBXBuildFile; fileRef = D20E6F2219AB332300169439 /* SBJsonParser.m */; };
		D20E6F3919AB332300169439 /* SBJsonStreamParser.m in Sources */ = {isa = PBXBuildFile; fileRef = D20E6F2419AB332300169439 /* SBJsonStreamParser.m */; };
		D20E6F3A19AB332300169439 /* SBJsonStreamParserAccumulator.m in Sources */ = {isa = PBXBuildFile; fileRef = D20E6F2619AB332300169439 /* SBJsonStreamParserAccumulator.m */; };
		D20E6F3B19AB332300169439 /* SBJsonStreamParserAdapter.m in Sources */ = {isa = PBXBuildFile; fileRef = D20E6F2819AB332300169439 /* SBJsonStreamParserAdapter.m */; };
		D20E6F3C19AB332300169439 /* SBJsonStreamParserState.m in Sources */ = {isa = PBXBuildFile; fileRef = D20E6F2A19AB332300169439 /* SBJsonStreamParserState.m */; };
		D20E6F3D19AB332300169439 /* SBJsonStreamWriter.m in Sources */ = {isa = PBXBuildFile; fileRef = D20E6F2C19AB332300169439 /* SBJsonStreamWriter.m */; };
		D20E6F3E19AB332300169439 /* SBJsonStreamWriterAccumulator.m in Sources */ = {isa = PBXBuildFile; fileRef = D20E6F2E19AB332300169439 /* SBJsonStreamWriterAccumulator.m */; };
		D20E6F3F19AB332300169439 /* SBJsonStreamWriterState.m in Sources */ = {isa = PBXBuildFile; fileRef = D20E6F3019AB332300169439 /* SBJsonStreamWriterState.m */; };
		D20E6F4019AB332300169439 /* SBJsonTokeniser.m in Sources */ = {isa = PBXBuildFile; fileRef = D20E6F3219AB332300169439 /* SBJsonTokeniser.m */; };
		D20E6F4119AB332300169439 /* SBJsonUTF8Stream.m in Sources */ = {isa = PBXBuildFile; fileRef = D20E6F3419AB332300169439 /* SBJsonUTF8Stream.m */; };
		D20E6F4219AB332300169439 /* SBJsonWriter.m in Sources */ = {isa = PBXBuildFile; fileRef = D20E6F3619AB332300169439 /* SBJsonWriter.m */; };
		D2394923198623C500975C27 /* self_setPageViewController.m in Sources */ = {isa = PBXBuildFile; fileRef = D2394922198623C500975C27 /* self_setPageViewController.m */; };
		D239492519877E9500975C27 /* Default1@2x.png in Resources */ = {isa = PBXBuildFile; fileRef = D239492419877E9500975C27 /* Default1@2x.png */; };
		D2394934198F4B5300975C27 /* public_head@2x.png in Resources */ = {isa = PBXBuildFile; fileRef = D2394933198F4B5300975C27 /* public_head@2x.png */; };
		D26816EE198F746000161A03 /* my_xiugai@2x.png in Resources */ = {isa = PBXBuildFile; fileRef = D26816ED198F746000161A03 /* my_xiugai@2x.png */; };
		D26816F0198F756B00161A03 /* my_baidi@2x.png in Resources */ = {isa = PBXBuildFile; fileRef = D26816EF198F756B00161A03 /* my_baidi@2x.png */; };
		D26816F6198F775200161A03 /* M_regViewController.m in Sources */ = {isa = PBXBuildFile; fileRef = D26816F5198F775200161A03 /* M_regViewController.m */; };
		D26816FE1990B3E200161A03 /* M_public.m in Sources */ = {isa = PBXBuildFile; fileRef = D26816FD1990B3E200161A03 /* M_public.m */; };
		D26817031990B4C500161A03 /* libWeChatSDK.a in Frameworks */ = {isa = PBXBuildFile; fileRef = D26817001990B4C500161A03 /* libWeChatSDK.a */; };
		D2855938197BCBC800F49779 /* exam@2x.png in Resources */ = {isa = PBXBuildFile; fileRef = D2855937197BCBC800F49779 /* exam@2x.png */; };
		D285593A197BCC3600F49779 /* home@2x.png in Resources */ = {isa = PBXBuildFile; fileRef = D2855939197BCC3600F49779 /* home@2x.png */; };
		D285593C197BCCB300F49779 /* topR@2x.png in Resources */ = {isa = PBXBuildFile; fileRef = D285593B197BCCB300F49779 /* topR@2x.png */; };
		D285593E197BCDCA00F49779 /* hui_bg@2x.png in Resources */ = {isa = PBXBuildFile; fileRef = D285593D197BCDCA00F49779 /* hui_bg@2x.png */; };
		D2855944197BD00000F49779 /* liuyan_jianyi@2x.png in Resources */ = {isa = PBXBuildFile; fileRef = D2855941197BD00000F49779 /* liuyan_jianyi@2x.png */; };
		D2855945197BD00000F49779 /* liuyan_tijiao@2x.png in Resources */ = {isa = PBXBuildFile; fileRef = D2855942197BD00000F49779 /* liuyan_tijiao@2x.png */; };
		D2855949197C1BD600F49779 /* home_3@2x.png in Resources */ = {isa = PBXBuildFile; fileRef = D2855948197C1BD600F49779 /* home_3@2x.png */; };
		D285594B197C1BDD00F49779 /* home_2@2x.png in Resources */ = {isa = PBXBuildFile; fileRef = D285594A197C1BDD00F49779 /* home_2@2x.png */; };
		D285594D197C1C2200F49779 /* home_0@2x.png in Resources */ = {isa = PBXBuildFile; fileRef = D285594C197C1C2200F49779 /* home_0@2x.png */; };
		D285594F197C1CA700F49779 /* home_1@2x.png in Resources */ = {isa = PBXBuildFile; fileRef = D285594E197C1CA700F49779 /* home_1@2x.png */; };
		D2855951197C1DE200F49779 /* liuyanban@2x.png in Resources */ = {isa = PBXBuildFile; fileRef = D2855950197C1DE200F49779 /* liuyanban@2x.png */; };
		D2855958197CA5DD00F49779 /* home_back@2x.png in Resources */ = {isa = PBXBuildFile; fileRef = D2855957197CA5DD00F49779 /* home_back@2x.png */; };
		D285595D197CA8FD00F49779 /* my_baikuang@2x.png in Resources */ = {isa = PBXBuildFile; fileRef = D2855959197CA8FD00F49779 /* my_baikuang@2x.png */; };
		D285595F197CA8FD00F49779 /* my_quan@2x.png in Resources */ = {isa = PBXBuildFile; fileRef = D285595B197CA8FD00F49779 /* my_quan@2x.png */; };
		D2855960197CA8FD00F49779 /* home_back@2x.png in Resources */ = {isa = PBXBuildFile; fileRef = D285595C197CA8FD00F49779 /* home_back@2x.png */; };
		D2AC8CA119A5E4DD0080ABCC /* xuzhi.plist in Resources */ = {isa = PBXBuildFile; fileRef = D2AC8CA019A5E4DD0080ABCC /* xuzhi.plist */; };
		D2B41EB419B429B4006AD282 /* AFHTTPRequestOperation.m in Sources */ = {isa = PBXBuildFile; fileRef = D2B41EA219B429B4006AD282 /* AFHTTPRequestOperation.m */; };
		D2B41EB519B429B4006AD282 /* AFHTTPRequestOperationManager.m in Sources */ = {isa = PBXBuildFile; fileRef = D2B41EA419B429B4006AD282 /* AFHTTPRequestOperationManager.m */; };
		D2B41EB619B429B4006AD282 /* AFHTTPSessionManager.m in Sources */ = {isa = PBXBuildFile; fileRef = D2B41EA619B429B4006AD282 /* AFHTTPSessionManager.m */; };
		D2B41EB719B429B4006AD282 /* AFNetworkReachabilityManager.m in Sources */ = {isa = PBXBuildFile; fileRef = D2B41EA919B429B4006AD282 /* AFNetworkReachabilityManager.m */; };
		D2B41EB819B429B4006AD282 /* AFSecurityPolicy.m in Sources */ = {isa = PBXBuildFile; fileRef = D2B41EAB19B429B4006AD282 /* AFSecurityPolicy.m */; };
		D2B41EB919B429B4006AD282 /* AFURLConnectionOperation.m in Sources */ = {isa = PBXBuildFile; fileRef = D2B41EAD19B429B4006AD282 /* AFURLConnectionOperation.m */; };
		D2B41EBA19B429B4006AD282 /* AFURLRequestSerialization.m in Sources */ = {isa = PBXBuildFile; fileRef = D2B41EAF19B429B4006AD282 /* AFURLRequestSerialization.m */; };
		D2B41EBB19B429B4006AD282 /* AFURLResponseSerialization.m in Sources */ = {isa = PBXBuildFile; fileRef = D2B41EB119B429B4006AD282 /* AFURLResponseSerialization.m */; };
		D2B41EBC19B429B4006AD282 /* AFURLSessionManager.m in Sources */ = {isa = PBXBuildFile; fileRef = D2B41EB319B429B4006AD282 /* AFURLSessionManager.m */; };
		D2B41EC019B43604006AD282 /* MBProgressHUD.m in Sources */ = {isa = PBXBuildFile; fileRef = D2B41EBF19B43604006AD282 /* MBProgressHUD.m */; };
		D2B491DB197BC1220080D4AC /* start_Bt@2x.png in Resources */ = {isa = PBXBuildFile; fileRef = D2B491DA197BC1220080D4AC /* start_Bt@2x.png */; };
		D2B491DD197BC22D0080D4AC /* lanDi@2x.png in Resources */ = {isa = PBXBuildFile; fileRef = D2B491DC197BC22D0080D4AC /* lanDi@2x.png */; };
		D2B4B84C19AC348D00F82D95 /* publicRequest.m in Sources */ = {isa = PBXBuildFile; fileRef = D2B4B84B19AC348D00F82D95 /* publicRequest.m */; };
		D2B646E0197A7CE30074F36B /* Foundation.framework in Frameworks */ = {isa = PBXBuildFile; fileRef = D2B646DF197A7CE30074F36B /* Foundation.framework */; };
		D2B646E2197A7CE30074F36B /* CoreGraphics.framework in Frameworks */ = {isa = PBXBuildFile; fileRef = D2B646E1197A7CE30074F36B /* CoreGraphics.framework */; };
		D2B646E4197A7CE30074F36B /* UIKit.framework in Frameworks */ = {isa = PBXBuildFile; fileRef = D2B646E3197A7CE30074F36B /* UIKit.framework */; };
		D2B646EA197A7CE30074F36B /* InfoPlist.strings in Resources */ = {isa = PBXBuildFile; fileRef = D2B646E8197A7CE30074F36B /* InfoPlist.strings */; };
		D2B646EC197A7CE30074F36B /* main.m in Sources */ = {isa = PBXBuildFile; fileRef = D2B646EB197A7CE30074F36B /* main.m */; };
		D2B646F0197A7CE30074F36B /* AppDelegate.m in Sources */ = {isa = PBXBuildFile; fileRef = D2B646EF197A7CE30074F36B /* AppDelegate.m */; };
		D2B646F2197A7CE30074F36B /* Images.xcassets in Resources */ = {isa = PBXBuildFile; fileRef = D2B646F1197A7CE30074F36B /* Images.xcassets */; };
		D2B646F9197A7CE30074F36B /* XCTest.framework in Frameworks */ = {isa = PBXBuildFile; fileRef = D2B646F8197A7CE30074F36B /* XCTest.framework */; };
		D2B646FA197A7CE30074F36B /* Foundation.framework in Frameworks */ = {isa = PBXBuildFile; fileRef = D2B646DF197A7CE30074F36B /* Foundation.framework */; };
		D2B646FB197A7CE30074F36B /* UIKit.framework in Frameworks */ = {isa = PBXBuildFile; fileRef = D2B646E3197A7CE30074F36B /* UIKit.framework */; };
		D2B64703197A7CE30074F36B /* InfoPlist.strings in Resources */ = {isa = PBXBuildFile; fileRef = D2B64701197A7CE30074F36B /* InfoPlist.strings */; };
		D2B64705197A7CE30074F36B /* MfeijiTests.m in Sources */ = {isa = PBXBuildFile; fileRef = D2B64704197A7CE30074F36B /* MfeijiTests.m */; };
		D2B64712197A7E7F0074F36B /* M_homeViewController.m in Sources */ = {isa = PBXBuildFile; fileRef = D2B64711197A7E7F0074F36B /* M_homeViewController.m */; };
		D2B64715197A7E9F0074F36B /* M_examViewController.m in Sources */ = {isa = PBXBuildFile; fileRef = D2B64714197A7E9F0074F36B /* M_examViewController.m */; };
		D2B64718197A7EB20074F36B /* M_selfViewController.m in Sources */ = {isa = PBXBuildFile; fileRef = D2B64717197A7EB20074F36B /* M_selfViewController.m */; };
		D2B6471B197A7EE50074F36B /* M_messageViewController.m in Sources */ = {isa = PBXBuildFile; fileRef = D2B6471A197A7EE50074F36B /* M_messageViewController.m */; };
		D2B6471E197A7EF20074F36B /* M_setViewController.m in Sources */ = {isa = PBXBuildFile; fileRef = D2B6471D197A7EF20074F36B /* M_setViewController.m */; };
		D2B64758197AC5E70074F36B /* liuyan@2x.png in Resources */ = {isa = PBXBuildFile; fileRef = D2B64749197AC5E70074F36B /* liuyan@2x.png */; };
		D2B6475A197AC5E70074F36B /* my@2x.png in Resources */ = {isa = PBXBuildFile; fileRef = D2B6474B197AC5E70074F36B /* my@2x.png */; };
		D2B6475D197AC5E70074F36B /* set@2x.png in Resources */ = {isa = PBXBuildFile; fileRef = D2B6474E197AC5E70074F36B /* set@2x.png */; };
		D2C9C2F7197CC43200925D14 /* set_shang@2x.png in Resources */ = {isa = PBXBuildFile; fileRef = D2C9C2F5197CC43200925D14 /* set_shang@2x.png */; };
		D2C9C2F8197CC43200925D14 /* set_di@2x.png in Resources */ = {isa = PBXBuildFile; fileRef = D2C9C2F6197CC43200925D14 /* set_di@2x.png */; };
		D2C9C2FF197CD00C00925D14 /* exam_user@2x.png in Resources */ = {isa = PBXBuildFile; fileRef = D2C9C2F9197CD00C00925D14 /* exam_user@2x.png */; };
		D2C9C300197CD00C00925D14 /* exam_pwd@2x.png in Resources */ = {isa = PBXBuildFile; fileRef = D2C9C2FA197CD00C00925D14 /* exam_pwd@2x.png */; };
		D2C9C301197CD00C00925D14 /* exam_circle@2x.png in Resources */ = {isa = PBXBuildFile; fileRef = D2C9C2FB197CD00C00925D14 /* exam_circle@2x.png */; };
		D2C9C302197CD00C00925D14 /* exam_start@2x.png in Resources */ = {isa = PBXBuildFile; fileRef = D2C9C2FC197CD00C00925D14 /* exam_start@2x.png */; };
		D2C9C303197CD00C00925D14 /* exam_woyaozhuce@2x.png in Resources */ = {isa = PBXBuildFile; fileRef = D2C9C2FD197CD00C00925D14 /* exam_woyaozhuce@2x.png */; };
		D2C9C304197CD00C00925D14 /* exam_budenglu@2x.png in Resources */ = {isa = PBXBuildFile; fileRef = D2C9C2FE197CD00C00925D14 /* exam_budenglu@2x.png */; };
		D2C9C308197CD01900925D14 /* exam_circle1@2x.png in Resources */ = {isa = PBXBuildFile; fileRef = D2C9C305197CD01900925D14 /* exam_circle1@2x.png */; };
		D2C9C309197CD01900925D14 /* exam_bg@2x.png in Resources */ = {isa = PBXBuildFile; fileRef = D2C9C306197CD01900925D14 /* exam_bg@2x.png */; };
		D2C9C30A197CD01900925D14 /* public_home@2x.png in Resources */ = {isa = PBXBuildFile; fileRef = D2C9C307197CD01900925D14 /* public_home@2x.png */; };
		D2C9C30F197CE6F200925D14 /* home_lan1@2x.png in Resources */ = {isa = PBXBuildFile; fileRef = D2C9C30B197CE6F200925D14 /* home_lan1@2x.png */; };
		D2C9C310197CE6F200925D14 /* home_lan3@2x.png in Resources */ = {isa = PBXBuildFile; fileRef = D2C9C30C197CE6F200925D14 /* home_lan3@2x.png */; };
		D2C9C311197CE6F200925D14 /* home_lan4@2x.png in Resources */ = {isa = PBXBuildFile; fileRef = D2C9C30D197CE6F200925D14 /* home_lan4@2x.png */; };
		D2C9C312197CE6F200925D14 /* home_lan2@2x.png in Resources */ = {isa = PBXBuildFile; fileRef = D2C9C30E197CE6F200925D14 /* home_lan2@2x.png */; };
		D2C9C316197CE9A400925D14 /* home_plan@2x.png in Resources */ = {isa = PBXBuildFile; fileRef = D2C9C315197CE9A400925D14 /* home_plan@2x.png */; };
		D2C9C319197E00E400925D14 /* Exam_testViewController.m in Sources */ = {isa = PBXBuildFile; fileRef = D2C9C318197E00E400925D14 /* Exam_testViewController.m */; };
		D2C9C31D197E17FE00925D14 /* start2@2x.png in Resources */ = {isa = PBXBuildFile; fileRef = D2C9C31C197E17FE00925D14 /* start2@2x.png */; };
		D2C9C326197E188900925D14 /* test_weizuo@2x.png in Resources */ = {isa = PBXBuildFile; fileRef = D2C9C31F197E188900925D14 /* test_weizuo@2x.png */; };
		D2C9C327197E188900925D14 /* test_left@2x.png in Resources */ = {isa = PBXBuildFile; fileRef = D2C9C320197E188900925D14 /* test_left@2x.png */; };
		D2C9C328197E188900925D14 /* test_Bt@2x.png in Resources */ = {isa = PBXBuildFile; fileRef = D2C9C321197E188900925D14 /* test_Bt@2x.png */; };
		D2C9C329197E188900925D14 /* test_Bt1@2x.png in Resources */ = {isa = PBXBuildFile; fileRef = D2C9C322197E188900925D14 /* test_Bt1@2x.png */; };
		D2C9C32A197E188900925D14 /* test_next@2x.png in Resources */ = {isa = PBXBuildFile; fileRef = D2C9C323197E188900925D14 /* test_next@2x.png */; };
		D2C9C32B197E188900925D14 /* test_lan@2x.png in Resources */ = {isa = PBXBuildFile; fileRef = D2C9C324197E188900925D14 /* test_lan@2x.png */; };
		D2C9C32C197E188900925D14 /* test_commit@2x.png in Resources */ = {isa = PBXBuildFile; fileRef = D2C9C325197E188900925D14 /* test_commit@2x.png */; };
		D2C9C330197E370E00925D14 /* home_xuzhiViewController.m in Sources */ = {isa = PBXBuildFile; fileRef = D2C9C32F197E370E00925D14 /* home_xuzhiViewController.m */; };
		D2C9C334197E553B00925D14 /* result_paihang@2x.png in Resources */ = {isa = PBXBuildFile; fileRef = D2C9C331197E553B00925D14 /* result_paihang@2x.png */; };
		D2C9C335197E553B00925D14 /* result_chakan@2x.png in Resources */ = {isa = PBXBuildFile; fileRef = D2C9C332197E553B00925D14 /* result_chakan@2x.png */; };
		D2C9C336197E553B00925D14 /* result_tuichu@2x.png in Resources */ = {isa = PBXBuildFile; fileRef = D2C9C333197E553B00925D14 /* result_tuichu@2x.png */; };
		D2C9C339197E557B00925D14 /* Exam_resultViewController.m in Sources */ = {isa = PBXBuildFile; fileRef = D2C9C338197E557B00925D14 /* Exam_resultViewController.m */; };
		D2C9C33C197F677D00925D14 /* SevenSwitch.m in Sources */ = {isa = PBXBuildFile; fileRef = D2C9C33B197F677D00925D14 /* SevenSwitch.m */; };
		D2C9C33F197F694000925D14 /* switch_button@2x.png in Resources */ = {isa = PBXBuildFile; fileRef = D2C9C33D197F694000925D14 /* switch_button@2x.png */; };
		D2C9C340197F694000925D14 /* switch_bg@2x.png in Resources */ = {isa = PBXBuildFile; fileRef = D2C9C33E197F694000925D14 /* switch_bg@2x.png */; };
		D2C9C344197F6F1C00925D14 /* switch_off1@2x.png in Resources */ = {isa = PBXBuildFile; fileRef = D2C9C343197F6F1C00925D14 /* switch_off1@2x.png */; };
		D2C9C346197F729B00925D14 /* switch_on@2x.png in Resources */ = {isa = PBXBuildFile; fileRef = D2C9C345197F729B00925D14 /* switch_on@2x.png */; };
		D2C9C3481981FE5000925D14 /* 120-120.png in Resources */ = {isa = PBXBuildFile; fileRef = D2C9C3471981FE5000925D14 /* 120-120.png */; };
/* End PBXBuildFile section */

/* Begin PBXContainerItemProxy section */
		D2B646FC197A7CE30074F36B /* PBXContainerItemProxy */ = {
			isa = PBXContainerItemProxy;
			containerPortal = D2B646D4197A7CE30074F36B /* Project object */;
			proxyType = 1;
			remoteGlobalIDString = D2B646DB197A7CE30074F36B;
			remoteInfo = Mfeiji;
		};
/* End PBXContainerItemProxy section */

/* Begin PBXFileReference section */
		D20E6C1619AAD9A900169439 /* reg_kuang@2x.png */ = {isa = PBXFileReference; lastKnownFileType = image.png; path = "reg_kuang@2x.png"; sourceTree = "<group>"; };
		D20E6C1819AADA0200169439 /* reg_commit@2x.png */ = {isa = PBXFileReference; lastKnownFileType = image.png; path = "reg_commit@2x.png"; sourceTree = "<group>"; };
		D20E6C1A19AB06C100169439 /* reg_user@2x.png */ = {isa = PBXFileReference; lastKnownFileType = image.png; path = "reg_user@2x.png"; sourceTree = "<group>"; };
		D20E6C1C19AB25B000169439 /* Default1-568h@2x.png */ = {isa = PBXFileReference; lastKnownFileType = image.png; path = "Default1-568h@2x.png"; sourceTree = "<group>"; };
		D20E6F1E19AB332200169439 /* NSObject+SBJson.h */ = {isa = PBXFileReference; fileEncoding = 4; lastKnownFileType = sourcecode.c.h; path = "NSObject+SBJson.h"; sourceTree = "<group>"; };
		D20E6F1F19AB332200169439 /* NSObject+SBJson.m */ = {isa = PBXFileReference; fileEncoding = 4; lastKnownFileType = sourcecode.c.objc; path = "NSObject+SBJson.m"; sourceTree = "<group>"; };
		D20E6F2019AB332200169439 /* SBJson.h */ = {isa = PBXFileReference; fileEncoding = 4; lastKnownFileType = sourcecode.c.h; path = SBJson.h; sourceTree = "<group>"; };
		D20E6F2119AB332300169439 /* SBJsonParser.h */ = {isa = PBXFileReference; fileEncoding = 4; lastKnownFileType = sourcecode.c.h; path = SBJsonParser.h; sourceTree = "<group>"; };
		D20E6F2219AB332300169439 /* SBJsonParser.m */ = {isa = PBXFileReference; fileEncoding = 4; lastKnownFileType = sourcecode.c.objc; path = SBJsonParser.m; sourceTree = "<group>"; };
		D20E6F2319AB332300169439 /* SBJsonStreamParser.h */ = {isa = PBXFileReference; fileEncoding = 4; lastKnownFileType = sourcecode.c.h; path = SBJsonStreamParser.h; sourceTree = "<group>"; };
		D20E6F2419AB332300169439 /* SBJsonStreamParser.m */ = {isa = PBXFileReference; fileEncoding = 4; lastKnownFileType = sourcecode.c.objc; path = SBJsonStreamParser.m; sourceTree = "<group>"; };
		D20E6F2519AB332300169439 /* SBJsonStreamParserAccumulator.h */ = {isa = PBXFileReference; fileEncoding = 4; lastKnownFileType = sourcecode.c.h; path = SBJsonStreamParserAccumulator.h; sourceTree = "<group>"; };
		D20E6F2619AB332300169439 /* SBJsonStreamParserAccumulator.m */ = {isa = PBXFileReference; fileEncoding = 4; lastKnownFileType = sourcecode.c.objc; path = SBJsonStreamParserAccumulator.m; sourceTree = "<group>"; };
		D20E6F2719AB332300169439 /* SBJsonStreamParserAdapter.h */ = {isa = PBXFileReference; fileEncoding = 4; lastKnownFileType = sourcecode.c.h; path = SBJsonStreamParserAdapter.h; sourceTree = "<group>"; };
		D20E6F2819AB332300169439 /* SBJsonStreamParserAdapter.m */ = {isa = PBXFileReference; fileEncoding = 4; lastKnownFileType = sourcecode.c.objc; path = SBJsonStreamParserAdapter.m; sourceTree = "<group>"; };
		D20E6F2919AB332300169439 /* SBJsonStreamParserState.h */ = {isa = PBXFileReference; fileEncoding = 4; lastKnownFileType = sourcecode.c.h; path = SBJsonStreamParserState.h; sourceTree = "<group>"; };
		D20E6F2A19AB332300169439 /* SBJsonStreamParserState.m */ = {isa = PBXFileReference; fileEncoding = 4; lastKnownFileType = sourcecode.c.objc; path = SBJsonStreamParserState.m; sourceTree = "<group>"; };
		D20E6F2B19AB332300169439 /* SBJsonStreamWriter.h */ = {isa = PBXFileReference; fileEncoding = 4; lastKnownFileType = sourcecode.c.h; path = SBJsonStreamWriter.h; sourceTree = "<group>"; };
		D20E6F2C19AB332300169439 /* SBJsonStreamWriter.m */ = {isa = PBXFileReference; fileEncoding = 4; lastKnownFileType = sourcecode.c.objc; path = SBJsonStreamWriter.m; sourceTree = "<group>"; };
		D20E6F2D19AB332300169439 /* SBJsonStreamWriterAccumulator.h */ = {isa = PBXFileReference; fileEncoding = 4; lastKnownFileType = sourcecode.c.h; path = SBJsonStreamWriterAccumulator.h; sourceTree = "<group>"; };
		D20E6F2E19AB332300169439 /* SBJsonStreamWriterAccumulator.m */ = {isa = PBXFileReference; fileEncoding = 4; lastKnownFileType = sourcecode.c.objc; path = SBJsonStreamWriterAccumulator.m; sourceTree = "<group>"; };
		D20E6F2F19AB332300169439 /* SBJsonStreamWriterState.h */ = {isa = PBXFileReference; fileEncoding = 4; lastKnownFileType = sourcecode.c.h; path = SBJsonStreamWriterState.h; sourceTree = "<group>"; };
		D20E6F3019AB332300169439 /* SBJsonStreamWriterState.m */ = {isa = PBXFileReference; fileEncoding = 4; lastKnownFileType = sourcecode.c.objc; path = SBJsonStreamWriterState.m; sourceTree = "<group>"; };
		D20E6F3119AB332300169439 /* SBJsonTokeniser.h */ = {isa = PBXFileReference; fileEncoding = 4; lastKnownFileType = sourcecode.c.h; path = SBJsonTokeniser.h; sourceTree = "<group>"; };
		D20E6F3219AB332300169439 /* SBJsonTokeniser.m */ = {isa = PBXFileReference; fileEncoding = 4; lastKnownFileType = sourcecode.c.objc; path = SBJsonTokeniser.m; sourceTree = "<group>"; };
		D20E6F3319AB332300169439 /* SBJsonUTF8Stream.h */ = {isa = PBXFileReference; fileEncoding = 4; lastKnownFileType = sourcecode.c.h; path = SBJsonUTF8Stream.h; sourceTree = "<group>"; };
		D20E6F3419AB332300169439 /* SBJsonUTF8Stream.m */ = {isa = PBXFileReference; fileEncoding = 4; lastKnownFileType = sourcecode.c.objc; path = SBJsonUTF8Stream.m; sourceTree = "<group>"; };
		D20E6F3519AB332300169439 /* SBJsonWriter.h */ = {isa = PBXFileReference; fileEncoding = 4; lastKnownFileType = sourcecode.c.h; path = SBJsonWriter.h; sourceTree = "<group>"; };
		D20E6F3619AB332300169439 /* SBJsonWriter.m */ = {isa = PBXFileReference; fileEncoding = 4; lastKnownFileType = sourcecode.c.objc; path = SBJsonWriter.m; sourceTree = "<group>"; };
		D2394921198623C500975C27 /* self_setPageViewController.h */ = {isa = PBXFileReference; fileEncoding = 4; lastKnownFileType = sourcecode.c.h; path = self_setPageViewController.h; sourceTree = "<group>"; };
		D2394922198623C500975C27 /* self_setPageViewController.m */ = {isa = PBXFileReference; fileEncoding = 4; lastKnownFileType = sourcecode.c.objc; path = self_setPageViewController.m; sourceTree = "<group>"; };
		D239492419877E9500975C27 /* Default1@2x.png */ = {isa = PBXFileReference; lastKnownFileType = image.png; path = "Default1@2x.png"; sourceTree = "<group>"; };
		D2394933198F4B5300975C27 /* public_head@2x.png */ = {isa = PBXFileReference; lastKnownFileType = image.png; path = "public_head@2x.png"; sourceTree = "<group>"; };
		D26816ED198F746000161A03 /* my_xiugai@2x.png */ = {isa = PBXFileReference; lastKnownFileType = image.png; name = "my_xiugai@2x.png"; path = "../my_xiugai@2x.png"; sourceTree = "<group>"; };
		D26816EF198F756B00161A03 /* my_baidi@2x.png */ = {isa = PBXFileReference; lastKnownFileType = image.png; name = "my_baidi@2x.png"; path = "../my_baidi@2x.png"; sourceTree = "<group>"; };
		D26816F4198F775200161A03 /* M_regViewController.h */ = {isa = PBXFileReference; fileEncoding = 4; lastKnownFileType = sourcecode.c.h; path = M_regViewController.h; sourceTree = "<group>"; };
		D26816F5198F775200161A03 /* M_regViewController.m */ = {isa = PBXFileReference; fileEncoding = 4; lastKnownFileType = sourcecode.c.objc; path = M_regViewController.m; sourceTree = "<group>"; };
		D26816FC1990B3E200161A03 /* M_public.h */ = {isa = PBXFileReference; fileEncoding = 4; lastKnownFileType = sourcecode.c.h; path = M_public.h; sourceTree = "<group>"; };
		D26816FD1990B3E200161A03 /* M_public.m */ = {isa = PBXFileReference; fileEncoding = 4; lastKnownFileType = sourcecode.c.objc; path = M_public.m; sourceTree = "<group>"; };
		D26817001990B4C500161A03 /* libWeChatSDK.a */ = {isa = PBXFileReference; lastKnownFileType = archive.ar; path = libWeChatSDK.a; sourceTree = "<group>"; };
		D26817011990B4C500161A03 /* WXApi.h */ = {isa = PBXFileReference; fileEncoding = 4; lastKnownFileType = sourcecode.c.h; path = WXApi.h; sourceTree = "<group>"; };
		D26817021990B4C500161A03 /* WXApiObject.h */ = {isa = PBXFileReference; fileEncoding = 4; lastKnownFileType = sourcecode.c.h; path = WXApiObject.h; sourceTree = "<group>"; };
		D2855937197BCBC800F49779 /* exam@2x.png */ = {isa = PBXFileReference; lastKnownFileType = image.png; path = "exam@2x.png"; sourceTree = "<group>"; };
		D2855939197BCC3600F49779 /* home@2x.png */ = {isa = PBXFileReference; lastKnownFileType = image.png; path = "home@2x.png"; sourceTree = "<group>"; };
		D285593B197BCCB300F49779 /* topR@2x.png */ = {isa = PBXFileReference; lastKnownFileType = image.png; name = "topR@2x.png"; path = "主页/topR@2x.png"; sourceTree = "<group>"; };
		D285593D197BCDCA00F49779 /* hui_bg@2x.png */ = {isa = PBXFileReference; lastKnownFileType = image.png; name = "hui_bg@2x.png"; path = "主页/hui_bg@2x.png"; sourceTree = "<group>"; };
		D2855941197BD00000F49779 /* liuyan_jianyi@2x.png */ = {isa = PBXFileReference; lastKnownFileType = image.png; path = "liuyan_jianyi@2x.png"; sourceTree = "<group>"; };
		D2855942197BD00000F49779 /* liuyan_tijiao@2x.png */ = {isa = PBXFileReference; lastKnownFileType = image.png; path = "liuyan_tijiao@2x.png"; sourceTree = "<group>"; };
		D2855948197C1BD600F49779 /* home_3@2x.png */ = {isa = PBXFileReference; lastKnownFileType = image.png; path = "home_3@2x.png"; sourceTree = "<group>"; };
		D285594A197C1BDD00F49779 /* home_2@2x.png */ = {isa = PBXFileReference; lastKnownFileType = image.png; path = "home_2@2x.png"; sourceTree = "<group>"; };
		D285594C197C1C2200F49779 /* home_0@2x.png */ = {isa = PBXFileReference; lastKnownFileType = image.png; path = "home_0@2x.png"; sourceTree = "<group>"; };
		D285594E197C1CA700F49779 /* home_1@2x.png */ = {isa = PBXFileReference; lastKnownFileType = image.png; path = "home_1@2x.png"; sourceTree = "<group>"; };
		D2855950197C1DE200F49779 /* liuyanban@2x.png */ = {isa = PBXFileReference; lastKnownFileType = image.png; path = "liuyanban@2x.png"; sourceTree = "<group>"; };
		D2855957197CA5DD00F49779 /* home_back@2x.png */ = {isa = PBXFileReference; lastKnownFileType = image.png; path = "home_back@2x.png"; sourceTree = "<group>"; };
		D2855959197CA8FD00F49779 /* my_baikuang@2x.png */ = {isa = PBXFileReference; lastKnownFileType = image.png; name = "my_baikuang@2x.png"; path = "../my_baikuang@2x.png"; sourceTree = "<group>"; };
		D285595B197CA8FD00F49779 /* my_quan@2x.png */ = {isa = PBXFileReference; lastKnownFileType = image.png; name = "my_quan@2x.png"; path = "../my_quan@2x.png"; sourceTree = "<group>"; };
		D285595C197CA8FD00F49779 /* home_back@2x.png */ = {isa = PBXFileReference; lastKnownFileType = image.png; name = "home_back@2x.png"; path = "../home_back@2x.png"; sourceTree = "<group>"; };
		D2AC8CA019A5E4DD0080ABCC /* xuzhi.plist */ = {isa = PBXFileReference; fileEncoding = 4; lastKnownFileType = text.plist.xml; path = xuzhi.plist; sourceTree = "<group>"; };
		D2B41EA119B429B4006AD282 /* AFHTTPRequestOperation.h */ = {isa = PBXFileReference; fileEncoding = 4; lastKnownFileType = sourcecode.c.h; path = AFHTTPRequestOperation.h; sourceTree = "<group>"; };
		D2B41EA219B429B4006AD282 /* AFHTTPRequestOperation.m */ = {isa = PBXFileReference; fileEncoding = 4; lastKnownFileType = sourcecode.c.objc; path = AFHTTPRequestOperation.m; sourceTree = "<group>"; };
		D2B41EA319B429B4006AD282 /* AFHTTPRequestOperationManager.h */ = {isa = PBXFileReference; fileEncoding = 4; lastKnownFileType = sourcecode.c.h; path = AFHTTPRequestOperationManager.h; sourceTree = "<group>"; };
		D2B41EA419B429B4006AD282 /* AFHTTPRequestOperationManager.m */ = {isa = PBXFileReference; fileEncoding = 4; lastKnownFileType = sourcecode.c.objc; path = AFHTTPRequestOperationManager.m; sourceTree = "<group>"; };
		D2B41EA519B429B4006AD282 /* AFHTTPSessionManager.h */ = {isa = PBXFileReference; fileEncoding = 4; lastKnownFileType = sourcecode.c.h; path = AFHTTPSessionManager.h; sourceTree = "<group>"; };
		D2B41EA619B429B4006AD282 /* AFHTTPSessionManager.m */ = {isa = PBXFileReference; fileEncoding = 4; lastKnownFileType = sourcecode.c.objc; path = AFHTTPSessionManager.m; sourceTree = "<group>"; };
		D2B41EA719B429B4006AD282 /* AFNetworking.h */ = {isa = PBXFileReference; fileEncoding = 4; lastKnownFileType = sourcecode.c.h; path = AFNetworking.h; sourceTree = "<group>"; };
		D2B41EA819B429B4006AD282 /* AFNetworkReachabilityManager.h */ = {isa = PBXFileReference; fileEncoding = 4; lastKnownFileType = sourcecode.c.h; path = AFNetworkReachabilityManager.h; sourceTree = "<group>"; };
		D2B41EA919B429B4006AD282 /* AFNetworkReachabilityManager.m */ = {isa = PBXFileReference; fileEncoding = 4; lastKnownFileType = sourcecode.c.objc; path = AFNetworkReachabilityManager.m; sourceTree = "<group>"; };
		D2B41EAA19B429B4006AD282 /* AFSecurityPolicy.h */ = {isa = PBXFileReference; fileEncoding = 4; lastKnownFileType = sourcecode.c.h; path = AFSecurityPolicy.h; sourceTree = "<group>"; };
		D2B41EAB19B429B4006AD282 /* AFSecurityPolicy.m */ = {isa = PBXFileReference; fileEncoding = 4; lastKnownFileType = sourcecode.c.objc; path = AFSecurityPolicy.m; sourceTree = "<group>"; };
		D2B41EAC19B429B4006AD282 /* AFURLConnectionOperation.h */ = {isa = PBXFileReference; fileEncoding = 4; lastKnownFileType = sourcecode.c.h; path = AFURLConnectionOperation.h; sourceTree = "<group>"; };
		D2B41EAD19B429B4006AD282 /* AFURLConnectionOperation.m */ = {isa = PBXFileReference; fileEncoding = 4; lastKnownFileType = sourcecode.c.objc; path = AFURLConnectionOperation.m; sourceTree = "<group>"; };
		D2B41EAE19B429B4006AD282 /* AFURLRequestSerialization.h */ = {isa = PBXFileReference; fileEncoding = 4; lastKnownFileType = sourcecode.c.h; path = AFURLRequestSerialization.h; sourceTree = "<group>"; };
		D2B41EAF19B429B4006AD282 /* AFURLRequestSerialization.m */ = {isa = PBXFileReference; fileEncoding = 4; lastKnownFileType = sourcecode.c.objc; path = AFURLRequestSerialization.m; sourceTree = "<group>"; };
		D2B41EB019B429B4006AD282 /* AFURLResponseSerialization.h */ = {isa = PBXFileReference; fileEncoding = 4; lastKnownFileType = sourcecode.c.h; path = AFURLResponseSerialization.h; sourceTree = "<group>"; };
		D2B41EB119B429B4006AD282 /* AFURLResponseSerialization.m */ = {isa = PBXFileReference; fileEncoding = 4; lastKnownFileType = sourcecode.c.objc; path = AFURLResponseSerialization.m; sourceTree = "<group>"; };
		D2B41EB219B429B4006AD282 /* AFURLSessionManager.h */ = {isa = PBXFileReference; fileEncoding = 4; lastKnownFileType = sourcecode.c.h; path = AFURLSessionManager.h; sourceTree = "<group>"; };
		D2B41EB319B429B4006AD282 /* AFURLSessionManager.m */ = {isa = PBXFileReference; fileEncoding = 4; lastKnownFileType = sourcecode.c.objc; path = AFURLSessionManager.m; sourceTree = "<group>"; };
		D2B41EBE19B43604006AD282 /* MBProgressHUD.h */ = {isa = PBXFileReference; fileEncoding = 4; lastKnownFileType = sourcecode.c.h; path = MBProgressHUD.h; sourceTree = "<group>"; };
		D2B41EBF19B43604006AD282 /* MBProgressHUD.m */ = {isa = PBXFileReference; fileEncoding = 4; lastKnownFileType = sourcecode.c.objc; path = MBProgressHUD.m; sourceTree = "<group>"; };
		D2B491DA197BC1220080D4AC /* start_Bt@2x.png */ = {isa = PBXFileReference; lastKnownFileType = image.png; path = "start_Bt@2x.png"; sourceTree = "<group>"; };
		D2B491DC197BC22D0080D4AC /* lanDi@2x.png */ = {isa = PBXFileReference; lastKnownFileType = image.png; name = "lanDi@2x.png"; path = "主页/lanDi@2x.png"; sourceTree = "<group>"; };
		D2B4B84A19AC348D00F82D95 /* publicRequest.h */ = {isa = PBXFileReference; fileEncoding = 4; lastKnownFileType = sourcecode.c.h; path = publicRequest.h; sourceTree = "<group>"; };
		D2B4B84B19AC348D00F82D95 /* publicRequest.m */ = {isa = PBXFileReference; fileEncoding = 4; lastKnownFileType = sourcecode.c.objc; path = publicRequest.m; sourceTree = "<group>"; };
		D2B646DC197A7CE30074F36B /* Mfeiji.app */ = {isa = PBXFileReference; explicitFileType = wrapper.application; includeInIndex = 0; path = Mfeiji.app; sourceTree = BUILT_PRODUCTS_DIR; };
		D2B646DF197A7CE30074F36B /* Foundation.framework */ = {isa = PBXFileReference; lastKnownFileType = wrapper.framework; name = Foundation.framework; path = System/Library/Frameworks/Foundation.framework; sourceTree = SDKROOT; };
		D2B646E1197A7CE30074F36B /* CoreGraphics.framework */ = {isa = PBXFileReference; lastKnownFileType = wrapper.framework; name = CoreGraphics.framework; path = System/Library/Frameworks/CoreGraphics.framework; sourceTree = SDKROOT; };
		D2B646E3197A7CE30074F36B /* UIKit.framework */ = {isa = PBXFileReference; lastKnownFileType = wrapper.framework; name = UIKit.framework; path = System/Library/Frameworks/UIKit.framework; sourceTree = SDKROOT; };
		D2B646E7197A7CE30074F36B /* Mfeiji-Info.plist */ = {isa = PBXFileReference; lastKnownFileType = text.plist.xml; path = "Mfeiji-Info.plist"; sourceTree = "<group>"; };
		D2B646E9197A7CE30074F36B /* en */ = {isa = PBXFileReference; lastKnownFileType = text.plist.strings; name = en; path = en.lproj/InfoPlist.strings; sourceTree = "<group>"; };
		D2B646EB197A7CE30074F36B /* main.m */ = {isa = PBXFileReference; lastKnownFileType = sourcecode.c.objc; path = main.m; sourceTree = "<group>"; };
		D2B646ED197A7CE30074F36B /* Mfeiji-Prefix.pch */ = {isa = PBXFileReference; lastKnownFileType = sourcecode.c.h; path = "Mfeiji-Prefix.pch"; sourceTree = "<group>"; };
		D2B646EE197A7CE30074F36B /* AppDelegate.h */ = {isa = PBXFileReference; lastKnownFileType = sourcecode.c.h; path = AppDelegate.h; sourceTree = "<group>"; };
		D2B646EF197A7CE30074F36B /* AppDelegate.m */ = {isa = PBXFileReference; lastKnownFileType = sourcecode.c.objc; path = AppDelegate.m; sourceTree = "<group>"; };
		D2B646F1197A7CE30074F36B /* Images.xcassets */ = {isa = PBXFileReference; lastKnownFileType = folder.assetcatalog; path = Images.xcassets; sourceTree = "<group>"; };
		D2B646F7197A7CE30074F36B /* MfeijiTests.xctest */ = {isa = PBXFileReference; explicitFileType = wrapper.cfbundle; includeInIndex = 0; path = MfeijiTests.xctest; sourceTree = BUILT_PRODUCTS_DIR; };
		D2B646F8197A7CE30074F36B /* XCTest.framework */ = {isa = PBXFileReference; lastKnownFileType = wrapper.framework; name = XCTest.framework; path = Library/Frameworks/XCTest.framework; sourceTree = DEVELOPER_DIR; };
		D2B64700197A7CE30074F36B /* MfeijiTests-Info.plist */ = {isa = PBXFileReference; lastKnownFileType = text.plist.xml; path = "MfeijiTests-Info.plist"; sourceTree = "<group>"; };
		D2B64702197A7CE30074F36B /* en */ = {isa = PBXFileReference; lastKnownFileType = text.plist.strings; name = en; path = en.lproj/InfoPlist.strings; sourceTree = "<group>"; };
		D2B64704197A7CE30074F36B /* MfeijiTests.m */ = {isa = PBXFileReference; lastKnownFileType = sourcecode.c.objc; path = MfeijiTests.m; sourceTree = "<group>"; };
		D2B64710197A7E7F0074F36B /* M_homeViewController.h */ = {isa = PBXFileReference; fileEncoding = 4; lastKnownFileType = sourcecode.c.h; name = M_homeViewController.h; path = ../Mfeiji/M_homeViewController.h; sourceTree = "<group>"; };
		D2B64711197A7E7F0074F36B /* M_homeViewController.m */ = {isa = PBXFileReference; fileEncoding = 4; lastKnownFileType = sourcecode.c.objc; name = M_homeViewController.m; path = ../Mfeiji/M_homeViewController.m; sourceTree = "<group>"; };
		D2B64713197A7E9F0074F36B /* M_examViewController.h */ = {isa = PBXFileReference; fileEncoding = 4; lastKnownFileType = sourcecode.c.h; name = M_examViewController.h; path = Mfeiji/M_examViewController.h; sourceTree = "<group>"; };
		D2B64714197A7E9F0074F36B /* M_examViewController.m */ = {isa = PBXFileReference; fileEncoding = 4; lastKnownFileType = sourcecode.c.objc; name = M_examViewController.m; path = Mfeiji/M_examViewController.m; sourceTree = "<group>"; };
		D2B64716197A7EB20074F36B /* M_selfViewController.h */ = {isa = PBXFileReference; fileEncoding = 4; lastKnownFileType = sourcecode.c.h; name = M_selfViewController.h; path = Mfeiji/M_selfViewController.h; sourceTree = "<group>"; };
		D2B64717197A7EB20074F36B /* M_selfViewController.m */ = {isa = PBXFileReference; fileEncoding = 4; lastKnownFileType = sourcecode.c.objc; name = M_selfViewController.m; path = Mfeiji/M_selfViewController.m; sourceTree = "<group>"; };
		D2B64719197A7EE50074F36B /* M_messageViewController.h */ = {isa = PBXFileReference; fileEncoding = 4; lastKnownFileType = sourcecode.c.h; name = M_messageViewController.h; path = ../M_messageViewController.h; sourceTree = "<group>"; };
		D2B6471A197A7EE50074F36B /* M_messageViewController.m */ = {isa = PBXFileReference; fileEncoding = 4; lastKnownFileType = sourcecode.c.objc; name = M_messageViewController.m; path = ../M_messageViewController.m; sourceTree = "<group>"; };
		D2B6471C197A7EF20074F36B /* M_setViewController.h */ = {isa = PBXFileReference; fileEncoding = 4; lastKnownFileType = sourcecode.c.h; path = M_setViewController.h; sourceTree = "<group>"; };
		D2B6471D197A7EF20074F36B /* M_setViewController.m */ = {isa = PBXFileReference; fileEncoding = 4; lastKnownFileType = sourcecode.c.objc; path = M_setViewController.m; sourceTree = "<group>"; };
		D2B64749197AC5E70074F36B /* liuyan@2x.png */ = {isa = PBXFileReference; lastKnownFileType = image.png; path = "liuyan@2x.png"; sourceTree = "<group>"; };
		D2B6474B197AC5E70074F36B /* my@2x.png */ = {isa = PBXFileReference; lastKnownFileType = image.png; path = "my@2x.png"; sourceTree = "<group>"; };
		D2B6474E197AC5E70074F36B /* set@2x.png */ = {isa = PBXFileReference; lastKnownFileType = image.png; path = "set@2x.png"; sourceTree = "<group>"; };
		D2C9C2F5197CC43200925D14 /* set_shang@2x.png */ = {isa = PBXFileReference; lastKnownFileType = image.png; name = "set_shang@2x.png"; path = "../set_shang@2x.png"; sourceTree = "<group>"; };
		D2C9C2F6197CC43200925D14 /* set_di@2x.png */ = {isa = PBXFileReference; lastKnownFileType = image.png; name = "set_di@2x.png"; path = "../set_di@2x.png"; sourceTree = "<group>"; };
		D2C9C2F9197CD00C00925D14 /* exam_user@2x.png */ = {isa = PBXFileReference; lastKnownFileType = image.png; path = "exam_user@2x.png"; sourceTree = "<group>"; };
		D2C9C2FA197CD00C00925D14 /* exam_pwd@2x.png */ = {isa = PBXFileReference; lastKnownFileType = image.png; path = "exam_pwd@2x.png"; sourceTree = "<group>"; };
		D2C9C2FB197CD00C00925D14 /* exam_circle@2x.png */ = {isa = PBXFileReference; lastKnownFileType = image.png; path = "exam_circle@2x.png"; sourceTree = "<group>"; };
		D2C9C2FC197CD00C00925D14 /* exam_start@2x.png */ = {isa = PBXFileReference; lastKnownFileType = image.png; path = "exam_start@2x.png"; sourceTree = "<group>"; };
		D2C9C2FD197CD00C00925D14 /* exam_woyaozhuce@2x.png */ = {isa = PBXFileReference; lastKnownFileType = image.png; path = "exam_woyaozhuce@2x.png"; sourceTree = "<group>"; };
		D2C9C2FE197CD00C00925D14 /* exam_budenglu@2x.png */ = {isa = PBXFileReference; lastKnownFileType = image.png; path = "exam_budenglu@2x.png"; sourceTree = "<group>"; };
		D2C9C305197CD01900925D14 /* exam_circle1@2x.png */ = {isa = PBXFileReference; lastKnownFileType = image.png; path = "exam_circle1@2x.png"; sourceTree = "<group>"; };
		D2C9C306197CD01900925D14 /* exam_bg@2x.png */ = {isa = PBXFileReference; lastKnownFileType = image.png; path = "exam_bg@2x.png"; sourceTree = "<group>"; };
		D2C9C307197CD01900925D14 /* public_home@2x.png */ = {isa = PBXFileReference; lastKnownFileType = image.png; path = "public_home@2x.png"; sourceTree = "<group>"; };
		D2C9C30B197CE6F200925D14 /* home_lan1@2x.png */ = {isa = PBXFileReference; lastKnownFileType = image.png; path = "home_lan1@2x.png"; sourceTree = "<group>"; };
		D2C9C30C197CE6F200925D14 /* home_lan3@2x.png */ = {isa = PBXFileReference; lastKnownFileType = image.png; path = "home_lan3@2x.png"; sourceTree = "<group>"; };
		D2C9C30D197CE6F200925D14 /* home_lan4@2x.png */ = {isa = PBXFileReference; lastKnownFileType = image.png; path = "home_lan4@2x.png"; sourceTree = "<group>"; };
		D2C9C30E197CE6F200925D14 /* home_lan2@2x.png */ = {isa = PBXFileReference; lastKnownFileType = image.png; path = "home_lan2@2x.png"; sourceTree = "<group>"; };
		D2C9C315197CE9A400925D14 /* home_plan@2x.png */ = {isa = PBXFileReference; lastKnownFileType = image.png; path = "home_plan@2x.png"; sourceTree = "<group>"; };
		D2C9C317197E00E400925D14 /* Exam_testViewController.h */ = {isa = PBXFileReference; fileEncoding = 4; lastKnownFileType = sourcecode.c.h; path = Exam_testViewController.h; sourceTree = "<group>"; };
		D2C9C318197E00E400925D14 /* Exam_testViewController.m */ = {isa = PBXFileReference; fileEncoding = 4; lastKnownFileType = sourcecode.c.objc; path = Exam_testViewController.m; sourceTree = "<group>"; };
		D2C9C31C197E17FE00925D14 /* start2@2x.png */ = {isa = PBXFileReference; lastKnownFileType = image.png; path = "start2@2x.png"; sourceTree = "<group>"; };
		D2C9C31F197E188900925D14 /* test_weizuo@2x.png */ = {isa = PBXFileReference; lastKnownFileType = image.png; path = "test_weizuo@2x.png"; sourceTree = "<group>"; };
		D2C9C320197E188900925D14 /* test_left@2x.png */ = {isa = PBXFileReference; lastKnownFileType = image.png; path = "test_left@2x.png"; sourceTree = "<group>"; };
		D2C9C321197E188900925D14 /* test_Bt@2x.png */ = {isa = PBXFileReference; lastKnownFileType = image.png; path = "test_Bt@2x.png"; sourceTree = "<group>"; };
		D2C9C322197E188900925D14 /* test_Bt1@2x.png */ = {isa = PBXFileReference; lastKnownFileType = image.png; path = "test_Bt1@2x.png"; sourceTree = "<group>"; };
		D2C9C323197E188900925D14 /* test_next@2x.png */ = {isa = PBXFileReference; lastKnownFileType = image.png; path = "test_next@2x.png"; sourceTree = "<group>"; };
		D2C9C324197E188900925D14 /* test_lan@2x.png */ = {isa = PBXFileReference; lastKnownFileType = image.png; path = "test_lan@2x.png"; sourceTree = "<group>"; };
		D2C9C325197E188900925D14 /* test_commit@2x.png */ = {isa = PBXFileReference; lastKnownFileType = image.png; path = "test_commit@2x.png"; sourceTree = "<group>"; };
		D2C9C32E197E370E00925D14 /* home_xuzhiViewController.h */ = {isa = PBXFileReference; fileEncoding = 4; lastKnownFileType = sourcecode.c.h; path = home_xuzhiViewController.h; sourceTree = "<group>"; };
		D2C9C32F197E370E00925D14 /* home_xuzhiViewController.m */ = {isa = PBXFileReference; fileEncoding = 4; lastKnownFileType = sourcecode.c.objc; path = home_xuzhiViewController.m; sourceTree = "<group>"; };
		D2C9C331197E553B00925D14 /* result_paihang@2x.png */ = {isa = PBXFileReference; lastKnownFileType = image.png; path = "result_paihang@2x.png"; sourceTree = "<group>"; };
		D2C9C332197E553B00925D14 /* result_chakan@2x.png */ = {isa = PBXFileReference; lastKnownFileType = image.png; path = "result_chakan@2x.png"; sourceTree = "<group>"; };
		D2C9C333197E553B00925D14 /* result_tuichu@2x.png */ = {isa = PBXFileReference; lastKnownFileType = image.png; path = "result_tuichu@2x.png"; sourceTree = "<group>"; };
		D2C9C337197E557B00925D14 /* Exam_resultViewController.h */ = {isa = PBXFileReference; fileEncoding = 4; lastKnownFileType = sourcecode.c.h; path = Exam_resultViewController.h; sourceTree = "<group>"; };
		D2C9C338197E557B00925D14 /* Exam_resultViewController.m */ = {isa = PBXFileReference; fileEncoding = 4; lastKnownFileType = sourcecode.c.objc; path = Exam_resultViewController.m; sourceTree = "<group>"; };
		D2C9C33A197F677D00925D14 /* SevenSwitch.h */ = {isa = PBXFileReference; fileEncoding = 4; lastKnownFileType = sourcecode.c.h; path = SevenSwitch.h; sourceTree = "<group>"; };
		D2C9C33B197F677D00925D14 /* SevenSwitch.m */ = {isa = PBXFileReference; fileEncoding = 4; lastKnownFileType = sourcecode.c.objc; path = SevenSwitch.m; sourceTree = "<group>"; };
		D2C9C33D197F694000925D14 /* switch_button@2x.png */ = {isa = PBXFileReference; lastKnownFileType = image.png; name = "switch_button@2x.png"; path = "../switch_button@2x.png"; sourceTree = "<group>"; };
		D2C9C33E197F694000925D14 /* switch_bg@2x.png */ = {isa = PBXFileReference; lastKnownFileType = image.png; name = "switch_bg@2x.png"; path = "../switch_bg@2x.png"; sourceTree = "<group>"; };
		D2C9C343197F6F1C00925D14 /* switch_off1@2x.png */ = {isa = PBXFileReference; lastKnownFileType = image.png; name = "switch_off1@2x.png"; path = "../switch_off1@2x.png"; sourceTree = "<group>"; };
		D2C9C345197F729B00925D14 /* switch_on@2x.png */ = {isa = PBXFileReference; lastKnownFileType = image.png; name = "switch_on@2x.png"; path = "../switch_on@2x.png"; sourceTree = "<group>"; };
		D2C9C3471981FE5000925D14 /* 120-120.png */ = {isa = PBXFileReference; lastKnownFileType = image.png; path = "120-120.png"; sourceTree = "<group>"; };
/* End PBXFileReference section */

/* Begin PBXFrameworksBuildPhase section */
		D2B646D9197A7CE30074F36B /* Frameworks */ = {
			isa = PBXFrameworksBuildPhase;
			buildActionMask = 2147483647;
			files = (
				D2B646E2197A7CE30074F36B /* CoreGraphics.framework in Frameworks */,
				D2B646E4197A7CE30074F36B /* UIKit.framework in Frameworks */,
				D26817031990B4C500161A03 /* libWeChatSDK.a in Frameworks */,
				D2B646E0197A7CE30074F36B /* Foundation.framework in Frameworks */,
			);
			runOnlyForDeploymentPostprocessing = 0;
		};
		D2B646F4197A7CE30074F36B /* Frameworks */ = {
			isa = PBXFrameworksBuildPhase;
			buildActionMask = 2147483647;
			files = (
				D2B646F9197A7CE30074F36B /* XCTest.framework in Frameworks */,
				D2B646FB197A7CE30074F36B /* UIKit.framework in Frameworks */,
				D2B646FA197A7CE30074F36B /* Foundation.framework in Frameworks */,
			);
			runOnlyForDeploymentPostprocessing = 0;
		};
/* End PBXFrameworksBuildPhase section */

/* Begin PBXGroup section */
		D20E6F1D19AB332200169439 /* json */ = {
			isa = PBXGroup;
			children = (
				D20E6F1E19AB332200169439 /* NSObject+SBJson.h */,
				D20E6F1F19AB332200169439 /* NSObject+SBJson.m */,
				D20E6F2019AB332200169439 /* SBJson.h */,
				D20E6F2119AB332300169439 /* SBJsonParser.h */,
				D20E6F2219AB332300169439 /* SBJsonParser.m */,
				D20E6F2319AB332300169439 /* SBJsonStreamParser.h */,
				D20E6F2419AB332300169439 /* SBJsonStreamParser.m */,
				D20E6F2519AB332300169439 /* SBJsonStreamParserAccumulator.h */,
				D20E6F2619AB332300169439 /* SBJsonStreamParserAccumulator.m */,
				D20E6F2719AB332300169439 /* SBJsonStreamParserAdapter.h */,
				D20E6F2819AB332300169439 /* SBJsonStreamParserAdapter.m */,
				D20E6F2919AB332300169439 /* SBJsonStreamParserState.h */,
				D20E6F2A19AB332300169439 /* SBJsonStreamParserState.m */,
				D20E6F2B19AB332300169439 /* SBJsonStreamWriter.h */,
				D20E6F2C19AB332300169439 /* SBJsonStreamWriter.m */,
				D20E6F2D19AB332300169439 /* SBJsonStreamWriterAccumulator.h */,
				D20E6F2E19AB332300169439 /* SBJsonStreamWriterAccumulator.m */,
				D20E6F2F19AB332300169439 /* SBJsonStreamWriterState.h */,
				D20E6F3019AB332300169439 /* SBJsonStreamWriterState.m */,
				D20E6F3119AB332300169439 /* SBJsonTokeniser.h */,
				D20E6F3219AB332300169439 /* SBJsonTokeniser.m */,
				D20E6F3319AB332300169439 /* SBJsonUTF8Stream.h */,
				D20E6F3419AB332300169439 /* SBJsonUTF8Stream.m */,
				D20E6F3519AB332300169439 /* SBJsonWriter.h */,
				D20E6F3619AB332300169439 /* SBJsonWriter.m */,
			);
			path = json;
			sourceTree = "<group>";
		};
		D21FE931198F6D38008C2045 /* 注册 */ = {
			isa = PBXGroup;
			children = (
				D20E6C1619AAD9A900169439 /* reg_kuang@2x.png */,
				D20E6C1819AADA0200169439 /* reg_commit@2x.png */,
				D20E6C1A19AB06C100169439 /* reg_user@2x.png */,
				D26816F4198F775200161A03 /* M_regViewController.h */,
				D26816F5198F775200161A03 /* M_regViewController.m */,
			);
			path = "注册";
			sourceTree = "<group>";
		};
		D239492C198A339900975C27 /* 分享 */ = {
			isa = PBXGroup;
			children = (
				D26816FC1990B3E200161A03 /* M_public.h */,
				D26816FD1990B3E200161A03 /* M_public.m */,
			);
			name = "分享";
			path = ../Mfeiji/fenxiang;
			sourceTree = "<group>";
		};
		D26816FF1990B4C500161A03 /* WeiXin */ = {
			isa = PBXGroup;
			children = (
				D26817001990B4C500161A03 /* libWeChatSDK.a */,
				D26817011990B4C500161A03 /* WXApi.h */,
				D26817021990B4C500161A03 /* WXApiObject.h */,
			);
			name = WeiXin;
			path = ../WeiXin;
			sourceTree = "<group>";
		};
		D26817041990BC0400161A03 /* 第三方、pubulic */ = {
			isa = PBXGroup;
			children = (
				D2B41EBD19B43604006AD282 /* MBProgressHUD */,
				D2B41EA019B429B4006AD282 /* AFNetworking */,
				D2B4B84A19AC348D00F82D95 /* publicRequest.h */,
				D2B4B84B19AC348D00F82D95 /* publicRequest.m */,
				D239492C198A339900975C27 /* 分享 */,
				D20E6F1D19AB332200169439 /* json */,
				D26816FF1990B4C500161A03 /* WeiXin */,
			);
			name = "第三方、pubulic";
			path = "第三方";
			sourceTree = "<group>";
		};
		D285593F197BD00000F49779 /* 留言 */ = {
			isa = PBXGroup;
			children = (
				D2855950197C1DE200F49779 /* liuyanban@2x.png */,
				D2855941197BD00000F49779 /* liuyan_jianyi@2x.png */,
				D2855942197BD00000F49779 /* liuyan_tijiao@2x.png */,
				D2B64719197A7EE50074F36B /* M_messageViewController.h */,
				D2B6471A197A7EE50074F36B /* M_messageViewController.m */,
			);
			name = "留言";
			path = liuyan;
			sourceTree = "<group>";
		};
		D2855954197C23DE00F49779 /* publicImage */ = {
			isa = PBXGroup;
			children = (
				D2B491D7197BC1000080D4AC /* 引导页 */,
				D2394933198F4B5300975C27 /* public_head@2x.png */,
				D2B491DC197BC22D0080D4AC /* lanDi@2x.png */,
				D285593D197BCDCA00F49779 /* hui_bg@2x.png */,
				D2C9C307197CD01900925D14 /* public_home@2x.png */,
				D285593B197BCCB300F49779 /* topR@2x.png */,
			);
			name = publicImage;
			sourceTree = "<group>";
		};
		D2855955197C242B00F49779 /* mySelf */ = {
			isa = PBXGroup;
			children = (
				D2B4B84919AC336200F82D95 /* my_images */,
				D2B64716197A7EB20074F36B /* M_selfViewController.h */,
				D2B64717197A7EB20074F36B /* M_selfViewController.m */,
				D2394921198623C500975C27 /* self_setPageViewController.h */,
				D2394922198623C500975C27 /* self_setPageViewController.m */,
			);
			name = mySelf;
			path = ..;
			sourceTree = "<group>";
		};
		D2855956197C24D200F49779 /* 考试 */ = {
			isa = PBXGroup;
			children = (
				D2C9C31E197E186E00925D14 /* exam_images */,
				D2B64713197A7E9F0074F36B /* M_examViewController.h */,
				D2B64714197A7E9F0074F36B /* M_examViewController.m */,
				D2C9C317197E00E400925D14 /* Exam_testViewController.h */,
				D2C9C318197E00E400925D14 /* Exam_testViewController.m */,
				D2C9C337197E557B00925D14 /* Exam_resultViewController.h */,
				D2C9C338197E557B00925D14 /* Exam_resultViewController.m */,
			);
			name = "考试";
			path = ..;
			sourceTree = "<group>";
		};
		D2B41EA019B429B4006AD282 /* AFNetworking */ = {
			isa = PBXGroup;
			children = (
				D2B41EA119B429B4006AD282 /* AFHTTPRequestOperation.h */,
				D2B41EA219B429B4006AD282 /* AFHTTPRequestOperation.m */,
				D2B41EA319B429B4006AD282 /* AFHTTPRequestOperationManager.h */,
				D2B41EA419B429B4006AD282 /* AFHTTPRequestOperationManager.m */,
				D2B41EA519B429B4006AD282 /* AFHTTPSessionManager.h */,
				D2B41EA619B429B4006AD282 /* AFHTTPSessionManager.m */,
				D2B41EA719B429B4006AD282 /* AFNetworking.h */,
				D2B41EA819B429B4006AD282 /* AFNetworkReachabilityManager.h */,
				D2B41EA919B429B4006AD282 /* AFNetworkReachabilityManager.m */,
				D2B41EAA19B429B4006AD282 /* AFSecurityPolicy.h */,
				D2B41EAB19B429B4006AD282 /* AFSecurityPolicy.m */,
				D2B41EAC19B429B4006AD282 /* AFURLConnectionOperation.h */,
				D2B41EAD19B429B4006AD282 /* AFURLConnectionOperation.m */,
				D2B41EAE19B429B4006AD282 /* AFURLRequestSerialization.h */,
				D2B41EAF19B429B4006AD282 /* AFURLRequestSerialization.m */,
				D2B41EB019B429B4006AD282 /* AFURLResponseSerialization.h */,
				D2B41EB119B429B4006AD282 /* AFURLResponseSerialization.m */,
				D2B41EB219B429B4006AD282 /* AFURLSessionManager.h */,
				D2B41EB319B429B4006AD282 /* AFURLSessionManager.m */,
			);
			path = AFNetworking;
			sourceTree = "<group>";
		};
		D2B41EBD19B43604006AD282 /* MBProgressHUD */ = {
			isa = PBXGroup;
			children = (
				D2B41EBE19B43604006AD282 /* MBProgressHUD.h */,
				D2B41EBF19B43604006AD282 /* MBProgressHUD.m */,
			);
			path = MBProgressHUD;
			sourceTree = "<group>";
		};
		D2B491D7197BC1000080D4AC /* 引导页 */ = {
			isa = PBXGroup;
			children = (
				D239492419877E9500975C27 /* Default1@2x.png */,
				D2B491DA197BC1220080D4AC /* start_Bt@2x.png */,
				D2C9C31C197E17FE00925D14 /* start2@2x.png */,
			);
			name = "引导页";
			sourceTree = "<group>";
		};
		D2B4B84819AC333300F82D95 /* set_images */ = {
			isa = PBXGroup;
			children = (
				D2C9C2F6197CC43200925D14 /* set_di@2x.png */,
				D2C9C33D197F694000925D14 /* switch_button@2x.png */,
				D2C9C33E197F694000925D14 /* switch_bg@2x.png */,
				D2C9C345197F729B00925D14 /* switch_on@2x.png */,
				D2C9C343197F6F1C00925D14 /* switch_off1@2x.png */,
				D2C9C2F5197CC43200925D14 /* set_shang@2x.png */,
			);
			path = set_images;
			sourceTree = "<group>";
		};
		D2B4B84919AC336200F82D95 /* my_images */ = {
			isa = PBXGroup;
			children = (
				D26816EF198F756B00161A03 /* my_baidi@2x.png */,
				D2855959197CA8FD00F49779 /* my_baikuang@2x.png */,
				D26816ED198F746000161A03 /* my_xiugai@2x.png */,
				D285595B197CA8FD00F49779 /* my_quan@2x.png */,
				D285595C197CA8FD00F49779 /* home_back@2x.png */,
			);
			path = my_images;
			sourceTree = "<group>";
		};
		D2B646D3197A7CE30074F36B = {
			isa = PBXGroup;
			children = (
				D20E6C1C19AB25B000169439 /* Default1-568h@2x.png */,
				D2AC8CA019A5E4DD0080ABCC /* xuzhi.plist */,
				D2C9C3471981FE5000925D14 /* 120-120.png */,
				D26817041990BC0400161A03 /* 第三方、pubulic */,
				D2855954197C23DE00F49779 /* publicImage */,
				D2B646E5197A7CE30074F36B /* Mfeiji */,
				D2B646FE197A7CE30074F36B /* MfeijiTests */,
				D2B646DE197A7CE30074F36B /* Frameworks */,
				D2B646DD197A7CE30074F36B /* Products */,
			);
			sourceTree = "<group>";
		};
		D2B646DD197A7CE30074F36B /* Products */ = {
			isa = PBXGroup;
			children = (
				D2B646DC197A7CE30074F36B /* Mfeiji.app */,
				D2B646F7197A7CE30074F36B /* MfeijiTests.xctest */,
			);
			name = Products;
			sourceTree = "<group>";
		};
		D2B646DE197A7CE30074F36B /* Frameworks */ = {
			isa = PBXGroup;
			children = (
				D2B646DF197A7CE30074F36B /* Foundation.framework */,
				D2B646E1197A7CE30074F36B /* CoreGraphics.framework */,
				D2B646E3197A7CE30074F36B /* UIKit.framework */,
				D2B646F8197A7CE30074F36B /* XCTest.framework */,
			);
			name = Frameworks;
			sourceTree = "<group>";
		};
		D2B646E5197A7CE30074F36B /* Mfeiji */ = {
			isa = PBXGroup;
			children = (
				D21FE931198F6D38008C2045 /* 注册 */,
				D2C9C2F4197CC08300925D14 /* 设置 */,
				D2855955197C242B00F49779 /* mySelf */,
				D2B64741197AC5E70074F36B /* 主页 */,
				D285593F197BD00000F49779 /* 留言 */,
				D2855956197C24D200F49779 /* 考试 */,
				D2B646EE197A7CE30074F36B /* AppDelegate.h */,
				D2B646EF197A7CE30074F36B /* AppDelegate.m */,
				D2B646F1197A7CE30074F36B /* Images.xcassets */,
				D2B646E6197A7CE30074F36B /* Supporting Files */,
			);
			path = Mfeiji;
			sourceTree = "<group>";
		};
		D2B646E6197A7CE30074F36B /* Supporting Files */ = {
			isa = PBXGroup;
			children = (
				D2B646E7197A7CE30074F36B /* Mfeiji-Info.plist */,
				D2B646E8197A7CE30074F36B /* InfoPlist.strings */,
				D2B646EB197A7CE30074F36B /* main.m */,
				D2B646ED197A7CE30074F36B /* Mfeiji-Prefix.pch */,
			);
			name = "Supporting Files";
			sourceTree = "<group>";
		};
		D2B646FE197A7CE30074F36B /* MfeijiTests */ = {
			isa = PBXGroup;
			children = (
				D2B64704197A7CE30074F36B /* MfeijiTests.m */,
				D2B646FF197A7CE30074F36B /* Supporting Files */,
			);
			path = MfeijiTests;
			sourceTree = "<group>";
		};
		D2B646FF197A7CE30074F36B /* Supporting Files */ = {
			isa = PBXGroup;
			children = (
				D2B64700197A7CE30074F36B /* MfeijiTests-Info.plist */,
				D2B64701197A7CE30074F36B /* InfoPlist.strings */,
			);
			name = "Supporting Files";
			sourceTree = "<group>";
		};
		D2B64741197AC5E70074F36B /* 主页 */ = {
			isa = PBXGroup;
			children = (
				D2C9C32D197E36D100925D14 /* home_images */,
				D2B64710197A7E7F0074F36B /* M_homeViewController.h */,
				D2B64711197A7E7F0074F36B /* M_homeViewController.m */,
				D2C9C32E197E370E00925D14 /* home_xuzhiViewController.h */,
				D2C9C32F197E370E00925D14 /* home_xuzhiViewController.m */,
			);
			name = "主页";
			path = "../主页";
			sourceTree = "<group>";
		};
		D2C9C2F4197CC08300925D14 /* 设置 */ = {
			isa = PBXGroup;
			children = (
				D2B4B84819AC333300F82D95 /* set_images */,
				D2C9C33A197F677D00925D14 /* SevenSwitch.h */,
				D2C9C33B197F677D00925D14 /* SevenSwitch.m */,
				D2B6471C197A7EF20074F36B /* M_setViewController.h */,
				D2B6471D197A7EF20074F36B /* M_setViewController.m */,
			);
			name = "设置";
			sourceTree = "<group>";
		};
		D2C9C31E197E186E00925D14 /* exam_images */ = {
			isa = PBXGroup;
			children = (
				D2C9C2FB197CD00C00925D14 /* exam_circle@2x.png */,
				D2C9C305197CD01900925D14 /* exam_circle1@2x.png */,
				D2C9C306197CD01900925D14 /* exam_bg@2x.png */,
				D2C9C2F9197CD00C00925D14 /* exam_user@2x.png */,
				D2C9C2FA197CD00C00925D14 /* exam_pwd@2x.png */,
				D2C9C2FC197CD00C00925D14 /* exam_start@2x.png */,
				D2C9C2FD197CD00C00925D14 /* exam_woyaozhuce@2x.png */,
				D2C9C2FE197CD00C00925D14 /* exam_budenglu@2x.png */,
				D2C9C31F197E188900925D14 /* test_weizuo@2x.png */,
				D2C9C320197E188900925D14 /* test_left@2x.png */,
				D2C9C321197E188900925D14 /* test_Bt@2x.png */,
				D2C9C322197E188900925D14 /* test_Bt1@2x.png */,
				D2C9C323197E188900925D14 /* test_next@2x.png */,
				D2C9C324197E188900925D14 /* test_lan@2x.png */,
				D2C9C325197E188900925D14 /* test_commit@2x.png */,
				D2C9C331197E553B00925D14 /* result_paihang@2x.png */,
				D2C9C332197E553B00925D14 /* result_chakan@2x.png */,
				D2C9C333197E553B00925D14 /* result_tuichu@2x.png */,
			);
			name = exam_images;
			sourceTree = "<group>";
		};
		D2C9C32D197E36D100925D14 /* home_images */ = {
			isa = PBXGroup;
			children = (
				D2C9C315197CE9A400925D14 /* home_plan@2x.png */,
				D2C9C30B197CE6F200925D14 /* home_lan1@2x.png */,
				D2C9C30E197CE6F200925D14 /* home_lan2@2x.png */,
				D2C9C30C197CE6F200925D14 /* home_lan3@2x.png */,
				D2C9C30D197CE6F200925D14 /* home_lan4@2x.png */,
				D285594C197C1C2200F49779 /* home_0@2x.png */,
				D285594E197C1CA700F49779 /* home_1@2x.png */,
				D285594A197C1BDD00F49779 /* home_2@2x.png */,
				D2855948197C1BD600F49779 /* home_3@2x.png */,
				D2855939197BCC3600F49779 /* home@2x.png */,
				D2855937197BCBC800F49779 /* exam@2x.png */,
				D2B64749197AC5E70074F36B /* liuyan@2x.png */,
				D2B6474B197AC5E70074F36B /* my@2x.png */,
				D2B6474E197AC5E70074F36B /* set@2x.png */,
				D2855957197CA5DD00F49779 /* home_back@2x.png */,
			);
			name = home_images;
			sourceTree = "<group>";
		};
/* End PBXGroup section */

/* Begin PBXNativeTarget section */
		D2B646DB197A7CE30074F36B /* Mfeiji */ = {
			isa = PBXNativeTarget;
			buildConfigurationList = D2B64708197A7CE30074F36B /* Build configuration list for PBXNativeTarget "Mfeiji" */;
			buildPhases = (
				D2B646D8197A7CE30074F36B /* Sources */,
				D2B646D9197A7CE30074F36B /* Frameworks */,
				D2B646DA197A7CE30074F36B /* Resources */,
			);
			buildRules = (
			);
			dependencies = (
			);
			name = Mfeiji;
			productName = Mfeiji;
			productReference = D2B646DC197A7CE30074F36B /* Mfeiji.app */;
			productType = "com.apple.product-type.application";
		};
		D2B646F6197A7CE30074F36B /* MfeijiTests */ = {
			isa = PBXNativeTarget;
			buildConfigurationList = D2B6470B197A7CE30074F36B /* Build configuration list for PBXNativeTarget "MfeijiTests" */;
			buildPhases = (
				D2B646F3197A7CE30074F36B /* Sources */,
				D2B646F4197A7CE30074F36B /* Frameworks */,
				D2B646F5197A7CE30074F36B /* Resources */,
			);
			buildRules = (
			);
			dependencies = (
				D2B646FD197A7CE30074F36B /* PBXTargetDependency */,
			);
			name = MfeijiTests;
			productName = MfeijiTests;
			productReference = D2B646F7197A7CE30074F36B /* MfeijiTests.xctest */;
			productType = "com.apple.product-type.bundle.unit-test";
		};
/* End PBXNativeTarget section */

/* Begin PBXProject section */
		D2B646D4197A7CE30074F36B /* Project object */ = {
			isa = PBXProject;
			attributes = {
				LastUpgradeCheck = 0510;
				ORGANIZATIONNAME = susu;
				TargetAttributes = {
					D2B646F6197A7CE30074F36B = {
						TestTargetID = D2B646DB197A7CE30074F36B;
					};
				};
			};
			buildConfigurationList = D2B646D7197A7CE30074F36B /* Build configuration list for PBXProject "Mfeiji" */;
			compatibilityVersion = "Xcode 3.2";
			developmentRegion = English;
			hasScannedForEncodings = 0;
			knownRegions = (
				en,
			);
			mainGroup = D2B646D3197A7CE30074F36B;
			productRefGroup = D2B646DD197A7CE30074F36B /* Products */;
			projectDirPath = "";
			projectRoot = "";
			targets = (
				D2B646DB197A7CE30074F36B /* Mfeiji */,
				D2B646F6197A7CE30074F36B /* MfeijiTests */,
			);
		};
/* End PBXProject section */

/* Begin PBXResourcesBuildPhase section */
		D2B646DA197A7CE30074F36B /* Resources */ = {
			isa = PBXResourcesBuildPhase;
			buildActionMask = 2147483647;
			files = (
				D20E6C1919AADA0200169439 /* reg_commit@2x.png in Resources */,
				D2855951197C1DE200F49779 /* liuyanban@2x.png in Resources */,
				D2C9C304197CD00C00925D14 /* exam_budenglu@2x.png in Resources */,
				D2C9C329197E188900925D14 /* test_Bt1@2x.png in Resources */,
				D2C9C32C197E188900925D14 /* test_commit@2x.png in Resources */,
				D285595D197CA8FD00F49779 /* my_baikuang@2x.png in Resources */,
				D2C9C2F8197CC43200925D14 /* set_di@2x.png in Resources */,
				D2C9C301197CD00C00925D14 /* exam_circle@2x.png in Resources */,
				D2B646EA197A7CE30074F36B /* InfoPlist.strings in Resources */,
				D2855949197C1BD600F49779 /* home_3@2x.png in Resources */,
				D2C9C32A197E188900925D14 /* test_next@2x.png in Resources */,
				D2855960197CA8FD00F49779 /* home_back@2x.png in Resources */,
				D2C9C30A197CD01900925D14 /* public_home@2x.png in Resources */,
				D2C9C328197E188900925D14 /* test_Bt@2x.png in Resources */,
				D285594D197C1C2200F49779 /* home_0@2x.png in Resources */,
				D285595F197CA8FD00F49779 /* my_quan@2x.png in Resources */,
				D2C9C302197CD00C00925D14 /* exam_start@2x.png in Resources */,
				D2C9C2F7197CC43200925D14 /* set_shang@2x.png in Resources */,
				D2C9C31D197E17FE00925D14 /* start2@2x.png in Resources */,
				D2C9C346197F729B00925D14 /* switch_on@2x.png in Resources */,
				D2C9C327197E188900925D14 /* test_left@2x.png in Resources */,
				D2C9C310197CE6F200925D14 /* home_lan3@2x.png in Resources */,
				D2B6475D197AC5E70074F36B /* set@2x.png in Resources */,
				D2C9C334197E553B00925D14 /* result_paihang@2x.png in Resources */,
				D2C9C336197E553B00925D14 /* result_tuichu@2x.png in Resources */,
				D2855958197CA5DD00F49779 /* home_back@2x.png in Resources */,
				D2C9C316197CE9A400925D14 /* home_plan@2x.png in Resources */,
				D2C9C312197CE6F200925D14 /* home_lan2@2x.png in Resources */,
				D2855944197BD00000F49779 /* liuyan_jianyi@2x.png in Resources */,
				D26816F0198F756B00161A03 /* my_baidi@2x.png in Resources */,
				D285593A197BCC3600F49779 /* home@2x.png in Resources */,
				D26816EE198F746000161A03 /* my_xiugai@2x.png in Resources */,
				D2C9C32B197E188900925D14 /* test_lan@2x.png in Resources */,
				D2C9C308197CD01900925D14 /* exam_circle1@2x.png in Resources */,
				D2B491DB197BC1220080D4AC /* start_Bt@2x.png in Resources */,
				D2C9C311197CE6F200925D14 /* home_lan4@2x.png in Resources */,
				D2B491DD197BC22D0080D4AC /* lanDi@2x.png in Resources */,
				D2C9C300197CD00C00925D14 /* exam_pwd@2x.png in Resources */,
				D2C9C30F197CE6F200925D14 /* home_lan1@2x.png in Resources */,
				D2394934198F4B5300975C27 /* public_head@2x.png in Resources */,
				D2C9C303197CD00C00925D14 /* exam_woyaozhuce@2x.png in Resources */,
				D2C9C340197F694000925D14 /* switch_bg@2x.png in Resources */,
				D2C9C33F197F694000925D14 /* switch_button@2x.png in Resources */,
				D2B64758197AC5E70074F36B /* liuyan@2x.png in Resources */,
				D239492519877E9500975C27 /* Default1@2x.png in Resources */,
				D285593E197BCDCA00F49779 /* hui_bg@2x.png in Resources */,
				D2C9C335197E553B00925D14 /* result_chakan@2x.png in Resources */,
				D2B6475A197AC5E70074F36B /* my@2x.png in Resources */,
				D2C9C344197F6F1C00925D14 /* switch_off1@2x.png in Resources */,
				D2C9C2FF197CD00C00925D14 /* exam_user@2x.png in Resources */,
				D2C9C3481981FE5000925D14 /* 120-120.png in Resources */,
				D285593C197BCCB300F49779 /* topR@2x.png in Resources */,
				D2AC8CA119A5E4DD0080ABCC /* xuzhi.plist in Resources */,
				D20E6C1D19AB25B000169439 /* Default1-568h@2x.png in Resources */,
				D285594F197C1CA700F49779 /* home_1@2x.png in Resources */,
				D2C9C326197E188900925D14 /* test_weizuo@2x.png in Resources */,
				D285594B197C1BDD00F49779 /* home_2@2x.png in Resources */,
				D2855945197BD00000F49779 /* liuyan_tijiao@2x.png in Resources */,
				D20E6C1719AAD9A900169439 /* reg_kuang@2x.png in Resources */,
				D2B646F2197A7CE30074F36B /* Images.xcassets in Resources */,
				D2C9C309197CD01900925D14 /* exam_bg@2x.png in Resources */,
				D20E6C1B19AB06C100169439 /* reg_user@2x.png in Resources */,
				D2855938197BCBC800F49779 /* exam@2x.png in Resources */,
			);
			runOnlyForDeploymentPostprocessing = 0;
		};
		D2B646F5197A7CE30074F36B /* Resources */ = {
			isa = PBXResourcesBuildPhase;
			buildActionMask = 2147483647;
			files = (
				D2B64703197A7CE30074F36B /* InfoPlist.strings in Resources */,
			);
			runOnlyForDeploymentPostprocessing = 0;
		};
/* End PBXResourcesBuildPhase section */

/* Begin PBXSourcesBuildPhase section */
		D2B646D8197A7CE30074F36B /* Sources */ = {
			isa = PBXSourcesBuildPhase;
			buildActionMask = 2147483647;
			files = (
				D2B4B84C19AC348D00F82D95 /* publicRequest.m in Sources */,
				D2B41EB719B429B4006AD282 /* AFNetworkReachabilityManager.m in Sources */,
				D2C9C339197E557B00925D14 /* Exam_resultViewController.m in Sources */,
				D20E6F4219AB332300169439 /* SBJsonWriter.m in Sources */,
				D26816F6198F775200161A03 /* M_regViewController.m in Sources */,
				D20E6F3A19AB332300169439 /* SBJsonStreamParserAccumulator.m in Sources */,
				D2C9C33C197F677D00925D14 /* SevenSwitch.m in Sources */,
				D20E6F3D19AB332300169439 /* SBJsonStreamWriter.m in Sources */,
				D2B64712197A7E7F0074F36B /* M_homeViewController.m in Sources */,
				D2B41EBC19B429B4006AD282 /* AFURLSessionManager.m in Sources */,
				D20E6F3B19AB332300169439 /* SBJsonStreamParserAdapter.m in Sources */,
				D2B6471E197A7EF20074F36B /* M_setViewController.m in Sources */,
				D20E6F3E19AB332300169439 /* SBJsonStreamWriterAccumulator.m in Sources */,
				D20E6F3819AB332300169439 /* SBJsonParser.m in Sources */,
				D2B64718197A7EB20074F36B /* M_selfViewController.m in Sources */,
				D20E6F3F19AB332300169439 /* SBJsonStreamWriterState.m in Sources */,
				D26816FE1990B3E200161A03 /* M_public.m in Sources */,
				D20E6F3919AB332300169439 /* SBJsonStreamParser.m in Sources */,
				D2B646F0197A7CE30074F36B /* AppDelegate.m in Sources */,
				D2C9C330197E370E00925D14 /* home_xuzhiViewController.m in Sources */,
				D2B41EBB19B429B4006AD282 /* AFURLResponseSerialization.m in Sources */,
				D20E6F3C19AB332300169439 /* SBJsonStreamParserState.m in Sources */,
				D2B41EC019B43604006AD282 /* MBProgressHUD.m in Sources */,
				D2B646EC197A7CE30074F36B /* main.m in Sources */,
				D2B41EB419B429B4006AD282 /* AFHTTPRequestOperation.m in Sources */,
				D2B41EB919B429B4006AD282 /* AFURLConnectionOperation.m in Sources */,
				D2B41EB519B429B4006AD282 /* AFHTTPRequestOperationManager.m in Sources */,
				D2394923198623C500975C27 /* self_setPageViewController.m in Sources */,
				D2C9C319197E00E400925D14 /* Exam_testViewController.m in Sources */,
				D2B6471B197A7EE50074F36B /* M_messageViewController.m in Sources */,
				D20E6F3719AB332300169439 /* NSObject+SBJson.m in Sources */,
				D2B64715197A7E9F0074F36B /* M_examViewController.m in Sources */,
				D2B41EBA19B429B4006AD282 /* AFURLRequestSerialization.m in Sources */,
				D2B41EB819B429B4006AD282 /* AFSecurityPolicy.m in Sources */,
				D2B41EB619B429B4006AD282 /* AFHTTPSessionManager.m in Sources */,
				D20E6F4119AB332300169439 /* SBJsonUTF8Stream.m in Sources */,
				D20E6F4019AB332300169439 /* SBJsonTokeniser.m in Sources */,
			);
			runOnlyForDeploymentPostprocessing = 0;
		};
		D2B646F3197A7CE30074F36B /* Sources */ = {
			isa = PBXSourcesBuildPhase;
			buildActionMask = 2147483647;
			files = (
				D2B64705197A7CE30074F36B /* MfeijiTests.m in Sources */,
			);
			runOnlyForDeploymentPostprocessing = 0;
		};
/* End PBXSourcesBuildPhase section */

/* Begin PBXTargetDependency section */
		D2B646FD197A7CE30074F36B /* PBXTargetDependency */ = {
			isa = PBXTargetDependency;
			target = D2B646DB197A7CE30074F36B /* Mfeiji */;
			targetProxy = D2B646FC197A7CE30074F36B /* PBXContainerItemProxy */;
		};
/* End PBXTargetDependency section */

/* Begin PBXVariantGroup section */
		D2B646E8197A7CE30074F36B /* InfoPlist.strings */ = {
			isa = PBXVariantGroup;
			children = (
				D2B646E9197A7CE30074F36B /* en */,
			);
			name = InfoPlist.strings;
			sourceTree = "<group>";
		};
		D2B64701197A7CE30074F36B /* InfoPlist.strings */ = {
			isa = PBXVariantGroup;
			children = (
				D2B64702197A7CE30074F36B /* en */,
			);
			name = InfoPlist.strings;
			sourceTree = "<group>";
		};
/* End PBXVariantGroup section */

/* Begin XCBuildConfiguration section */
		D2B64706197A7CE30074F36B /* Debug */ = {
			isa = XCBuildConfiguration;
			buildSettings = {
				ALWAYS_SEARCH_USER_PATHS = NO;
				CLANG_CXX_LANGUAGE_STANDARD = "gnu++0x";
				CLANG_CXX_LIBRARY = "libc++";
				CLANG_ENABLE_MODULES = YES;
				CLANG_ENABLE_OBJC_ARC = YES;
				CLANG_WARN_BOOL_CONVERSION = YES;
				CLANG_WARN_CONSTANT_CONVERSION = YES;
				CLANG_WARN_DIRECT_OBJC_ISA_USAGE = YES_ERROR;
				CLANG_WARN_EMPTY_BODY = YES;
				CLANG_WARN_ENUM_CONVERSION = YES;
				CLANG_WARN_INT_CONVERSION = YES;
				CLANG_WARN_OBJC_ROOT_CLASS = YES_ERROR;
				CLANG_WARN__DUPLICATE_METHOD_MATCH = YES;
				"CODE_SIGN_IDENTITY[sdk=iphoneos*]" = "iPhone Developer";
				COPY_PHASE_STRIP = NO;
				GCC_C_LANGUAGE_STANDARD = gnu99;
				GCC_DYNAMIC_NO_PIC = NO;
				GCC_OPTIMIZATION_LEVEL = 0;
				GCC_PREPROCESSOR_DEFINITIONS = (
					"DEBUG=1",
					"$(inherited)",
				);
				GCC_SYMBOLS_PRIVATE_EXTERN = NO;
				GCC_WARN_64_TO_32_BIT_CONVERSION = YES;
				GCC_WARN_ABOUT_RETURN_TYPE = YES_ERROR;
				GCC_WARN_UNDECLARED_SELECTOR = YES;
				GCC_WARN_UNINITIALIZED_AUTOS = YES_AGGRESSIVE;
				GCC_WARN_UNUSED_FUNCTION = YES;
				GCC_WARN_UNUSED_VARIABLE = YES;
				IPHONEOS_DEPLOYMENT_TARGET = 7.1;
				ONLY_ACTIVE_ARCH = YES;
				SDKROOT = iphoneos;
			};
			name = Debug;
		};
		D2B64707197A7CE30074F36B /* Release */ = {
			isa = XCBuildConfiguration;
			buildSettings = {
				ALWAYS_SEARCH_USER_PATHS = NO;
				CLANG_CXX_LANGUAGE_STANDARD = "gnu++0x";
				CLANG_CXX_LIBRARY = "libc++";
				CLANG_ENABLE_MODULES = YES;
				CLANG_ENABLE_OBJC_ARC = YES;
				CLANG_WARN_BOOL_CONVERSION = YES;
				CLANG_WARN_CONSTANT_CONVERSION = YES;
				CLANG_WARN_DIRECT_OBJC_ISA_USAGE = YES_ERROR;
				CLANG_WARN_EMPTY_BODY = YES;
				CLANG_WARN_ENUM_CONVERSION = YES;
				CLANG_WARN_INT_CONVERSION = YES;
				CLANG_WARN_OBJC_ROOT_CLASS = YES_ERROR;
				CLANG_WARN__DUPLICATE_METHOD_MATCH = YES;
				"CODE_SIGN_IDENTITY[sdk=iphoneos*]" = "iPhone Developer";
				COPY_PHASE_STRIP = YES;
				ENABLE_NS_ASSERTIONS = NO;
				GCC_C_LANGUAGE_STANDARD = gnu99;
				GCC_WARN_64_TO_32_BIT_CONVERSION = YES;
				GCC_WARN_ABOUT_RETURN_TYPE = YES_ERROR;
				GCC_WARN_UNDECLARED_SELECTOR = YES;
				GCC_WARN_UNINITIALIZED_AUTOS = YES_AGGRESSIVE;
				GCC_WARN_UNUSED_FUNCTION = YES;
				GCC_WARN_UNUSED_VARIABLE = YES;
				IPHONEOS_DEPLOYMENT_TARGET = 7.1;
				SDKROOT = iphoneos;
				VALIDATE_PRODUCT = YES;
			};
			name = Release;
		};
		D2B64709197A7CE30074F36B /* Debug */ = {
			isa = XCBuildConfiguration;
			buildSettings = {
				GCC_PRECOMPILE_PREFIX_HEADER = YES;
				GCC_PREFIX_HEADER = "Mfeiji/Mfeiji-Prefix.pch";
				INFOPLIST_FILE = "Mfeiji/Mfeiji-Info.plist";
				LIBRARY_SEARCH_PATHS = (
					"$(inherited)",
					"$(PROJECT_DIR)/WeiXin",
				);
				PRODUCT_NAME = "$(TARGET_NAME)";
				WRAPPER_EXTENSION = app;
			};
			name = Debug;
		};
		D2B6470A197A7CE30074F36B /* Release */ = {
			isa = XCBuildConfiguration;
			buildSettings = {
				GCC_PRECOMPILE_PREFIX_HEADER = YES;
				GCC_PREFIX_HEADER = "Mfeiji/Mfeiji-Prefix.pch";
				INFOPLIST_FILE = "Mfeiji/Mfeiji-Info.plist";
				LIBRARY_SEARCH_PATHS = (
					"$(inherited)",
					"$(PROJECT_DIR)/WeiXin",
				);
				PRODUCT_NAME = "$(TARGET_NAME)";
				WRAPPER_EXTENSION = app;
			};
			name = Release;
		};
		D2B6470C197A7CE30074F36B /* Debug */ = {
			isa = XCBuildConfiguration;
			buildSettings = {
				BUNDLE_LOADER = "$(BUILT_PRODUCTS_DIR)/Mfeiji.app/Mfeiji";
				FRAMEWORK_SEARCH_PATHS = (
					"$(SDKROOT)/Developer/Library/Frameworks",
					"$(inherited)",
					"$(DEVELOPER_FRAMEWORKS_DIR)",
				);
				GCC_PRECOMPILE_PREFIX_HEADER = YES;
				GCC_PREFIX_HEADER = "Mfeiji/Mfeiji-Prefix.pch";
				GCC_PREPROCESSOR_DEFINITIONS = (
					"DEBUG=1",
					"$(inherited)",
				);
				INFOPLIST_FILE = "MfeijiTests/MfeijiTests-Info.plist";
				PRODUCT_NAME = "$(TARGET_NAME)";
				TEST_HOST = "$(BUNDLE_LOADER)";
				WRAPPER_EXTENSION = xctest;
			};
			name = Debug;
		};
		D2B6470D197A7CE30074F36B /* Release */ = {
			isa = XCBuildConfiguration;
			buildSettings = {
				BUNDLE_LOADER = "$(BUILT_PRODUCTS_DIR)/Mfeiji.app/Mfeiji";
				FRAMEWORK_SEARCH_PATHS = (
					"$(SDKROOT)/Developer/Library/Frameworks",
					"$(inherited)",
					"$(DEVELOPER_FRAMEWORKS_DIR)",
				);
				GCC_PRECOMPILE_PREFIX_HEADER = YES;
				GCC_PREFIX_HEADER = "Mfeiji/Mfeiji-Prefix.pch";
				INFOPLIST_FILE = "MfeijiTests/MfeijiTests-Info.plist";
				PRODUCT_NAME = "$(TARGET_NAME)";
				TEST_HOST = "$(BUNDLE_LOADER)";
				WRAPPER_EXTENSION = xctest;
			};
			name = Release;
		};
/* End XCBuildConfiguration section */

/* Begin XCConfigurationList section */
		D2B646D7197A7CE30074F36B /* Build configuration list for PBXProject "Mfeiji" */ = {
			isa = XCConfigurationList;
			buildConfigurations = (
				D2B64706197A7CE30074F36B /* Debug */,
				D2B64707197A7CE30074F36B /* Release */,
			);
			defaultConfigurationIsVisible = 0;
			defaultConfigurationName = Release;
		};
		D2B64708197A7CE30074F36B /* Build configuration list for PBXNativeTarget "Mfeiji" */ = {
			isa = XCConfigurationList;
			buildConfigurations = (
				D2B64709197A7CE30074F36B /* Debug */,
				D2B6470A197A7CE30074F36B /* Release */,
			);
			defaultConfigurationIsVisible = 0;
			defaultConfigurationName = Release;
		};
		D2B6470B197A7CE30074F36B /* Build configuration list for PBXNativeTarget "MfeijiTests" */ = {
			isa = XCConfigurationList;
			buildConfigurations = (
				D2B6470C197A7CE30074F36B /* Debug */,
				D2B6470D197A7CE30074F36B /* Release */,
			);
			defaultConfigurationIsVisible = 0;
			defaultConfigurationName = Release;
		};
/* End XCConfigurationList section */
	};
	rootObject = D2B646D4197A7CE30074F36B /* Project object */;
}
