// !$*UTF8*$!
{
	archiveVersion = 1;
	classes = {
	};
	objectVersion = 46;
	objects = {

/* Begin PBXBuildFile section */
		D20E6C1719AAD9A900169439 /* reg_kuang@2x.png in Resources */ = {isa = PBXBuildFile; fileRef = D20E6C1619AAD9A900169439 /* reg_kuang@2x.png */; };
		D20E6C1919AADA0200169439 /* reg_commit@2x.png in Resources */ = {isa = PBXBuildFile; fileRef = D20E6C1819AADA0200169439 /* reg_commit@2x.png */; };
		D20E6C1B19AB06C100169439 /* reg_user@2x.png in Resources */ = {isa = PBXBuildFile; fileRef = D20E6C1A19AB06C100169439 /* reg_user@2x.png */; };
		D2394934198F4B5300975C27 /* public_head@2x.png in Resources */ = {isa = PBXBuildFile; fileRef = D2394933198F4B5300975C27 /* public_head@2x.png */; };
		D26816F6198F775200161A03 /* M_regViewController.m in Sources */ = {isa = PBXBuildFile; fileRef = D26816F5198F775200161A03 /* M_regViewController.m */; };
		D26816FE1990B3E200161A03 /* M_public.m in Sources */ = {isa = PBXBuildFile; fileRef = D26816FD1990B3E200161A03 /* M_public.m */; };
		D26817031990B4C500161A03 /* libWeChatSDK.a in Frameworks */ = {isa = PBXBuildFile; fileRef = D26817001990B4C500161A03 /* libWeChatSDK.a */; };
		D27B717E19B9977F001201B9 /* ImageSizeManager.m in Sources */ = {isa = PBXBuildFile; fileRef = D27B717D19B9977F001201B9 /* ImageSizeManager.m */; };
		D27B719D19B9A129001201B9 /* MKAnnotationView+WebCache.m in Sources */ = {isa = PBXBuildFile; fileRef = D27B718119B9A129001201B9 /* MKAnnotationView+WebCache.m */; };
		D27B719E19B9A129001201B9 /* NSData+ImageContentType.m in Sources */ = {isa = PBXBuildFile; fileRef = D27B718319B9A129001201B9 /* NSData+ImageContentType.m */; };
		D27B719F19B9A129001201B9 /* SDImageCache.m in Sources */ = {isa = PBXBuildFile; fileRef = D27B718519B9A129001201B9 /* SDImageCache.m */; };
		D27B71A019B9A129001201B9 /* SDWebImageCompat.m in Sources */ = {isa = PBXBuildFile; fileRef = D27B718719B9A129001201B9 /* SDWebImageCompat.m */; };
		D27B71A119B9A129001201B9 /* SDWebImageDecoder.m in Sources */ = {isa = PBXBuildFile; fileRef = D27B718919B9A129001201B9 /* SDWebImageDecoder.m */; };
		D27B71A219B9A129001201B9 /* SDWebImageDownloader.m in Sources */ = {isa = PBXBuildFile; fileRef = D27B718B19B9A129001201B9 /* SDWebImageDownloader.m */; };
		D27B71A319B9A129001201B9 /* SDWebImageDownloaderOperation.m in Sources */ = {isa = PBXBuildFile; fileRef = D27B718D19B9A129001201B9 /* SDWebImageDownloaderOperation.m */; };
		D27B71A419B9A129001201B9 /* SDWebImageManager.m in Sources */ = {isa = PBXBuildFile; fileRef = D27B718F19B9A129001201B9 /* SDWebImageManager.m */; };
		D27B71A519B9A129001201B9 /* SDWebImagePrefetcher.m in Sources */ = {isa = PBXBuildFile; fileRef = D27B719219B9A129001201B9 /* SDWebImagePrefetcher.m */; };
		D27B71A619B9A129001201B9 /* UIButton+WebCache.m in Sources */ = {isa = PBXBuildFile; fileRef = D27B719419B9A129001201B9 /* UIButton+WebCache.m */; };
		D27B71A719B9A129001201B9 /* UIImage+GIF.m in Sources */ = {isa = PBXBuildFile; fileRef = D27B719619B9A129001201B9 /* UIImage+GIF.m */; };
		D27B71A819B9A129001201B9 /* UIImage+MultiFormat.m in Sources */ = {isa = PBXBuildFile; fileRef = D27B719819B9A129001201B9 /* UIImage+MultiFormat.m */; };
		D27B71A919B9A129001201B9 /* UIImage+WebP.m in Sources */ = {isa = PBXBuildFile; fileRef = D27B719A19B9A129001201B9 /* UIImage+WebP.m */; };
		D27B71AA19B9A129001201B9 /* UIImageView+WebCache.m in Sources */ = {isa = PBXBuildFile; fileRef = D27B719C19B9A129001201B9 /* UIImageView+WebCache.m */; };
		D27B71AD19BEC9E5001201B9 /* Exam_checkViewController.m in Sources */ = {isa = PBXBuildFile; fileRef = D27B71AC19BEC9E5001201B9 /* Exam_checkViewController.m */; settings = {COMPILER_FLAGS = "-w"; }; };
		D2AED31E19C9753900D82A74 /* ASIAuthenticationDialog.m in Sources */ = {isa = PBXBuildFile; fileRef = D2AED30519C9753900D82A74 /* ASIAuthenticationDialog.m */; settings = {COMPILER_FLAGS = "-fno-objc-arc -w"; }; };
		D2AED31F19C9753900D82A74 /* ASIDataCompressor.m in Sources */ = {isa = PBXBuildFile; fileRef = D2AED30819C9753900D82A74 /* ASIDataCompressor.m */; settings = {COMPILER_FLAGS = "-fno-objc-arc -w"; }; };
		D2AED32019C9753900D82A74 /* ASIDataDecompressor.m in Sources */ = {isa = PBXBuildFile; fileRef = D2AED30A19C9753900D82A74 /* ASIDataDecompressor.m */; settings = {COMPILER_FLAGS = "-fno-objc-arc -w"; }; };
		D2AED32119C9753900D82A74 /* ASIDownloadCache.m in Sources */ = {isa = PBXBuildFile; fileRef = D2AED30C19C9753900D82A74 /* ASIDownloadCache.m */; settings = {COMPILER_FLAGS = "-fno-objc-arc"; }; };
		D2AED32219C9753900D82A74 /* ASIFormDataRequest.m in Sources */ = {isa = PBXBuildFile; fileRef = D2AED30E19C9753900D82A74 /* ASIFormDataRequest.m */; settings = {COMPILER_FLAGS = "-fno-objc-arc"; }; };
		D2AED32319C9753900D82A74 /* ASIHTTPRequest.m in Sources */ = {isa = PBXBuildFile; fileRef = D2AED31019C9753900D82A74 /* ASIHTTPRequest.m */; settings = {COMPILER_FLAGS = "-fno-objc-arc"; }; };
		D2AED32419C9753900D82A74 /* ASIInputStream.m in Sources */ = {isa = PBXBuildFile; fileRef = D2AED31419C9753900D82A74 /* ASIInputStream.m */; settings = {COMPILER_FLAGS = "-fno-objc-arc"; }; };
		D2AED32519C9753900D82A74 /* ASINetworkQueue.m in Sources */ = {isa = PBXBuildFile; fileRef = D2AED31619C9753900D82A74 /* ASINetworkQueue.m */; settings = {COMPILER_FLAGS = "-fno-objc-arc"; }; };
		D2AED32619C9753900D82A74 /* README-GHUnit in Resources */ = {isa = PBXBuildFile; fileRef = D2AED31A19C9753900D82A74 /* README-GHUnit */; };
		D2AED32719C9753900D82A74 /* PKReachability.m in Sources */ = {isa = PBXBuildFile; fileRef = D2AED31D19C9753900D82A74 /* PKReachability.m */; settings = {COMPILER_FLAGS = "-fno-objc-arc -w"; }; };
		D2AED32919C9757C00D82A74 /* SystemConfiguration.framework in Frameworks */ = {isa = PBXBuildFile; fileRef = D2AED32819C9757C00D82A74 /* SystemConfiguration.framework */; };
		D2AED32B19C9758400D82A74 /* MobileCoreServices.framework in Frameworks */ = {isa = PBXBuildFile; fileRef = D2AED32A19C9758400D82A74 /* MobileCoreServices.framework */; };
		D2AED32D19C9759800D82A74 /* CFNetwork.framework in Frameworks */ = {isa = PBXBuildFile; fileRef = D2AED32C19C9759800D82A74 /* CFNetwork.framework */; };
		D2AED32F19C975A300D82A74 /* libz.1.1.3.dylib in Frameworks */ = {isa = PBXBuildFile; fileRef = D2AED32E19C975A300D82A74 /* libz.1.1.3.dylib */; };
		D2AED33119C975ED00D82A74 /* libxml2.dylib in Frameworks */ = {isa = PBXBuildFile; fileRef = D2AED33019C975ED00D82A74 /* libxml2.dylib */; };
		D2B31DFA19CA9618003216D9 /* InfoPlist.strings in Resources */ = {isa = PBXBuildFile; fileRef = D2B31DFC19CA9618003216D9 /* InfoPlist.strings */; };
		D2B31E0319CAB3AE003216D9 /* test_bt.png in Resources */ = {isa = PBXBuildFile; fileRef = D2B31E0219CAB3AE003216D9 /* test_bt.png */; };
		D2B31E0519CAB522003216D9 /* 40-40.png in Resources */ = {isa = PBXBuildFile; fileRef = D2B31E0419CAB522003216D9 /* 40-40.png */; };
		D2B31E0719CAD224003216D9 /* my@2x.png in Resources */ = {isa = PBXBuildFile; fileRef = D2B31E0619CAD224003216D9 /* my@2x.png */; };
		D2B31E0A19CAD24C003216D9 /* lanDi@2x.png in Resources */ = {isa = PBXBuildFile; fileRef = D2B31E0819CAD24C003216D9 /* lanDi@2x.png */; };
		D2B31E0B19CAD24C003216D9 /* topR@2x.png in Resources */ = {isa = PBXBuildFile; fileRef = D2B31E0919CAD24C003216D9 /* topR@2x.png */; };
		D2B31E0D19CAD27A003216D9 /* set@2x.png in Resources */ = {isa = PBXBuildFile; fileRef = D2B31E0C19CAD27A003216D9 /* set@2x.png */; };
		D2B31E0F19CAD2D0003216D9 /* home@2x.png in Resources */ = {isa = PBXBuildFile; fileRef = D2B31E0E19CAD2D0003216D9 /* home@2x.png */; };
		D2B31E1319CAD6AD003216D9 /* hangxiao@2x.png in Resources */ = {isa = PBXBuildFile; fileRef = D2B31E1219CAD6AD003216D9 /* hangxiao@2x.png */; };
		D2B31E1919CBCCA8003216D9 /* M_messageViewController.m in Sources */ = {isa = PBXBuildFile; fileRef = D2B31E1819CBCCA8003216D9 /* M_messageViewController.m */; };
		D2B31E1B19CBDEE1003216D9 /* hui_bg@2x.png in Resources */ = {isa = PBXBuildFile; fileRef = D2B31E1A19CBDEE1003216D9 /* hui_bg@2x.png */; };
		D2B31E1D19CBFD02003216D9 /* Default@2x.png in Resources */ = {isa = PBXBuildFile; fileRef = D2B31E1C19CBFD02003216D9 /* Default@2x.png */; };
		D2B41EB419B429B4006AD282 /* AFHTTPRequestOperation.m in Sources */ = {isa = PBXBuildFile; fileRef = D2B41EA219B429B4006AD282 /* AFHTTPRequestOperation.m */; };
		D2B41EB519B429B4006AD282 /* AFHTTPRequestOperationManager.m in Sources */ = {isa = PBXBuildFile; fileRef = D2B41EA419B429B4006AD282 /* AFHTTPRequestOperationManager.m */; };
		D2B41EB619B429B4006AD282 /* AFHTTPSessionManager.m in Sources */ = {isa = PBXBuildFile; fileRef = D2B41EA619B429B4006AD282 /* AFHTTPSessionManager.m */; };
		D2B41EB719B429B4006AD282 /* AFNetworkReachabilityManager.m in Sources */ = {isa = PBXBuildFile; fileRef = D2B41EA919B429B4006AD282 /* AFNetworkReachabilityManager.m */; };
		D2B41EB819B429B4006AD282 /* AFSecurityPolicy.m in Sources */ = {isa = PBXBuildFile; fileRef = D2B41EAB19B429B4006AD282 /* AFSecurityPolicy.m */; settings = {COMPILER_FLAGS = "-fno-objc-arc -w"; }; };
		D2B41EB919B429B4006AD282 /* AFURLConnectionOperation.m in Sources */ = {isa = PBXBuildFile; fileRef = D2B41EAD19B429B4006AD282 /* AFURLConnectionOperation.m */; };
		D2B41EBA19B429B4006AD282 /* AFURLRequestSerialization.m in Sources */ = {isa = PBXBuildFile; fileRef = D2B41EAF19B429B4006AD282 /* AFURLRequestSerialization.m */; };
		D2B41EBB19B429B4006AD282 /* AFURLResponseSerialization.m in Sources */ = {isa = PBXBuildFile; fileRef = D2B41EB119B429B4006AD282 /* AFURLResponseSerialization.m */; };
		D2B41EBC19B429B4006AD282 /* AFURLSessionManager.m in Sources */ = {isa = PBXBuildFile; fileRef = D2B41EB319B429B4006AD282 /* AFURLSessionManager.m */; };
		D2B41EC019B43604006AD282 /* MBProgressHUD.m in Sources */ = {isa = PBXBuildFile; fileRef = D2B41EBF19B43604006AD282 /* MBProgressHUD.m */; settings = {COMPILER_FLAGS = "-w"; }; };
		D2B4B84C19AC348D00F82D95 /* publicRequest.m in Sources */ = {isa = PBXBuildFile; fileRef = D2B4B84B19AC348D00F82D95 /* publicRequest.m */; };
		D2B646E0197A7CE30074F36B /* Foundation.framework in Frameworks */ = {isa = PBXBuildFile; fileRef = D2B646DF197A7CE30074F36B /* Foundation.framework */; };
		D2B646E2197A7CE30074F36B /* CoreGraphics.framework in Frameworks */ = {isa = PBXBuildFile; fileRef = D2B646E1197A7CE30074F36B /* CoreGraphics.framework */; };
		D2B646E4197A7CE30074F36B /* UIKit.framework in Frameworks */ = {isa = PBXBuildFile; fileRef = D2B646E3197A7CE30074F36B /* UIKit.framework */; };
		D2B646EC197A7CE30074F36B /* main.m in Sources */ = {isa = PBXBuildFile; fileRef = D2B646EB197A7CE30074F36B /* main.m */; };
		D2B646F0197A7CE30074F36B /* AppDelegate.m in Sources */ = {isa = PBXBuildFile; fileRef = D2B646EF197A7CE30074F36B /* AppDelegate.m */; };
		D2B646F2197A7CE30074F36B /* Images.xcassets in Resources */ = {isa = PBXBuildFile; fileRef = D2B646F1197A7CE30074F36B /* Images.xcassets */; };
		D2B646F9197A7CE30074F36B /* XCTest.framework in Frameworks */ = {isa = PBXBuildFile; fileRef = D2B646F8197A7CE30074F36B /* XCTest.framework */; };
		D2B646FA197A7CE30074F36B /* Foundation.framework in Frameworks */ = {isa = PBXBuildFile; fileRef = D2B646DF197A7CE30074F36B /* Foundation.framework */; };
		D2B646FB197A7CE30074F36B /* UIKit.framework in Frameworks */ = {isa = PBXBuildFile; fileRef = D2B646E3197A7CE30074F36B /* UIKit.framework */; };
		D2B64705197A7CE30074F36B /* MfeijiTests.m in Sources */ = {isa = PBXBuildFile; fileRef = D2B64704197A7CE30074F36B /* MfeijiTests.m */; };
		D2B64715197A7E9F0074F36B /* M_examViewController.m in Sources */ = {isa = PBXBuildFile; fileRef = D2B64714197A7E9F0074F36B /* M_examViewController.m */; };
		D2B64718197A7EB20074F36B /* M_selfViewController.m in Sources */ = {isa = PBXBuildFile; fileRef = D2B64717197A7EB20074F36B /* M_selfViewController.m */; settings = {COMPILER_FLAGS = "-w"; }; };
		D2B6471E197A7EF20074F36B /* M_setViewController.m in Sources */ = {isa = PBXBuildFile; fileRef = D2B6471D197A7EF20074F36B /* M_setViewController.m */; };
		D2B7906F19C8197A00D95A09 /* 40-40_1.png in Resources */ = {isa = PBXBuildFile; fileRef = D2B7906D19C8197A00D95A09 /* 40-40_1.png */; };
		D2BA702E19C142B500F442A6 /* Exam_showAnswerViewController.m in Sources */ = {isa = PBXBuildFile; fileRef = D2BA702D19C142B500F442A6 /* Exam_showAnswerViewController.m */; settings = {COMPILER_FLAGS = "-w"; }; };
		D2BA702F19C14D8E00F442A6 /* Exam_testViewController.h in Sources */ = {isa = PBXBuildFile; fileRef = D2C9C317197E00E400925D14 /* Exam_testViewController.h */; settings = {COMPILER_FLAGS = "-w"; }; };
		D2BA703019C14F1400F442A6 /* Exam_checkViewController.h in Sources */ = {isa = PBXBuildFile; fileRef = D27B71AB19BEC9E5001201B9 /* Exam_checkViewController.h */; };
		D2BA703319C1582F00F442A6 /* Exam_rankingListViewController.m in Sources */ = {isa = PBXBuildFile; fileRef = D2BA703219C1582F00F442A6 /* Exam_rankingListViewController.m */; };
		D2BA703619C299B600F442A6 /* Exam_weiZuoViewController.m in Sources */ = {isa = PBXBuildFile; fileRef = D2BA703519C299B600F442A6 /* Exam_weiZuoViewController.m */; settings = {COMPILER_FLAGS = "-w"; }; };
		D2C9C2FF197CD00C00925D14 /* exam_user@2x.png in Resources */ = {isa = PBXBuildFile; fileRef = D2C9C2F9197CD00C00925D14 /* exam_user@2x.png */; };
		D2C9C300197CD00C00925D14 /* exam_pwd@2x.png in Resources */ = {isa = PBXBuildFile; fileRef = D2C9C2FA197CD00C00925D14 /* exam_pwd@2x.png */; };
		D2C9C301197CD00C00925D14 /* exam_circle@2x.png in Resources */ = {isa = PBXBuildFile; fileRef = D2C9C2FB197CD00C00925D14 /* exam_circle@2x.png */; };
		D2C9C302197CD00C00925D14 /* exam_start@2x.png in Resources */ = {isa = PBXBuildFile; fileRef = D2C9C2FC197CD00C00925D14 /* exam_start@2x.png */; };
		D2C9C303197CD00C00925D14 /* exam_woyaozhuce@2x.png in Resources */ = {isa = PBXBuildFile; fileRef = D2C9C2FD197CD00C00925D14 /* exam_woyaozhuce@2x.png */; };
		D2C9C304197CD00C00925D14 /* exam_budenglu@2x.png in Resources */ = {isa = PBXBuildFile; fileRef = D2C9C2FE197CD00C00925D14 /* exam_budenglu@2x.png */; };
		D2C9C308197CD01900925D14 /* exam_circle1@2x.png in Resources */ = {isa = PBXBuildFile; fileRef = D2C9C305197CD01900925D14 /* exam_circle1@2x.png */; };
		D2C9C309197CD01900925D14 /* exam_bg@2x.png in Resources */ = {isa = PBXBuildFile; fileRef = D2C9C306197CD01900925D14 /* exam_bg@2x.png */; };
		D2C9C30A197CD01900925D14 /* public_home@2x.png in Resources */ = {isa = PBXBuildFile; fileRef = D2C9C307197CD01900925D14 /* public_home@2x.png */; };
		D2C9C319197E00E400925D14 /* Exam_testViewController.m in Sources */ = {isa = PBXBuildFile; fileRef = D2C9C318197E00E400925D14 /* Exam_testViewController.m */; settings = {COMPILER_FLAGS = "-w"; }; };
		D2C9C31D197E17FE00925D14 /* start2@2x.png in Resources */ = {isa = PBXBuildFile; fileRef = D2C9C31C197E17FE00925D14 /* start2@2x.png */; };
		D2C9C326197E188900925D14 /* test_weizuo@2x.png in Resources */ = {isa = PBXBuildFile; fileRef = D2C9C31F197E188900925D14 /* test_weizuo@2x.png */; };
		D2C9C327197E188900925D14 /* test_left@2x.png in Resources */ = {isa = PBXBuildFile; fileRef = D2C9C320197E188900925D14 /* test_left@2x.png */; };
		D2C9C32A197E188900925D14 /* test_next@2x.png in Resources */ = {isa = PBXBuildFile; fileRef = D2C9C323197E188900925D14 /* test_next@2x.png */; };
		D2C9C32B197E188900925D14 /* test_lan@2x.png in Resources */ = {isa = PBXBuildFile; fileRef = D2C9C324197E188900925D14 /* test_lan@2x.png */; };
		D2C9C32C197E188900925D14 /* test_commit@2x.png in Resources */ = {isa = PBXBuildFile; fileRef = D2C9C325197E188900925D14 /* test_commit@2x.png */; };
		D2C9C334197E553B00925D14 /* result_paihang@2x.png in Resources */ = {isa = PBXBuildFile; fileRef = D2C9C331197E553B00925D14 /* result_paihang@2x.png */; };
		D2C9C335197E553B00925D14 /* result_chakan@2x.png in Resources */ = {isa = PBXBuildFile; fileRef = D2C9C332197E553B00925D14 /* result_chakan@2x.png */; };
		D2C9C336197E553B00925D14 /* result_tuichu@2x.png in Resources */ = {isa = PBXBuildFile; fileRef = D2C9C333197E553B00925D14 /* result_tuichu@2x.png */; };
		D2C9C339197E557B00925D14 /* Exam_resultViewController.m in Sources */ = {isa = PBXBuildFile; fileRef = D2C9C338197E557B00925D14 /* Exam_resultViewController.m */; };
		D2C9C3481981FE5000925D14 /* 120-120.png in Resources */ = {isa = PBXBuildFile; fileRef = D2C9C3471981FE5000925D14 /* 120-120.png */; };
/* End PBXBuildFile section */

/* Begin PBXContainerItemProxy section */
		D2B646FC197A7CE30074F36B /* PBXContainerItemProxy */ = {
			isa = PBXContainerItemProxy;
			containerPortal = D2B646D4197A7CE30074F36B /* Project object */;
			proxyType = 1;
			remoteGlobalIDString = D2B646DB197A7CE30074F36B;
			remoteInfo = Mfeiji;
		};
/* End PBXContainerItemProxy section */

/* Begin PBXFileReference section */
		D20E6C1619AAD9A900169439 /* reg_kuang@2x.png */ = {isa = PBXFileReference; lastKnownFileType = image.png; path = "reg_kuang@2x.png"; sourceTree = "<group>"; };
		D20E6C1819AADA0200169439 /* reg_commit@2x.png */ = {isa = PBXFileReference; lastKnownFileType = image.png; path = "reg_commit@2x.png"; sourceTree = "<group>"; };
		D20E6C1A19AB06C100169439 /* reg_user@2x.png */ = {isa = PBXFileReference; lastKnownFileType = image.png; path = "reg_user@2x.png"; sourceTree = "<group>"; };
		D2394933198F4B5300975C27 /* public_head@2x.png */ = {isa = PBXFileReference; lastKnownFileType = image.png; path = "public_head@2x.png"; sourceTree = "<group>"; };
		D26816F4198F775200161A03 /* M_regViewController.h */ = {isa = PBXFileReference; fileEncoding = 4; lastKnownFileType = sourcecode.c.h; path = M_regViewController.h; sourceTree = "<group>"; };
		D26816F5198F775200161A03 /* M_regViewController.m */ = {isa = PBXFileReference; fileEncoding = 4; lastKnownFileType = sourcecode.c.objc; path = M_regViewController.m; sourceTree = "<group>"; };
		D26816FC1990B3E200161A03 /* M_public.h */ = {isa = PBXFileReference; fileEncoding = 4; lastKnownFileType = sourcecode.c.h; path = M_public.h; sourceTree = "<group>"; };
		D26816FD1990B3E200161A03 /* M_public.m */ = {isa = PBXFileReference; fileEncoding = 4; lastKnownFileType = sourcecode.c.objc; path = M_public.m; sourceTree = "<group>"; };
		D26817001990B4C500161A03 /* libWeChatSDK.a */ = {isa = PBXFileReference; lastKnownFileType = archive.ar; path = libWeChatSDK.a; sourceTree = "<group>"; };
		D26817011990B4C500161A03 /* WXApi.h */ = {isa = PBXFileReference; fileEncoding = 4; lastKnownFileType = sourcecode.c.h; path = WXApi.h; sourceTree = "<group>"; };
		D26817021990B4C500161A03 /* WXApiObject.h */ = {isa = PBXFileReference; fileEncoding = 4; lastKnownFileType = sourcecode.c.h; path = WXApiObject.h; sourceTree = "<group>"; };
		D27B717C19B9977F001201B9 /* ImageSizeManager.h */ = {isa = PBXFileReference; fileEncoding = 4; lastKnownFileType = sourcecode.c.h; path = ImageSizeManager.h; sourceTree = "<group>"; };
		D27B717D19B9977F001201B9 /* ImageSizeManager.m */ = {isa = PBXFileReference; fileEncoding = 4; lastKnownFileType = sourcecode.c.objc; path = ImageSizeManager.m; sourceTree = "<group>"; };
		D27B718019B9A129001201B9 /* MKAnnotationView+WebCache.h */ = {isa = PBXFileReference; fileEncoding = 4; lastKnownFileType = sourcecode.c.h; path = "MKAnnotationView+WebCache.h"; sourceTree = "<group>"; };
		D27B718119B9A129001201B9 /* MKAnnotationView+WebCache.m */ = {isa = PBXFileReference; fileEncoding = 4; lastKnownFileType = sourcecode.c.objc; path = "MKAnnotationView+WebCache.m"; sourceTree = "<group>"; };
		D27B718219B9A129001201B9 /* NSData+ImageContentType.h */ = {isa = PBXFileReference; fileEncoding = 4; lastKnownFileType = sourcecode.c.h; path = "NSData+ImageContentType.h"; sourceTree = "<group>"; };
		D27B718319B9A129001201B9 /* NSData+ImageContentType.m */ = {isa = PBXFileReference; fileEncoding = 4; lastKnownFileType = sourcecode.c.objc; path = "NSData+ImageContentType.m"; sourceTree = "<group>"; };
		D27B718419B9A129001201B9 /* SDImageCache.h */ = {isa = PBXFileReference; fileEncoding = 4; lastKnownFileType = sourcecode.c.h; path = SDImageCache.h; sourceTree = "<group>"; };
		D27B718519B9A129001201B9 /* SDImageCache.m */ = {isa = PBXFileReference; fileEncoding = 4; lastKnownFileType = sourcecode.c.objc; path = SDImageCache.m; sourceTree = "<group>"; };
		D27B718619B9A129001201B9 /* SDWebImageCompat.h */ = {isa = PBXFileReference; fileEncoding = 4; lastKnownFileType = sourcecode.c.h; path = SDWebImageCompat.h; sourceTree = "<group>"; };
		D27B718719B9A129001201B9 /* SDWebImageCompat.m */ = {isa = PBXFileReference; fileEncoding = 4; lastKnownFileType = sourcecode.c.objc; path = SDWebImageCompat.m; sourceTree = "<group>"; };
		D27B718819B9A129001201B9 /* SDWebImageDecoder.h */ = {isa = PBXFileReference; fileEncoding = 4; lastKnownFileType = sourcecode.c.h; path = SDWebImageDecoder.h; sourceTree = "<group>"; };
		D27B718919B9A129001201B9 /* SDWebImageDecoder.m */ = {isa = PBXFileReference; fileEncoding = 4; lastKnownFileType = sourcecode.c.objc; path = SDWebImageDecoder.m; sourceTree = "<group>"; };
		D27B718A19B9A129001201B9 /* SDWebImageDownloader.h */ = {isa = PBXFileReference; fileEncoding = 4; lastKnownFileType = sourcecode.c.h; path = SDWebImageDownloader.h; sourceTree = "<group>"; };
		D27B718B19B9A129001201B9 /* SDWebImageDownloader.m */ = {isa = PBXFileReference; fileEncoding = 4; lastKnownFileType = sourcecode.c.objc; path = SDWebImageDownloader.m; sourceTree = "<group>"; };
		D27B718C19B9A129001201B9 /* SDWebImageDownloaderOperation.h */ = {isa = PBXFileReference; fileEncoding = 4; lastKnownFileType = sourcecode.c.h; path = SDWebImageDownloaderOperation.h; sourceTree = "<group>"; };
		D27B718D19B9A129001201B9 /* SDWebImageDownloaderOperation.m */ = {isa = PBXFileReference; fileEncoding = 4; lastKnownFileType = sourcecode.c.objc; path = SDWebImageDownloaderOperation.m; sourceTree = "<group>"; };
		D27B718E19B9A129001201B9 /* SDWebImageManager.h */ = {isa = PBXFileReference; fileEncoding = 4; lastKnownFileType = sourcecode.c.h; path = SDWebImageManager.h; sourceTree = "<group>"; };
		D27B718F19B9A129001201B9 /* SDWebImageManager.m */ = {isa = PBXFileReference; fileEncoding = 4; lastKnownFileType = sourcecode.c.objc; path = SDWebImageManager.m; sourceTree = "<group>"; };
		D27B719019B9A129001201B9 /* SDWebImageOperation.h */ = {isa = PBXFileReference; fileEncoding = 4; lastKnownFileType = sourcecode.c.h; path = SDWebImageOperation.h; sourceTree = "<group>"; };
		D27B719119B9A129001201B9 /* SDWebImagePrefetcher.h */ = {isa = PBXFileReference; fileEncoding = 4; lastKnownFileType = sourcecode.c.h; path = SDWebImagePrefetcher.h; sourceTree = "<group>"; };
		D27B719219B9A129001201B9 /* SDWebImagePrefetcher.m */ = {isa = PBXFileReference; fileEncoding = 4; lastKnownFileType = sourcecode.c.objc; path = SDWebImagePrefetcher.m; sourceTree = "<group>"; };
		D27B719319B9A129001201B9 /* UIButton+WebCache.h */ = {isa = PBXFileReference; fileEncoding = 4; lastKnownFileType = sourcecode.c.h; path = "UIButton+WebCache.h"; sourceTree = "<group>"; };
		D27B719419B9A129001201B9 /* UIButton+WebCache.m */ = {isa = PBXFileReference; fileEncoding = 4; lastKnownFileType = sourcecode.c.objc; path = "UIButton+WebCache.m"; sourceTree = "<group>"; };
		D27B719519B9A129001201B9 /* UIImage+GIF.h */ = {isa = PBXFileReference; fileEncoding = 4; lastKnownFileType = sourcecode.c.h; path = "UIImage+GIF.h"; sourceTree = "<group>"; };
		D27B719619B9A129001201B9 /* UIImage+GIF.m */ = {isa = PBXFileReference; fileEncoding = 4; lastKnownFileType = sourcecode.c.objc; path = "UIImage+GIF.m"; sourceTree = "<group>"; };
		D27B719719B9A129001201B9 /* UIImage+MultiFormat.h */ = {isa = PBXFileReference; fileEncoding = 4; lastKnownFileType = sourcecode.c.h; path = "UIImage+MultiFormat.h"; sourceTree = "<group>"; };
		D27B719819B9A129001201B9 /* UIImage+MultiFormat.m */ = {isa = PBXFileReference; fileEncoding = 4; lastKnownFileType = sourcecode.c.objc; path = "UIImage+MultiFormat.m"; sourceTree = "<group>"; };
		D27B719919B9A129001201B9 /* UIImage+WebP.h */ = {isa = PBXFileReference; fileEncoding = 4; lastKnownFileType = sourcecode.c.h; path = "UIImage+WebP.h"; sourceTree = "<group>"; };
		D27B719A19B9A129001201B9 /* UIImage+WebP.m */ = {isa = PBXFileReference; fileEncoding = 4; lastKnownFileType = sourcecode.c.objc; path = "UIImage+WebP.m"; sourceTree = "<group>"; };
		D27B719B19B9A129001201B9 /* UIImageView+WebCache.h */ = {isa = PBXFileReference; fileEncoding = 4; lastKnownFileType = sourcecode.c.h; path = "UIImageView+WebCache.h"; sourceTree = "<group>"; };
		D27B719C19B9A129001201B9 /* UIImageView+WebCache.m */ = {isa = PBXFileReference; fileEncoding = 4; lastKnownFileType = sourcecode.c.objc; path = "UIImageView+WebCache.m"; sourceTree = "<group>"; };
		D27B71AB19BEC9E5001201B9 /* Exam_checkViewController.h */ = {isa = PBXFileReference; fileEncoding = 4; lastKnownFileType = sourcecode.c.h; path = Exam_checkViewController.h; sourceTree = "<group>"; };
		D27B71AC19BEC9E5001201B9 /* Exam_checkViewController.m */ = {isa = PBXFileReference; fileEncoding = 4; lastKnownFileType = sourcecode.c.objc; path = Exam_checkViewController.m; sourceTree = "<group>"; };
		D2AED30419C9753900D82A74 /* ASIAuthenticationDialog.h */ = {isa = PBXFileReference; fileEncoding = 4; lastKnownFileType = sourcecode.c.h; path = ASIAuthenticationDialog.h; sourceTree = "<group>"; };
		D2AED30519C9753900D82A74 /* ASIAuthenticationDialog.m */ = {isa = PBXFileReference; fileEncoding = 4; lastKnownFileType = sourcecode.c.objc; path = ASIAuthenticationDialog.m; sourceTree = "<group>"; };
		D2AED30619C9753900D82A74 /* ASICacheDelegate.h */ = {isa = PBXFileReference; fileEncoding = 4; lastKnownFileType = sourcecode.c.h; path = ASICacheDelegate.h; sourceTree = "<group>"; };
		D2AED30719C9753900D82A74 /* ASIDataCompressor.h */ = {isa = PBXFileReference; fileEncoding = 4; lastKnownFileType = sourcecode.c.h; path = ASIDataCompressor.h; sourceTree = "<group>"; };
		D2AED30819C9753900D82A74 /* ASIDataCompressor.m */ = {isa = PBXFileReference; fileEncoding = 4; lastKnownFileType = sourcecode.c.objc; path = ASIDataCompressor.m; sourceTree = "<group>"; };
		D2AED30919C9753900D82A74 /* ASIDataDecompressor.h */ = {isa = PBXFileReference; fileEncoding = 4; lastKnownFileType = sourcecode.c.h; path = ASIDataDecompressor.h; sourceTree = "<group>"; };
		D2AED30A19C9753900D82A74 /* ASIDataDecompressor.m */ = {isa = PBXFileReference; fileEncoding = 4; lastKnownFileType = sourcecode.c.objc; path = ASIDataDecompressor.m; sourceTree = "<group>"; };
		D2AED30B19C9753900D82A74 /* ASIDownloadCache.h */ = {isa = PBXFileReference; fileEncoding = 4; lastKnownFileType = sourcecode.c.h; path = ASIDownloadCache.h; sourceTree = "<group>"; };
		D2AED30C19C9753900D82A74 /* ASIDownloadCache.m */ = {isa = PBXFileReference; fileEncoding = 4; lastKnownFileType = sourcecode.c.objc; path = ASIDownloadCache.m; sourceTree = "<group>"; };
		D2AED30D19C9753900D82A74 /* ASIFormDataRequest.h */ = {isa = PBXFileReference; fileEncoding = 4; lastKnownFileType = sourcecode.c.h; path = ASIFormDataRequest.h; sourceTree = "<group>"; };
		D2AED30E19C9753900D82A74 /* ASIFormDataRequest.m */ = {isa = PBXFileReference; fileEncoding = 4; lastKnownFileType = sourcecode.c.objc; path = ASIFormDataRequest.m; sourceTree = "<group>"; };
		D2AED30F19C9753900D82A74 /* ASIHTTPRequest.h */ = {isa = PBXFileReference; fileEncoding = 4; lastKnownFileType = sourcecode.c.h; path = ASIHTTPRequest.h; sourceTree = "<group>"; };
		D2AED31019C9753900D82A74 /* ASIHTTPRequest.m */ = {isa = PBXFileReference; fileEncoding = 4; lastKnownFileType = sourcecode.c.objc; path = ASIHTTPRequest.m; sourceTree = "<group>"; };
		D2AED31119C9753900D82A74 /* ASIHTTPRequestConfig.h */ = {isa = PBXFileReference; fileEncoding = 4; lastKnownFileType = sourcecode.c.h; path = ASIHTTPRequestConfig.h; sourceTree = "<group>"; };
		D2AED31219C9753900D82A74 /* ASIHTTPRequestDelegate.h */ = {isa = PBXFileReference; fileEncoding = 4; lastKnownFileType = sourcecode.c.h; path = ASIHTTPRequestDelegate.h; sourceTree = "<group>"; };
		D2AED31319C9753900D82A74 /* ASIInputStream.h */ = {isa = PBXFileReference; fileEncoding = 4; lastKnownFileType = sourcecode.c.h; path = ASIInputStream.h; sourceTree = "<group>"; };
		D2AED31419C9753900D82A74 /* ASIInputStream.m */ = {isa = PBXFileReference; fileEncoding = 4; lastKnownFileType = sourcecode.c.objc; path = ASIInputStream.m; sourceTree = "<group>"; };
		D2AED31519C9753900D82A74 /* ASINetworkQueue.h */ = {isa = PBXFileReference; fileEncoding = 4; lastKnownFileType = sourcecode.c.h; path = ASINetworkQueue.h; sourceTree = "<group>"; };
		D2AED31619C9753900D82A74 /* ASINetworkQueue.m */ = {isa = PBXFileReference; fileEncoding = 4; lastKnownFileType = sourcecode.c.objc; path = ASINetworkQueue.m; sourceTree = "<group>"; };
		D2AED31719C9753900D82A74 /* ASIProgressDelegate.h */ = {isa = PBXFileReference; fileEncoding = 4; lastKnownFileType = sourcecode.c.h; path = ASIProgressDelegate.h; sourceTree = "<group>"; };
		D2AED31A19C9753900D82A74 /* README-GHUnit */ = {isa = PBXFileReference; fileEncoding = 4; lastKnownFileType = text; path = "README-GHUnit"; sourceTree = "<group>"; };
		D2AED31C19C9753900D82A74 /* PKReachability.h */ = {isa = PBXFileReference; fileEncoding = 4; lastKnownFileType = sourcecode.c.h; path = PKReachability.h; sourceTree = "<group>"; };
		D2AED31D19C9753900D82A74 /* PKReachability.m */ = {isa = PBXFileReference; fileEncoding = 4; lastKnownFileType = sourcecode.c.objc; path = PKReachability.m; sourceTree = "<group>"; };
		D2AED32819C9757C00D82A74 /* SystemConfiguration.framework */ = {isa = PBXFileReference; lastKnownFileType = wrapper.framework; name = SystemConfiguration.framework; path = System/Library/Frameworks/SystemConfiguration.framework; sourceTree = SDKROOT; };
		D2AED32A19C9758400D82A74 /* MobileCoreServices.framework */ = {isa = PBXFileReference; lastKnownFileType = wrapper.framework; name = MobileCoreServices.framework; path = System/Library/Frameworks/MobileCoreServices.framework; sourceTree = SDKROOT; };
		D2AED32C19C9759800D82A74 /* CFNetwork.framework */ = {isa = PBXFileReference; lastKnownFileType = wrapper.framework; name = CFNetwork.framework; path = System/Library/Frameworks/CFNetwork.framework; sourceTree = SDKROOT; };
		D2AED32E19C975A300D82A74 /* libz.1.1.3.dylib */ = {isa = PBXFileReference; lastKnownFileType = "compiled.mach-o.dylib"; name = libz.1.1.3.dylib; path = usr/lib/libz.1.1.3.dylib; sourceTree = SDKROOT; };
		D2AED33019C975ED00D82A74 /* libxml2.dylib */ = {isa = PBXFileReference; lastKnownFileType = "compiled.mach-o.dylib"; name = libxml2.dylib; path = usr/lib/libxml2.dylib; sourceTree = SDKROOT; };
		D2B31DFB19CA9618003216D9 /* en */ = {isa = PBXFileReference; lastKnownFileType = text.plist.strings; name = en; path = en.lproj/InfoPlist.strings; sourceTree = "<group>"; };
		D2B31E0119CAA179003216D9 /* zh-Hans */ = {isa = PBXFileReference; lastKnownFileType = text.plist.strings; name = "zh-Hans"; path = "zh-Hans.lproj/InfoPlist.strings"; sourceTree = "<group>"; };
		D2B31E0219CAB3AE003216D9 /* test_bt.png */ = {isa = PBXFileReference; lastKnownFileType = image.png; path = test_bt.png; sourceTree = "<group>"; };
		D2B31E0419CAB522003216D9 /* 40-40.png */ = {isa = PBXFileReference; lastKnownFileType = image.png; path = "40-40.png"; sourceTree = "<group>"; };
		D2B31E0619CAD224003216D9 /* my@2x.png */ = {isa = PBXFileReference; lastKnownFileType = image.png; path = "my@2x.png"; sourceTree = "<group>"; };
		D2B31E0819CAD24C003216D9 /* lanDi@2x.png */ = {isa = PBXFileReference; lastKnownFileType = image.png; path = "lanDi@2x.png"; sourceTree = "<group>"; };
		D2B31E0919CAD24C003216D9 /* topR@2x.png */ = {isa = PBXFileReference; lastKnownFileType = image.png; path = "topR@2x.png"; sourceTree = "<group>"; };
		D2B31E0C19CAD27A003216D9 /* set@2x.png */ = {isa = PBXFileReference; lastKnownFileType = image.png; path = "set@2x.png"; sourceTree = "<group>"; };
		D2B31E0E19CAD2D0003216D9 /* home@2x.png */ = {isa = PBXFileReference; lastKnownFileType = image.png; path = "home@2x.png"; sourceTree = "<group>"; };
		D2B31E1219CAD6AD003216D9 /* hangxiao@2x.png */ = {isa = PBXFileReference; lastKnownFileType = image.png; path = "hangxiao@2x.png"; sourceTree = "<group>"; };
		D2B31E1719CBCCA8003216D9 /* M_messageViewController.h */ = {isa = PBXFileReference; fileEncoding = 4; lastKnownFileType = sourcecode.c.h; name = M_messageViewController.h; path = Mfeiji/M_messageViewController.h; sourceTree = SOURCE_ROOT; };
		D2B31E1819CBCCA8003216D9 /* M_messageViewController.m */ = {isa = PBXFileReference; fileEncoding = 4; lastKnownFileType = sourcecode.c.objc; name = M_messageViewController.m; path = Mfeiji/M_messageViewController.m; sourceTree = SOURCE_ROOT; };
		D2B31E1A19CBDEE1003216D9 /* hui_bg@2x.png */ = {isa = PBXFileReference; lastKnownFileType = image.png; path = "hui_bg@2x.png"; sourceTree = "<group>"; };
		D2B31E1C19CBFD02003216D9 /* Default@2x.png */ = {isa = PBXFileReference; lastKnownFileType = image.png; path = "Default@2x.png"; sourceTree = "<group>"; };
		D2B41EA119B429B4006AD282 /* AFHTTPRequestOperation.h */ = {isa = PBXFileReference; fileEncoding = 4; lastKnownFileType = sourcecode.c.h; path = AFHTTPRequestOperation.h; sourceTree = "<group>"; };
		D2B41EA219B429B4006AD282 /* AFHTTPRequestOperation.m */ = {isa = PBXFileReference; fileEncoding = 4; lastKnownFileType = sourcecode.c.objc; path = AFHTTPRequestOperation.m; sourceTree = "<group>"; };
		D2B41EA319B429B4006AD282 /* AFHTTPRequestOperationManager.h */ = {isa = PBXFileReference; fileEncoding = 4; lastKnownFileType = sourcecode.c.h; path = AFHTTPRequestOperationManager.h; sourceTree = "<group>"; };
		D2B41EA419B429B4006AD282 /* AFHTTPRequestOperationManager.m */ = {isa = PBXFileReference; fileEncoding = 4; lastKnownFileType = sourcecode.c.objc; path = AFHTTPRequestOperationManager.m; sourceTree = "<group>"; };
		D2B41EA519B429B4006AD282 /* AFHTTPSessionManager.h */ = {isa = PBXFileReference; fileEncoding = 4; lastKnownFileType = sourcecode.c.h; path = AFHTTPSessionManager.h; sourceTree = "<group>"; };
		D2B41EA619B429B4006AD282 /* AFHTTPSessionManager.m */ = {isa = PBXFileReference; fileEncoding = 4; lastKnownFileType = sourcecode.c.objc; path = AFHTTPSessionManager.m; sourceTree = "<group>"; };
		D2B41EA719B429B4006AD282 /* AFNetworking.h */ = {isa = PBXFileReference; fileEncoding = 4; lastKnownFileType = sourcecode.c.h; path = AFNetworking.h; sourceTree = "<group>"; };
		D2B41EA819B429B4006AD282 /* AFNetworkReachabilityManager.h */ = {isa = PBXFileReference; fileEncoding = 4; lastKnownFileType = sourcecode.c.h; path = AFNetworkReachabilityManager.h; sourceTree = "<group>"; };
		D2B41EA919B429B4006AD282 /* AFNetworkReachabilityManager.m */ = {isa = PBXFileReference; fileEncoding = 4; lastKnownFileType = sourcecode.c.objc; path = AFNetworkReachabilityManager.m; sourceTree = "<group>"; };
		D2B41EAA19B429B4006AD282 /* AFSecurityPolicy.h */ = {isa = PBXFileReference; fileEncoding = 4; lastKnownFileType = sourcecode.c.h; path = AFSecurityPolicy.h; sourceTree = "<group>"; };
		D2B41EAB19B429B4006AD282 /* AFSecurityPolicy.m */ = {isa = PBXFileReference; fileEncoding = 4; lastKnownFileType = sourcecode.c.objc; path = AFSecurityPolicy.m; sourceTree = "<group>"; };
		D2B41EAC19B429B4006AD282 /* AFURLConnectionOperation.h */ = {isa = PBXFileReference; fileEncoding = 4; lastKnownFileType = sourcecode.c.h; path = AFURLConnectionOperation.h; sourceTree = "<group>"; };
		D2B41EAD19B429B4006AD282 /* AFURLConnectionOperation.m */ = {isa = PBXFileReference; fileEncoding = 4; lastKnownFileType = sourcecode.c.objc; path = AFURLConnectionOperation.m; sourceTree = "<group>"; };
		D2B41EAE19B429B4006AD282 /* AFURLRequestSerialization.h */ = {isa = PBXFileReference; fileEncoding = 4; lastKnownFileType = sourcecode.c.h; path = AFURLRequestSerialization.h; sourceTree = "<group>"; };
		D2B41EAF19B429B4006AD282 /* AFURLRequestSerialization.m */ = {isa = PBXFileReference; fileEncoding = 4; lastKnownFileType = sourcecode.c.objc; path = AFURLRequestSerialization.m; sourceTree = "<group>"; };
		D2B41EB019B429B4006AD282 /* AFURLResponseSerialization.h */ = {isa = PBXFileReference; fileEncoding = 4; lastKnownFileType = sourcecode.c.h; path = AFURLResponseSerialization.h; sourceTree = "<group>"; };
		D2B41EB119B429B4006AD282 /* AFURLResponseSerialization.m */ = {isa = PBXFileReference; fileEncoding = 4; lastKnownFileType = sourcecode.c.objc; path = AFURLResponseSerialization.m; sourceTree = "<group>"; };
		D2B41EB219B429B4006AD282 /* AFURLSessionManager.h */ = {isa = PBXFileReference; fileEncoding = 4; lastKnownFileType = sourcecode.c.h; path = AFURLSessionManager.h; sourceTree = "<group>"; };
		D2B41EB319B429B4006AD282 /* AFURLSessionManager.m */ = {isa = PBXFileReference; fileEncoding = 4; lastKnownFileType = sourcecode.c.objc; path = AFURLSessionManager.m; sourceTree = "<group>"; };
		D2B41EBE19B43604006AD282 /* MBProgressHUD.h */ = {isa = PBXFileReference; fileEncoding = 4; lastKnownFileType = sourcecode.c.h; path = MBProgressHUD.h; sourceTree = "<group>"; };
		D2B41EBF19B43604006AD282 /* MBProgressHUD.m */ = {isa = PBXFileReference; fileEncoding = 4; lastKnownFileType = sourcecode.c.objc; path = MBProgressHUD.m; sourceTree = "<group>"; };
		D2B4B84A19AC348D00F82D95 /* publicRequest.h */ = {isa = PBXFileReference; fileEncoding = 4; lastKnownFileType = sourcecode.c.h; path = publicRequest.h; sourceTree = "<group>"; };
		D2B4B84B19AC348D00F82D95 /* publicRequest.m */ = {isa = PBXFileReference; fileEncoding = 4; lastKnownFileType = sourcecode.c.objc; path = publicRequest.m; sourceTree = "<group>"; };
		D2B646DC197A7CE30074F36B /* Mfeiji.app */ = {isa = PBXFileReference; explicitFileType = wrapper.application; includeInIndex = 0; path = Mfeiji.app; sourceTree = BUILT_PRODUCTS_DIR; };
		D2B646DF197A7CE30074F36B /* Foundation.framework */ = {isa = PBXFileReference; lastKnownFileType = wrapper.framework; name = Foundation.framework; path = System/Library/Frameworks/Foundation.framework; sourceTree = SDKROOT; };
		D2B646E1197A7CE30074F36B /* CoreGraphics.framework */ = {isa = PBXFileReference; lastKnownFileType = wrapper.framework; name = CoreGraphics.framework; path = System/Library/Frameworks/CoreGraphics.framework; sourceTree = SDKROOT; };
		D2B646E3197A7CE30074F36B /* UIKit.framework */ = {isa = PBXFileReference; lastKnownFileType = wrapper.framework; name = UIKit.framework; path = System/Library/Frameworks/UIKit.framework; sourceTree = SDKROOT; };
		D2B646E7197A7CE30074F36B /* Mfeiji-Info.plist */ = {isa = PBXFileReference; lastKnownFileType = text.plist.xml; path = "Mfeiji-Info.plist"; sourceTree = "<group>"; };
		D2B646EB197A7CE30074F36B /* main.m */ = {isa = PBXFileReference; lastKnownFileType = sourcecode.c.objc; path = main.m; sourceTree = "<group>"; };
		D2B646ED197A7CE30074F36B /* Mfeiji-Prefix.pch */ = {isa = PBXFileReference; lastKnownFileType = sourcecode.c.h; path = "Mfeiji-Prefix.pch"; sourceTree = "<group>"; };
		D2B646EE197A7CE30074F36B /* AppDelegate.h */ = {isa = PBXFileReference; lastKnownFileType = sourcecode.c.h; path = AppDelegate.h; sourceTree = "<group>"; };
		D2B646EF197A7CE30074F36B /* AppDelegate.m */ = {isa = PBXFileReference; lastKnownFileType = sourcecode.c.objc; path = AppDelegate.m; sourceTree = "<group>"; };
		D2B646F1197A7CE30074F36B /* Images.xcassets */ = {isa = PBXFileReference; lastKnownFileType = folder.assetcatalog; path = Images.xcassets; sourceTree = "<group>"; };
		D2B646F7197A7CE30074F36B /* MfeijiTests.xctest */ = {isa = PBXFileReference; explicitFileType = wrapper.cfbundle; includeInIndex = 0; path = MfeijiTests.xctest; sourceTree = BUILT_PRODUCTS_DIR; };
		D2B646F8197A7CE30074F36B /* XCTest.framework */ = {isa = PBXFileReference; lastKnownFileType = wrapper.framework; name = XCTest.framework; path = Library/Frameworks/XCTest.framework; sourceTree = DEVELOPER_DIR; };
		D2B64700197A7CE30074F36B /* MfeijiTests-Info.plist */ = {isa = PBXFileReference; lastKnownFileType = text.plist.xml; path = "MfeijiTests-Info.plist"; sourceTree = "<group>"; };
		D2B64704197A7CE30074F36B /* MfeijiTests.m */ = {isa = PBXFileReference; lastKnownFileType = sourcecode.c.objc; path = MfeijiTests.m; sourceTree = "<group>"; };
		D2B64713197A7E9F0074F36B /* M_examViewController.h */ = {isa = PBXFileReference; fileEncoding = 4; lastKnownFileType = sourcecode.c.h; name = M_examViewController.h; path = Mfeiji/M_examViewController.h; sourceTree = "<group>"; };
		D2B64714197A7E9F0074F36B /* M_examViewController.m */ = {isa = PBXFileReference; fileEncoding = 4; lastKnownFileType = sourcecode.c.objc; name = M_examViewController.m; path = Mfeiji/M_examViewController.m; sourceTree = "<group>"; };
		D2B64716197A7EB20074F36B /* M_selfViewController.h */ = {isa = PBXFileReference; fileEncoding = 4; lastKnownFileType = sourcecode.c.h; name = M_selfViewController.h; path = Mfeiji/M_selfViewController.h; sourceTree = "<group>"; };
		D2B64717197A7EB20074F36B /* M_selfViewController.m */ = {isa = PBXFileReference; fileEncoding = 4; lastKnownFileType = sourcecode.c.objc; name = M_selfViewController.m; path = Mfeiji/M_selfViewController.m; sourceTree = "<group>"; };
		D2B6471C197A7EF20074F36B /* M_setViewController.h */ = {isa = PBXFileReference; fileEncoding = 4; lastKnownFileType = sourcecode.c.h; path = M_setViewController.h; sourceTree = "<group>"; };
		D2B6471D197A7EF20074F36B /* M_setViewController.m */ = {isa = PBXFileReference; fileEncoding = 4; lastKnownFileType = sourcecode.c.objc; path = M_setViewController.m; sourceTree = "<group>"; };
		D2B7906D19C8197A00D95A09 /* 40-40_1.png */ = {isa = PBXFileReference; lastKnownFileType = image.png; path = "40-40_1.png"; sourceTree = "<group>"; };
		D2BA702C19C142B500F442A6 /* Exam_showAnswerViewController.h */ = {isa = PBXFileReference; fileEncoding = 4; lastKnownFileType = sourcecode.c.h; path = Exam_showAnswerViewController.h; sourceTree = "<group>"; };
		D2BA702D19C142B500F442A6 /* Exam_showAnswerViewController.m */ = {isa = PBXFileReference; fileEncoding = 4; lastKnownFileType = sourcecode.c.objc; path = Exam_showAnswerViewController.m; sourceTree = "<group>"; };
		D2BA703119C1582F00F442A6 /* Exam_rankingListViewController.h */ = {isa = PBXFileReference; fileEncoding = 4; lastKnownFileType = sourcecode.c.h; path = Exam_rankingListViewController.h; sourceTree = "<group>"; };
		D2BA703219C1582F00F442A6 /* Exam_rankingListViewController.m */ = {isa = PBXFileReference; fileEncoding = 4; lastKnownFileType = sourcecode.c.objc; path = Exam_rankingListViewController.m; sourceTree = "<group>"; };
		D2BA703419C299B600F442A6 /* Exam_weiZuoViewController.h */ = {isa = PBXFileReference; fileEncoding = 4; lastKnownFileType = sourcecode.c.h; path = Exam_weiZuoViewController.h; sourceTree = "<group>"; };
		D2BA703519C299B600F442A6 /* Exam_weiZuoViewController.m */ = {isa = PBXFileReference; fileEncoding = 4; lastKnownFileType = sourcecode.c.objc; path = Exam_weiZuoViewController.m; sourceTree = "<group>"; };
		D2BA703A19C2BF1100F442A6 /* viewDelegate.h */ = {isa = PBXFileReference; lastKnownFileType = sourcecode.c.h; path = viewDelegate.h; sourceTree = "<group>"; };
		D2C9C2F9197CD00C00925D14 /* exam_user@2x.png */ = {isa = PBXFileReference; lastKnownFileType = image.png; path = "exam_user@2x.png"; sourceTree = "<group>"; };
		D2C9C2FA197CD00C00925D14 /* exam_pwd@2x.png */ = {isa = PBXFileReference; lastKnownFileType = image.png; path = "exam_pwd@2x.png"; sourceTree = "<group>"; };
		D2C9C2FB197CD00C00925D14 /* exam_circle@2x.png */ = {isa = PBXFileReference; lastKnownFileType = image.png; path = "exam_circle@2x.png"; sourceTree = "<group>"; };
		D2C9C2FC197CD00C00925D14 /* exam_start@2x.png */ = {isa = PBXFileReference; lastKnownFileType = image.png; path = "exam_start@2x.png"; sourceTree = "<group>"; };
		D2C9C2FD197CD00C00925D14 /* exam_woyaozhuce@2x.png */ = {isa = PBXFileReference; lastKnownFileType = image.png; path = "exam_woyaozhuce@2x.png"; sourceTree = "<group>"; };
		D2C9C2FE197CD00C00925D14 /* exam_budenglu@2x.png */ = {isa = PBXFileReference; lastKnownFileType = image.png; path = "exam_budenglu@2x.png"; sourceTree = "<group>"; };
		D2C9C305197CD01900925D14 /* exam_circle1@2x.png */ = {isa = PBXFileReference; lastKnownFileType = image.png; path = "exam_circle1@2x.png"; sourceTree = "<group>"; };
		D2C9C306197CD01900925D14 /* exam_bg@2x.png */ = {isa = PBXFileReference; lastKnownFileType = image.png; path = "exam_bg@2x.png"; sourceTree = "<group>"; };
		D2C9C307197CD01900925D14 /* public_home@2x.png */ = {isa = PBXFileReference; lastKnownFileType = image.png; path = "public_home@2x.png"; sourceTree = "<group>"; };
		D2C9C317197E00E400925D14 /* Exam_testViewController.h */ = {isa = PBXFileReference; fileEncoding = 4; lastKnownFileType = sourcecode.c.h; path = Exam_testViewController.h; sourceTree = "<group>"; };
		D2C9C318197E00E400925D14 /* Exam_testViewController.m */ = {isa = PBXFileReference; fileEncoding = 4; lastKnownFileType = sourcecode.c.objc; path = Exam_testViewController.m; sourceTree = "<group>"; };
		D2C9C31C197E17FE00925D14 /* start2@2x.png */ = {isa = PBXFileReference; lastKnownFileType = image.png; path = "start2@2x.png"; sourceTree = "<group>"; };
		D2C9C31F197E188900925D14 /* test_weizuo@2x.png */ = {isa = PBXFileReference; lastKnownFileType = image.png; path = "test_weizuo@2x.png"; sourceTree = "<group>"; };
		D2C9C320197E188900925D14 /* test_left@2x.png */ = {isa = PBXFileReference; lastKnownFileType = image.png; path = "test_left@2x.png"; sourceTree = "<group>"; };
		D2C9C323197E188900925D14 /* test_next@2x.png */ = {isa = PBXFileReference; lastKnownFileType = image.png; path = "test_next@2x.png"; sourceTree = "<group>"; };
		D2C9C324197E188900925D14 /* test_lan@2x.png */ = {isa = PBXFileReference; lastKnownFileType = image.png; path = "test_lan@2x.png"; sourceTree = "<group>"; };
		D2C9C325197E188900925D14 /* test_commit@2x.png */ = {isa = PBXFileReference; lastKnownFileType = image.png; path = "test_commit@2x.png"; sourceTree = "<group>"; };
		D2C9C331197E553B00925D14 /* result_paihang@2x.png */ = {isa = PBXFileReference; lastKnownFileType = image.png; path = "result_paihang@2x.png"; sourceTree = "<group>"; };
		D2C9C332197E553B00925D14 /* result_chakan@2x.png */ = {isa = PBXFileReference; lastKnownFileType = image.png; path = "result_chakan@2x.png"; sourceTree = "<group>"; };
		D2C9C333197E553B00925D14 /* result_tuichu@2x.png */ = {isa = PBXFileReference; lastKnownFileType = image.png; path = "result_tuichu@2x.png"; sourceTree = "<group>"; };
		D2C9C337197E557B00925D14 /* Exam_resultViewController.h */ = {isa = PBXFileReference; fileEncoding = 4; lastKnownFileType = sourcecode.c.h; path = Exam_resultViewController.h; sourceTree = "<group>"; };
		D2C9C338197E557B00925D14 /* Exam_resultViewController.m */ = {isa = PBXFileReference; fileEncoding = 4; lastKnownFileType = sourcecode.c.objc; path = Exam_resultViewController.m; sourceTree = "<group>"; };
		D2C9C3471981FE5000925D14 /* 120-120.png */ = {isa = PBXFileReference; lastKnownFileType = image.png; path = "120-120.png"; sourceTree = "<group>"; };
/* End PBXFileReference section */

/* Begin PBXFrameworksBuildPhase section */
		D2B646D9197A7CE30074F36B /* Frameworks */ = {
			isa = PBXFrameworksBuildPhase;
			buildActionMask = 2147483647;
			files = (
				D2AED33119C975ED00D82A74 /* libxml2.dylib in Frameworks */,
				D2AED32F19C975A300D82A74 /* libz.1.1.3.dylib in Frameworks */,
				D2AED32D19C9759800D82A74 /* CFNetwork.framework in Frameworks */,
				D2B646E2197A7CE30074F36B /* CoreGraphics.framework in Frameworks */,
				D2AED32B19C9758400D82A74 /* MobileCoreServices.framework in Frameworks */,
				D2AED32919C9757C00D82A74 /* SystemConfiguration.framework in Frameworks */,
				D2B646E4197A7CE30074F36B /* UIKit.framework in Frameworks */,
				D26817031990B4C500161A03 /* libWeChatSDK.a in Frameworks */,
				D2B646E0197A7CE30074F36B /* Foundation.framework in Frameworks */,
			);
			runOnlyForDeploymentPostprocessing = 0;
		};
		D2B646F4197A7CE30074F36B /* Frameworks */ = {
			isa = PBXFrameworksBuildPhase;
			buildActionMask = 2147483647;
			files = (
				D2B646F9197A7CE30074F36B /* XCTest.framework in Frameworks */,
				D2B646FB197A7CE30074F36B /* UIKit.framework in Frameworks */,
				D2B646FA197A7CE30074F36B /* Foundation.framework in Frameworks */,
			);
			runOnlyForDeploymentPostprocessing = 0;
		};
/* End PBXFrameworksBuildPhase section */

/* Begin PBXGroup section */
		D21FE931198F6D38008C2045 /* 注册 */ = {
			isa = PBXGroup;
			children = (
				D20E6C1619AAD9A900169439 /* reg_kuang@2x.png */,
				D20E6C1819AADA0200169439 /* reg_commit@2x.png */,
				D20E6C1A19AB06C100169439 /* reg_user@2x.png */,
				D26816F4198F775200161A03 /* M_regViewController.h */,
				D26816F5198F775200161A03 /* M_regViewController.m */,
			);
			path = "注册";
			sourceTree = "<group>";
		};
		D239492C198A339900975C27 /* 分享 */ = {
			isa = PBXGroup;
			children = (
				D26816FC1990B3E200161A03 /* M_public.h */,
				D26816FD1990B3E200161A03 /* M_public.m */,
			);
			name = "分享";
			path = ../Mfeiji/fenxiang;
			sourceTree = "<group>";
		};
		D26816FF1990B4C500161A03 /* WeiXin */ = {
			isa = PBXGroup;
			children = (
				D26817001990B4C500161A03 /* libWeChatSDK.a */,
				D26817011990B4C500161A03 /* WXApi.h */,
				D26817021990B4C500161A03 /* WXApiObject.h */,
			);
			name = WeiXin;
			path = ../WeiXin;
			sourceTree = "<group>";
		};
		D26817041990BC0400161A03 /* 第三方、pubulic */ = {
			isa = PBXGroup;
			children = (
				D2AED30319C9753900D82A74 /* ASIHttpLib */,
				D27B717F19B9A129001201B9 /* SDWebImage */,
				D2B41EBD19B43604006AD282 /* MBProgressHUD */,
				D2B41EA019B429B4006AD282 /* AFNetworking */,
				D2B4B84A19AC348D00F82D95 /* publicRequest.h */,
				D2B4B84B19AC348D00F82D95 /* publicRequest.m */,
				D239492C198A339900975C27 /* 分享 */,
				D26816FF1990B4C500161A03 /* WeiXin */,
			);
			name = "第三方、pubulic";
			path = "第三方";
			sourceTree = "<group>";
		};
		D27B717F19B9A129001201B9 /* SDWebImage */ = {
			isa = PBXGroup;
			children = (
				D27B718019B9A129001201B9 /* MKAnnotationView+WebCache.h */,
				D27B718119B9A129001201B9 /* MKAnnotationView+WebCache.m */,
				D27B718219B9A129001201B9 /* NSData+ImageContentType.h */,
				D27B718319B9A129001201B9 /* NSData+ImageContentType.m */,
				D27B718419B9A129001201B9 /* SDImageCache.h */,
				D27B718519B9A129001201B9 /* SDImageCache.m */,
				D27B718619B9A129001201B9 /* SDWebImageCompat.h */,
				D27B718719B9A129001201B9 /* SDWebImageCompat.m */,
				D27B718819B9A129001201B9 /* SDWebImageDecoder.h */,
				D27B718919B9A129001201B9 /* SDWebImageDecoder.m */,
				D27B718A19B9A129001201B9 /* SDWebImageDownloader.h */,
				D27B718B19B9A129001201B9 /* SDWebImageDownloader.m */,
				D27B718C19B9A129001201B9 /* SDWebImageDownloaderOperation.h */,
				D27B718D19B9A129001201B9 /* SDWebImageDownloaderOperation.m */,
				D27B718E19B9A129001201B9 /* SDWebImageManager.h */,
				D27B718F19B9A129001201B9 /* SDWebImageManager.m */,
				D27B719019B9A129001201B9 /* SDWebImageOperation.h */,
				D27B719119B9A129001201B9 /* SDWebImagePrefetcher.h */,
				D27B719219B9A129001201B9 /* SDWebImagePrefetcher.m */,
				D27B719319B9A129001201B9 /* UIButton+WebCache.h */,
				D27B719419B9A129001201B9 /* UIButton+WebCache.m */,
				D27B719519B9A129001201B9 /* UIImage+GIF.h */,
				D27B719619B9A129001201B9 /* UIImage+GIF.m */,
				D27B719719B9A129001201B9 /* UIImage+MultiFormat.h */,
				D27B719819B9A129001201B9 /* UIImage+MultiFormat.m */,
				D27B719919B9A129001201B9 /* UIImage+WebP.h */,
				D27B719A19B9A129001201B9 /* UIImage+WebP.m */,
				D27B719B19B9A129001201B9 /* UIImageView+WebCache.h */,
				D27B719C19B9A129001201B9 /* UIImageView+WebCache.m */,
			);
			path = SDWebImage;
			sourceTree = "<group>";
		};
		D285593F197BD00000F49779 /* 航校 */ = {
			isa = PBXGroup;
			children = (
				D2B31E1719CBCCA8003216D9 /* M_messageViewController.h */,
				D2B31E1819CBCCA8003216D9 /* M_messageViewController.m */,
			);
			name = "航校";
			path = liuyan;
			sourceTree = "<group>";
		};
		D2855954197C23DE00F49779 /* publicImage */ = {
			isa = PBXGroup;
			children = (
				D2B31E1A19CBDEE1003216D9 /* hui_bg@2x.png */,
				D2B31E0E19CAD2D0003216D9 /* home@2x.png */,
				D2B31E0619CAD224003216D9 /* my@2x.png */,
				D2B31E0C19CAD27A003216D9 /* set@2x.png */,
				D2B31E0819CAD24C003216D9 /* lanDi@2x.png */,
				D2B31E0919CAD24C003216D9 /* topR@2x.png */,
				D2B31E1219CAD6AD003216D9 /* hangxiao@2x.png */,
				D2394933198F4B5300975C27 /* public_head@2x.png */,
				D2C9C307197CD01900925D14 /* public_home@2x.png */,
				D2B491D7197BC1000080D4AC /* 引导页 */,
			);
			name = publicImage;
			sourceTree = "<group>";
		};
		D2855955197C242B00F49779 /* mySelf */ = {
			isa = PBXGroup;
			children = (
				D27B717C19B9977F001201B9 /* ImageSizeManager.h */,
				D27B717D19B9977F001201B9 /* ImageSizeManager.m */,
				D2B4B84919AC336200F82D95 /* my_images */,
				D2B64716197A7EB20074F36B /* M_selfViewController.h */,
				D2B64717197A7EB20074F36B /* M_selfViewController.m */,
			);
			name = mySelf;
			path = ..;
			sourceTree = "<group>";
		};
		D2855956197C24D200F49779 /* 考试 */ = {
			isa = PBXGroup;
			children = (
				D2C9C31E197E186E00925D14 /* exam_images */,
				D2B64713197A7E9F0074F36B /* M_examViewController.h */,
				D2B64714197A7E9F0074F36B /* M_examViewController.m */,
				D2C9C317197E00E400925D14 /* Exam_testViewController.h */,
				D2C9C318197E00E400925D14 /* Exam_testViewController.m */,
				D2C9C337197E557B00925D14 /* Exam_resultViewController.h */,
				D2C9C338197E557B00925D14 /* Exam_resultViewController.m */,
				D27B71AB19BEC9E5001201B9 /* Exam_checkViewController.h */,
				D27B71AC19BEC9E5001201B9 /* Exam_checkViewController.m */,
				D2BA702C19C142B500F442A6 /* Exam_showAnswerViewController.h */,
				D2BA702D19C142B500F442A6 /* Exam_showAnswerViewController.m */,
				D2BA703119C1582F00F442A6 /* Exam_rankingListViewController.h */,
				D2BA703219C1582F00F442A6 /* Exam_rankingListViewController.m */,
				D2BA703419C299B600F442A6 /* Exam_weiZuoViewController.h */,
				D2BA703519C299B600F442A6 /* Exam_weiZuoViewController.m */,
				D2BA703A19C2BF1100F442A6 /* viewDelegate.h */,
			);
			name = "考试";
			path = ..;
			sourceTree = "<group>";
		};
		D2AED30319C9753900D82A74 /* ASIHttpLib */ = {
			isa = PBXGroup;
			children = (
				D2AED30419C9753900D82A74 /* ASIAuthenticationDialog.h */,
				D2AED30519C9753900D82A74 /* ASIAuthenticationDialog.m */,
				D2AED30619C9753900D82A74 /* ASICacheDelegate.h */,
				D2AED30719C9753900D82A74 /* ASIDataCompressor.h */,
				D2AED30819C9753900D82A74 /* ASIDataCompressor.m */,
				D2AED30919C9753900D82A74 /* ASIDataDecompressor.h */,
				D2AED30A19C9753900D82A74 /* ASIDataDecompressor.m */,
				D2AED30B19C9753900D82A74 /* ASIDownloadCache.h */,
				D2AED30C19C9753900D82A74 /* ASIDownloadCache.m */,
				D2AED30D19C9753900D82A74 /* ASIFormDataRequest.h */,
				D2AED30E19C9753900D82A74 /* ASIFormDataRequest.m */,
				D2AED30F19C9753900D82A74 /* ASIHTTPRequest.h */,
				D2AED31019C9753900D82A74 /* ASIHTTPRequest.m */,
				D2AED31119C9753900D82A74 /* ASIHTTPRequestConfig.h */,
				D2AED31219C9753900D82A74 /* ASIHTTPRequestDelegate.h */,
				D2AED31319C9753900D82A74 /* ASIInputStream.h */,
				D2AED31419C9753900D82A74 /* ASIInputStream.m */,
				D2AED31519C9753900D82A74 /* ASINetworkQueue.h */,
				D2AED31619C9753900D82A74 /* ASINetworkQueue.m */,
				D2AED31719C9753900D82A74 /* ASIProgressDelegate.h */,
				D2AED31819C9753900D82A74 /* External */,
			);
			path = ASIHttpLib;
			sourceTree = "<group>";
		};
		D2AED31819C9753900D82A74 /* External */ = {
			isa = PBXGroup;
			children = (
				D2AED31919C9753900D82A74 /* GHUnit */,
				D2AED31B19C9753900D82A74 /* Reachability */,
			);
			path = External;
			sourceTree = "<group>";
		};
		D2AED31919C9753900D82A74 /* GHUnit */ = {
			isa = PBXGroup;
			children = (
				D2AED31A19C9753900D82A74 /* README-GHUnit */,
			);
			path = GHUnit;
			sourceTree = "<group>";
		};
		D2AED31B19C9753900D82A74 /* Reachability */ = {
			isa = PBXGroup;
			children = (
				D2AED31C19C9753900D82A74 /* PKReachability.h */,
				D2AED31D19C9753900D82A74 /* PKReachability.m */,
			);
			path = Reachability;
			sourceTree = "<group>";
		};
		D2B41EA019B429B4006AD282 /* AFNetworking */ = {
			isa = PBXGroup;
			children = (
				D2B41EA119B429B4006AD282 /* AFHTTPRequestOperation.h */,
				D2B41EA219B429B4006AD282 /* AFHTTPRequestOperation.m */,
				D2B41EA319B429B4006AD282 /* AFHTTPRequestOperationManager.h */,
				D2B41EA419B429B4006AD282 /* AFHTTPRequestOperationManager.m */,
				D2B41EA519B429B4006AD282 /* AFHTTPSessionManager.h */,
				D2B41EA619B429B4006AD282 /* AFHTTPSessionManager.m */,
				D2B41EA719B429B4006AD282 /* AFNetworking.h */,
				D2B41EA819B429B4006AD282 /* AFNetworkReachabilityManager.h */,
				D2B41EA919B429B4006AD282 /* AFNetworkReachabilityManager.m */,
				D2B41EAA19B429B4006AD282 /* AFSecurityPolicy.h */,
				D2B41EAB19B429B4006AD282 /* AFSecurityPolicy.m */,
				D2B41EAC19B429B4006AD282 /* AFURLConnectionOperation.h */,
				D2B41EAD19B429B4006AD282 /* AFURLConnectionOperation.m */,
				D2B41EAE19B429B4006AD282 /* AFURLRequestSerialization.h */,
				D2B41EAF19B429B4006AD282 /* AFURLRequestSerialization.m */,
				D2B41EB019B429B4006AD282 /* AFURLResponseSerialization.h */,
				D2B41EB119B429B4006AD282 /* AFURLResponseSerialization.m */,
				D2B41EB219B429B4006AD282 /* AFURLSessionManager.h */,
				D2B41EB319B429B4006AD282 /* AFURLSessionManager.m */,
			);
			path = AFNetworking;
			sourceTree = "<group>";
		};
		D2B41EBD19B43604006AD282 /* MBProgressHUD */ = {
			isa = PBXGroup;
			children = (
				D2B41EBE19B43604006AD282 /* MBProgressHUD.h */,
				D2B41EBF19B43604006AD282 /* MBProgressHUD.m */,
			);
			path = MBProgressHUD;
			sourceTree = "<group>";
		};
		D2B491D7197BC1000080D4AC /* 引导页 */ = {
			isa = PBXGroup;
			children = (
				D2C9C31C197E17FE00925D14 /* start2@2x.png */,
			);
			name = "引导页";
			sourceTree = "<group>";
		};
		D2B4B84819AC333300F82D95 /* set_images */ = {
			isa = PBXGroup;
			children = (
			);
			path = set_images;
			sourceTree = "<group>";
		};
		D2B4B84919AC336200F82D95 /* my_images */ = {
			isa = PBXGroup;
			children = (
			);
			path = my_images;
			sourceTree = "<group>";
		};
		D2B646D3197A7CE30074F36B = {
			isa = PBXGroup;
			children = (
				D2B31E1C19CBFD02003216D9 /* Default@2x.png */,
				D2C9C3471981FE5000925D14 /* 120-120.png */,
				D26817041990BC0400161A03 /* 第三方、pubulic */,
				D2855954197C23DE00F49779 /* publicImage */,
				D2B646E5197A7CE30074F36B /* Mfeiji */,
				D2B646FE197A7CE30074F36B /* MfeijiTests */,
				D2B646DE197A7CE30074F36B /* Frameworks */,
				D2B646DD197A7CE30074F36B /* Products */,
			);
			sourceTree = "<group>";
		};
		D2B646DD197A7CE30074F36B /* Products */ = {
			isa = PBXGroup;
			children = (
				D2B646DC197A7CE30074F36B /* Mfeiji.app */,
				D2B646F7197A7CE30074F36B /* MfeijiTests.xctest */,
			);
			name = Products;
			sourceTree = "<group>";
		};
		D2B646DE197A7CE30074F36B /* Frameworks */ = {
			isa = PBXGroup;
			children = (
				D2AED33019C975ED00D82A74 /* libxml2.dylib */,
				D2AED32E19C975A300D82A74 /* libz.1.1.3.dylib */,
				D2AED32C19C9759800D82A74 /* CFNetwork.framework */,
				D2AED32A19C9758400D82A74 /* MobileCoreServices.framework */,
				D2AED32819C9757C00D82A74 /* SystemConfiguration.framework */,
				D2B646DF197A7CE30074F36B /* Foundation.framework */,
				D2B646E1197A7CE30074F36B /* CoreGraphics.framework */,
				D2B646E3197A7CE30074F36B /* UIKit.framework */,
				D2B646F8197A7CE30074F36B /* XCTest.framework */,
			);
			name = Frameworks;
			sourceTree = "<group>";
		};
		D2B646E5197A7CE30074F36B /* Mfeiji */ = {
			isa = PBXGroup;
			children = (
				D21FE931198F6D38008C2045 /* 注册 */,
				D2C9C2F4197CC08300925D14 /* 设置 */,
				D2855955197C242B00F49779 /* mySelf */,
				D285593F197BD00000F49779 /* 航校 */,
				D2855956197C24D200F49779 /* 考试 */,
				D2B646EE197A7CE30074F36B /* AppDelegate.h */,
				D2B646EF197A7CE30074F36B /* AppDelegate.m */,
				D2B646F1197A7CE30074F36B /* Images.xcassets */,
				D2B646E6197A7CE30074F36B /* Supporting Files */,
			);
			path = Mfeiji;
			sourceTree = "<group>";
		};
		D2B646E6197A7CE30074F36B /* Supporting Files */ = {
			isa = PBXGroup;
			children = (
				D2B646E7197A7CE30074F36B /* Mfeiji-Info.plist */,
				D2B646EB197A7CE30074F36B /* main.m */,
				D2B31DFC19CA9618003216D9 /* InfoPlist.strings */,
				D2B646ED197A7CE30074F36B /* Mfeiji-Prefix.pch */,
			);
			name = "Supporting Files";
			sourceTree = "<group>";
		};
		D2B646FE197A7CE30074F36B /* MfeijiTests */ = {
			isa = PBXGroup;
			children = (
				D2B64704197A7CE30074F36B /* MfeijiTests.m */,
				D2B646FF197A7CE30074F36B /* Supporting Files */,
			);
			path = MfeijiTests;
			sourceTree = "<group>";
		};
		D2B646FF197A7CE30074F36B /* Supporting Files */ = {
			isa = PBXGroup;
			children = (
				D2B64700197A7CE30074F36B /* MfeijiTests-Info.plist */,
			);
			name = "Supporting Files";
			sourceTree = "<group>";
		};
		D2C9C2F4197CC08300925D14 /* 设置 */ = {
			isa = PBXGroup;
			children = (
				D2B4B84819AC333300F82D95 /* set_images */,
				D2B6471C197A7EF20074F36B /* M_setViewController.h */,
				D2B6471D197A7EF20074F36B /* M_setViewController.m */,
			);
			name = "设置";
			sourceTree = "<group>";
		};
		D2C9C31E197E186E00925D14 /* exam_images */ = {
			isa = PBXGroup;
			children = (
				D2B31E0419CAB522003216D9 /* 40-40.png */,
				D2B31E0219CAB3AE003216D9 /* test_bt.png */,
				D2B7906D19C8197A00D95A09 /* 40-40_1.png */,
				D2C9C2FB197CD00C00925D14 /* exam_circle@2x.png */,
				D2C9C305197CD01900925D14 /* exam_circle1@2x.png */,
				D2C9C306197CD01900925D14 /* exam_bg@2x.png */,
				D2C9C2F9197CD00C00925D14 /* exam_user@2x.png */,
				D2C9C2FA197CD00C00925D14 /* exam_pwd@2x.png */,
				D2C9C2FC197CD00C00925D14 /* exam_start@2x.png */,
				D2C9C2FD197CD00C00925D14 /* exam_woyaozhuce@2x.png */,
				D2C9C2FE197CD00C00925D14 /* exam_budenglu@2x.png */,
				D2C9C31F197E188900925D14 /* test_weizuo@2x.png */,
				D2C9C320197E188900925D14 /* test_left@2x.png */,
				D2C9C323197E188900925D14 /* test_next@2x.png */,
				D2C9C324197E188900925D14 /* test_lan@2x.png */,
				D2C9C325197E188900925D14 /* test_commit@2x.png */,
				D2C9C331197E553B00925D14 /* result_paihang@2x.png */,
				D2C9C332197E553B00925D14 /* result_chakan@2x.png */,
				D2C9C333197E553B00925D14 /* result_tuichu@2x.png */,
			);
			name = exam_images;
			sourceTree = "<group>";
		};
/* End PBXGroup section */

/* Begin PBXNativeTarget section */
		D2B646DB197A7CE30074F36B /* Mfeiji */ = {
			isa = PBXNativeTarget;
			buildConfigurationList = D2B64708197A7CE30074F36B /* Build configuration list for PBXNativeTarget "Mfeiji" */;
			buildPhases = (
				D2B646D8197A7CE30074F36B /* Sources */,
				D2B646D9197A7CE30074F36B /* Frameworks */,
				D2B646DA197A7CE30074F36B /* Resources */,
			);
			buildRules = (
			);
			dependencies = (
			);
			name = Mfeiji;
			productName = Mfeiji;
			productReference = D2B646DC197A7CE30074F36B /* Mfeiji.app */;
			productType = "com.apple.product-type.application";
		};
		D2B646F6197A7CE30074F36B /* MfeijiTests */ = {
			isa = PBXNativeTarget;
			buildConfigurationList = D2B6470B197A7CE30074F36B /* Build configuration list for PBXNativeTarget "MfeijiTests" */;
			buildPhases = (
				D2B646F3197A7CE30074F36B /* Sources */,
				D2B646F4197A7CE30074F36B /* Frameworks */,
				D2B646F5197A7CE30074F36B /* Resources */,
			);
			buildRules = (
			);
			dependencies = (
				D2B646FD197A7CE30074F36B /* PBXTargetDependency */,
			);
			name = MfeijiTests;
			productName = MfeijiTests;
			productReference = D2B646F7197A7CE30074F36B /* MfeijiTests.xctest */;
			productType = "com.apple.product-type.bundle.unit-test";
		};
/* End PBXNativeTarget section */

/* Begin PBXProject section */
		D2B646D4197A7CE30074F36B /* Project object */ = {
			isa = PBXProject;
			attributes = {
				LastUpgradeCheck = 0510;
				ORGANIZATIONNAME = susu;
				TargetAttributes = {
					D2B646F6197A7CE30074F36B = {
						TestTargetID = D2B646DB197A7CE30074F36B;
					};
				};
			};
			buildConfigurationList = D2B646D7197A7CE30074F36B /* Build configuration list for PBXProject "Mfeiji" */;
			compatibilityVersion = "Xcode 3.2";
			developmentRegion = English;
			hasScannedForEncodings = 0;
			knownRegions = (
				en,
				"zh-Hans",
				"zh-Hant",
			);
			mainGroup = D2B646D3197A7CE30074F36B;
			productRefGroup = D2B646DD197A7CE30074F36B /* Products */;
			projectDirPath = "";
			projectRoot = "";
			targets = (
				D2B646DB197A7CE30074F36B /* Mfeiji */,
				D2B646F6197A7CE30074F36B /* MfeijiTests */,
			);
		};
/* End PBXProject section */

/* Begin PBXResourcesBuildPhase section */
		D2B646DA197A7CE30074F36B /* Resources */ = {
			isa = PBXResourcesBuildPhase;
			buildActionMask = 2147483647;
			files = (
				D20E6C1919AADA0200169439 /* reg_commit@2x.png in Resources */,
				D2B31E0A19CAD24C003216D9 /* lanDi@2x.png in Resources */,
				D2C9C304197CD00C00925D14 /* exam_budenglu@2x.png in Resources */,
				D2C9C32C197E188900925D14 /* test_commit@2x.png in Resources */,
				D2B31E0D19CAD27A003216D9 /* set@2x.png in Resources */,
				D2AED32619C9753900D82A74 /* README-GHUnit in Resources */,
				D2C9C301197CD00C00925D14 /* exam_circle@2x.png in Resources */,
				D2C9C32A197E188900925D14 /* test_next@2x.png in Resources */,
				D2C9C30A197CD01900925D14 /* public_home@2x.png in Resources */,
				D2C9C302197CD00C00925D14 /* exam_start@2x.png in Resources */,
				D2C9C31D197E17FE00925D14 /* start2@2x.png in Resources */,
				D2C9C327197E188900925D14 /* test_left@2x.png in Resources */,
				D2C9C334197E553B00925D14 /* result_paihang@2x.png in Resources */,
				D2C9C336197E553B00925D14 /* result_tuichu@2x.png in Resources */,
				D2B31E0F19CAD2D0003216D9 /* home@2x.png in Resources */,
				D2B31E0519CAB522003216D9 /* 40-40.png in Resources */,
				D2B31DFA19CA9618003216D9 /* InfoPlist.strings in Resources */,
				D2B31E0319CAB3AE003216D9 /* test_bt.png in Resources */,
				D2C9C32B197E188900925D14 /* test_lan@2x.png in Resources */,
				D2B31E1D19CBFD02003216D9 /* Default@2x.png in Resources */,
				D2C9C308197CD01900925D14 /* exam_circle1@2x.png in Resources */,
				D2B31E0719CAD224003216D9 /* my@2x.png in Resources */,
				D2C9C300197CD00C00925D14 /* exam_pwd@2x.png in Resources */,
				D2394934198F4B5300975C27 /* public_head@2x.png in Resources */,
				D2C9C303197CD00C00925D14 /* exam_woyaozhuce@2x.png in Resources */,
				D2B7906F19C8197A00D95A09 /* 40-40_1.png in Resources */,
				D2C9C335197E553B00925D14 /* result_chakan@2x.png in Resources */,
				D2C9C2FF197CD00C00925D14 /* exam_user@2x.png in Resources */,
				D2C9C3481981FE5000925D14 /* 120-120.png in Resources */,
				D2C9C326197E188900925D14 /* test_weizuo@2x.png in Resources */,
				D2B31E1B19CBDEE1003216D9 /* hui_bg@2x.png in Resources */,
				D20E6C1719AAD9A900169439 /* reg_kuang@2x.png in Resources */,
				D2B646F2197A7CE30074F36B /* Images.xcassets in Resources */,
				D2B31E1319CAD6AD003216D9 /* hangxiao@2x.png in Resources */,
				D2C9C309197CD01900925D14 /* exam_bg@2x.png in Resources */,
				D20E6C1B19AB06C100169439 /* reg_user@2x.png in Resources */,
				D2B31E0B19CAD24C003216D9 /* topR@2x.png in Resources */,
			);
			runOnlyForDeploymentPostprocessing = 0;
		};
		D2B646F5197A7CE30074F36B /* Resources */ = {
			isa = PBXResourcesBuildPhase;
			buildActionMask = 2147483647;
			files = (
			);
			runOnlyForDeploymentPostprocessing = 0;
		};
/* End PBXResourcesBuildPhase section */

/* Begin PBXSourcesBuildPhase section */
		D2B646D8197A7CE30074F36B /* Sources */ = {
			isa = PBXSourcesBuildPhase;
			buildActionMask = 2147483647;
			files = (
				D2BA703019C14F1400F442A6 /* Exam_checkViewController.h in Sources */,
				D2B31E1919CBCCA8003216D9 /* M_messageViewController.m in Sources */,
				D2BA702F19C14D8E00F442A6 /* Exam_testViewController.h in Sources */,
				D2B4B84C19AC348D00F82D95 /* publicRequest.m in Sources */,
				D2B41EB719B429B4006AD282 /* AFNetworkReachabilityManager.m in Sources */,
				D2BA702E19C142B500F442A6 /* Exam_showAnswerViewController.m in Sources */,
				D2C9C339197E557B00925D14 /* Exam_resultViewController.m in Sources */,
				D26816F6198F775200161A03 /* M_regViewController.m in Sources */,
				D27B71A719B9A129001201B9 /* UIImage+GIF.m in Sources */,
				D27B71A319B9A129001201B9 /* SDWebImageDownloaderOperation.m in Sources */,
				D2BA703319C1582F00F442A6 /* Exam_rankingListViewController.m in Sources */,
				D2B41EBC19B429B4006AD282 /* AFURLSessionManager.m in Sources */,
				D27B719E19B9A129001201B9 /* NSData+ImageContentType.m in Sources */,
				D2AED31E19C9753900D82A74 /* ASIAuthenticationDialog.m in Sources */,
				D27B71AA19B9A129001201B9 /* UIImageView+WebCache.m in Sources */,
				D2AED32019C9753900D82A74 /* ASIDataDecompressor.m in Sources */,
				D2B6471E197A7EF20074F36B /* M_setViewController.m in Sources */,
				D2B64718197A7EB20074F36B /* M_selfViewController.m in Sources */,
				D2AED32319C9753900D82A74 /* ASIHTTPRequest.m in Sources */,
				D26816FE1990B3E200161A03 /* M_public.m in Sources */,
				D2AED32719C9753900D82A74 /* PKReachability.m in Sources */,
				D27B71AD19BEC9E5001201B9 /* Exam_checkViewController.m in Sources */,
				D27B71A019B9A129001201B9 /* SDWebImageCompat.m in Sources */,
				D27B71A819B9A129001201B9 /* UIImage+MultiFormat.m in Sources */,
				D2B646F0197A7CE30074F36B /* AppDelegate.m in Sources */,
				D27B71A919B9A129001201B9 /* UIImage+WebP.m in Sources */,
				D2AED32519C9753900D82A74 /* ASINetworkQueue.m in Sources */,
				D27B71A419B9A129001201B9 /* SDWebImageManager.m in Sources */,
				D27B719F19B9A129001201B9 /* SDImageCache.m in Sources */,
				D2B41EBB19B429B4006AD282 /* AFURLResponseSerialization.m in Sources */,
				D27B71A519B9A129001201B9 /* SDWebImagePrefetcher.m in Sources */,
				D2B41EC019B43604006AD282 /* MBProgressHUD.m in Sources */,
				D27B719D19B9A129001201B9 /* MKAnnotationView+WebCache.m in Sources */,
				D2B646EC197A7CE30074F36B /* main.m in Sources */,
				D2AED32219C9753900D82A74 /* ASIFormDataRequest.m in Sources */,
				D2B41EB419B429B4006AD282 /* AFHTTPRequestOperation.m in Sources */,
				D2AED31F19C9753900D82A74 /* ASIDataCompressor.m in Sources */,
				D2B41EB919B429B4006AD282 /* AFURLConnectionOperation.m in Sources */,
				D27B71A119B9A129001201B9 /* SDWebImageDecoder.m in Sources */,
				D2B41EB519B429B4006AD282 /* AFHTTPRequestOperationManager.m in Sources */,
				D2C9C319197E00E400925D14 /* Exam_testViewController.m in Sources */,
				D2B41EB819B429B4006AD282 /* AFSecurityPolicy.m in Sources */,
				D2BA703619C299B600F442A6 /* Exam_weiZuoViewController.m in Sources */,
				D27B71A619B9A129001201B9 /* UIButton+WebCache.m in Sources */,
				D2AED32419C9753900D82A74 /* ASIInputStream.m in Sources */,
				D27B71A219B9A129001201B9 /* SDWebImageDownloader.m in Sources */,
				D2AED32119C9753900D82A74 /* ASIDownloadCache.m in Sources */,
				D2B64715197A7E9F0074F36B /* M_examViewController.m in Sources */,
				D2B41EBA19B429B4006AD282 /* AFURLRequestSerialization.m in Sources */,
				D2B41EB619B429B4006AD282 /* AFHTTPSessionManager.m in Sources */,
				D27B717E19B9977F001201B9 /* ImageSizeManager.m in Sources */,
			);
			runOnlyForDeploymentPostprocessing = 0;
		};
		D2B646F3197A7CE30074F36B /* Sources */ = {
			isa = PBXSourcesBuildPhase;
			buildActionMask = 2147483647;
			files = (
				D2B64705197A7CE30074F36B /* MfeijiTests.m in Sources */,
			);
			runOnlyForDeploymentPostprocessing = 0;
		};
/* End PBXSourcesBuildPhase section */

/* Begin PBXTargetDependency section */
		D2B646FD197A7CE30074F36B /* PBXTargetDependency */ = {
			isa = PBXTargetDependency;
			target = D2B646DB197A7CE30074F36B /* Mfeiji */;
			targetProxy = D2B646FC197A7CE30074F36B /* PBXContainerItemProxy */;
		};
/* End PBXTargetDependency section */

/* Begin PBXVariantGroup section */
		D2B31DFC19CA9618003216D9 /* InfoPlist.strings */ = {
			isa = PBXVariantGroup;
			children = (
				D2B31DFB19CA9618003216D9 /* en */,
				D2B31E0119CAA179003216D9 /* zh-Hans */,
			);
			name = InfoPlist.strings;
			path = ..;
			sourceTree = "<group>";
		};
/* End PBXVariantGroup section */

/* Begin XCBuildConfiguration section */
		D2B64706197A7CE30074F36B /* Debug */ = {
			isa = XCBuildConfiguration;
			buildSettings = {
				ALWAYS_SEARCH_USER_PATHS = NO;
				CLANG_CXX_LANGUAGE_STANDARD = "gnu++0x";
				CLANG_CXX_LIBRARY = "libc++";
				CLANG_ENABLE_MODULES = YES;
				CLANG_ENABLE_OBJC_ARC = YES;
				CLANG_WARN_BOOL_CONVERSION = YES;
				CLANG_WARN_CONSTANT_CONVERSION = YES;
				CLANG_WARN_DIRECT_OBJC_ISA_USAGE = YES_ERROR;
				CLANG_WARN_EMPTY_BODY = YES;
				CLANG_WARN_ENUM_CONVERSION = YES;
				CLANG_WARN_INT_CONVERSION = YES;
				CLANG_WARN_OBJC_ROOT_CLASS = YES_ERROR;
				CLANG_WARN__DUPLICATE_METHOD_MATCH = YES;
				"CODE_SIGN_IDENTITY[sdk=iphoneos*]" = "iPhone Developer";
				COPY_PHASE_STRIP = NO;
				GCC_C_LANGUAGE_STANDARD = gnu99;
				GCC_DYNAMIC_NO_PIC = NO;
				GCC_OPTIMIZATION_LEVEL = 0;
				GCC_PREPROCESSOR_DEFINITIONS = (
					"DEBUG=1",
					"$(inherited)",
				);
				GCC_SYMBOLS_PRIVATE_EXTERN = NO;
				GCC_WARN_64_TO_32_BIT_CONVERSION = YES;
				GCC_WARN_ABOUT_RETURN_TYPE = YES_ERROR;
				GCC_WARN_UNDECLARED_SELECTOR = YES;
				GCC_WARN_UNINITIALIZED_AUTOS = YES_AGGRESSIVE;
				GCC_WARN_UNUSED_FUNCTION = YES;
				GCC_WARN_UNUSED_VARIABLE = YES;
				IPHONEOS_DEPLOYMENT_TARGET = 7.0;
				ONLY_ACTIVE_ARCH = YES;
				PRODUCT_NAME = Mfeiji;
				PROVISIONING_PROFILE = "fd44c330-043f-4f9d-a743-df629db555df";
				SDKROOT = iphoneos;
			};
			name = Debug;
		};
		D2B64707197A7CE30074F36B /* Release */ = {
			isa = XCBuildConfiguration;
			buildSettings = {
				ALWAYS_SEARCH_USER_PATHS = NO;
				CLANG_CXX_LANGUAGE_STANDARD = "gnu++0x";
				CLANG_CXX_LIBRARY = "libc++";
				CLANG_ENABLE_MODULES = YES;
				CLANG_ENABLE_OBJC_ARC = YES;
				CLANG_WARN_BOOL_CONVERSION = YES;
				CLANG_WARN_CONSTANT_CONVERSION = YES;
				CLANG_WARN_DIRECT_OBJC_ISA_USAGE = YES_ERROR;
				CLANG_WARN_EMPTY_BODY = YES;
				CLANG_WARN_ENUM_CONVERSION = YES;
				CLANG_WARN_INT_CONVERSION = YES;
				CLANG_WARN_OBJC_ROOT_CLASS = YES_ERROR;
				CLANG_WARN__DUPLICATE_METHOD_MATCH = YES;
				CODE_SIGN_IDENTITY = "iPhone Developer: xiao lin (R2BGXW35HH)";
				"CODE_SIGN_IDENTITY[sdk=iphoneos*]" = "iPhone Developer: xiao lin (R2BGXW35HH)";
				COPY_PHASE_STRIP = YES;
				ENABLE_NS_ASSERTIONS = NO;
				GCC_C_LANGUAGE_STANDARD = gnu99;
				GCC_WARN_64_TO_32_BIT_CONVERSION = YES;
				GCC_WARN_ABOUT_RETURN_TYPE = YES_ERROR;
				GCC_WARN_UNDECLARED_SELECTOR = YES;
				GCC_WARN_UNINITIALIZED_AUTOS = YES_AGGRESSIVE;
				GCC_WARN_UNUSED_FUNCTION = YES;
				GCC_WARN_UNUSED_VARIABLE = YES;
				IPHONEOS_DEPLOYMENT_TARGET = 7.0;
				PRODUCT_NAME = Mfeiji;
				PROVISIONING_PROFILE = "fd44c330-043f-4f9d-a743-df629db555df";
				SDKROOT = iphoneos;
				VALIDATE_PRODUCT = YES;
			};
			name = Release;
		};
		D2B64709197A7CE30074F36B /* Debug */ = {
			isa = XCBuildConfiguration;
			buildSettings = {
				ASSETCATALOG_COMPILER_APPICON_NAME = "AppIcon-2";
				ASSETCATALOG_COMPILER_LAUNCHIMAGE_NAME = LaunchImage;
				CODE_SIGN_IDENTITY = "iPhone Developer";
				"CODE_SIGN_IDENTITY[sdk=iphoneos*]" = "iPhone Developer";
				GCC_PRECOMPILE_PREFIX_HEADER = YES;
				GCC_PREFIX_HEADER = "Mfeiji/Mfeiji-Prefix.pch";
				HEADER_SEARCH_PATHS = "${SDK_DIR}/user/include/libxml2";
				INFOPLIST_FILE = "Mfeiji/Mfeiji-Info.plist";
				IPHONEOS_DEPLOYMENT_TARGET = 7.0;
				LIBRARY_SEARCH_PATHS = (
					"$(inherited)",
					"$(PROJECT_DIR)/WeiXin",
				);
				OTHER_LDFLAGS = "";
				PRODUCT_NAME = Mfeiji;
				PROVISIONING_PROFILE = "";
				WRAPPER_EXTENSION = app;
			};
			name = Debug;
		};
		D2B6470A197A7CE30074F36B /* Release */ = {
			isa = XCBuildConfiguration;
			buildSettings = {
				ASSETCATALOG_COMPILER_APPICON_NAME = "AppIcon-2";
				ASSETCATALOG_COMPILER_LAUNCHIMAGE_NAME = LaunchImage;
				CODE_SIGN_IDENTITY = "iPhone Developer";
				"CODE_SIGN_IDENTITY[sdk=iphoneos*]" = "iPhone Developer";
				GCC_PRECOMPILE_PREFIX_HEADER = YES;
				GCC_PREFIX_HEADER = "Mfeiji/Mfeiji-Prefix.pch";
				HEADER_SEARCH_PATHS = "${SDK_DIR}/user/include/libxml2";
				INFOPLIST_FILE = "Mfeiji/Mfeiji-Info.plist";
				IPHONEOS_DEPLOYMENT_TARGET = 7.0;
				LIBRARY_SEARCH_PATHS = (
					"$(inherited)",
					"$(PROJECT_DIR)/WeiXin",
				);
				OTHER_LDFLAGS = "";
				PRODUCT_NAME = Mfeiji;
				PROVISIONING_PROFILE = "";
				WRAPPER_EXTENSION = app;
			};
			name = Release;
		};
		D2B6470C197A7CE30074F36B /* Debug */ = {
			isa = XCBuildConfiguration;
			buildSettings = {
				BUNDLE_LOADER = "$(BUILT_PRODUCTS_DIR)/Mfeiji.app/Mfeiji";
				FRAMEWORK_SEARCH_PATHS = (
					"$(SDKROOT)/Developer/Library/Frameworks",
					"$(inherited)",
					"$(DEVELOPER_FRAMEWORKS_DIR)",
				);
				GCC_PRECOMPILE_PREFIX_HEADER = YES;
				GCC_PREFIX_HEADER = "Mfeiji/Mfeiji-Prefix.pch";
				GCC_PREPROCESSOR_DEFINITIONS = (
					"DEBUG=1",
					"$(inherited)",
				);
				INFOPLIST_FILE = "MfeijiTests/MfeijiTests-Info.plist";
				PRODUCT_NAME = "$(TARGET_NAME)";
				TEST_HOST = "$(BUNDLE_LOADER)";
				WRAPPER_EXTENSION = xctest;
			};
			name = Debug;
		};
		D2B6470D197A7CE30074F36B /* Release */ = {
			isa = XCBuildConfiguration;
			buildSettings = {
				BUNDLE_LOADER = "$(BUILT_PRODUCTS_DIR)/Mfeiji.app/Mfeiji";
				FRAMEWORK_SEARCH_PATHS = (
					"$(SDKROOT)/Developer/Library/Frameworks",
					"$(inherited)",
					"$(DEVELOPER_FRAMEWORKS_DIR)",
				);
				GCC_PRECOMPILE_PREFIX_HEADER = YES;
				GCC_PREFIX_HEADER = "Mfeiji/Mfeiji-Prefix.pch";
				INFOPLIST_FILE = "MfeijiTests/MfeijiTests-Info.plist";
				PRODUCT_NAME = "$(TARGET_NAME)";
				TEST_HOST = "$(BUNDLE_LOADER)";
				WRAPPER_EXTENSION = xctest;
			};
			name = Release;
		};
/* End XCBuildConfiguration section */

/* Begin XCConfigurationList section */
		D2B646D7197A7CE30074F36B /* Build configuration list for PBXProject "Mfeiji" */ = {
			isa = XCConfigurationList;
			buildConfigurations = (
				D2B64706197A7CE30074F36B /* Debug */,
				D2B64707197A7CE30074F36B /* Release */,
			);
			defaultConfigurationIsVisible = 0;
			defaultConfigurationName = Release;
		};
		D2B64708197A7CE30074F36B /* Build configuration list for PBXNativeTarget "Mfeiji" */ = {
			isa = XCConfigurationList;
			buildConfigurations = (
				D2B64709197A7CE30074F36B /* Debug */,
				D2B6470A197A7CE30074F36B /* Release */,
			);
			defaultConfigurationIsVisible = 0;
			defaultConfigurationName = Release;
		};
		D2B6470B197A7CE30074F36B /* Build configuration list for PBXNativeTarget "MfeijiTests" */ = {
			isa = XCConfigurationList;
			buildConfigurations = (
				D2B6470C197A7CE30074F36B /* Debug */,
				D2B6470D197A7CE30074F36B /* Release */,
			);
			defaultConfigurationIsVisible = 0;
			defaultConfigurationName = Release;
		};
/* End XCConfigurationList section */
	};
	rootObject = D2B646D4197A7CE30074F36B /* Project object */;
}
