// !$*UTF8*$!
{
	archiveVersion = 1;
	classes = {
	};
	objectVersion = 46;
	objects = {

/* Begin PBXBuildFile section */
		D2B646E0197A7CE30074F36B /* Foundation.framework in Frameworks */ = {isa = PBXBuildFile; fileRef = D2B646DF197A7CE30074F36B /* Foundation.framework */; };
		D2B646E2197A7CE30074F36B /* CoreGraphics.framework in Frameworks */ = {isa = PBXBuildFile; fileRef = D2B646E1197A7CE30074F36B /* CoreGraphics.framework */; };
		D2B646E4197A7CE30074F36B /* UIKit.framework in Frameworks */ = {isa = PBXBuildFile; fileRef = D2B646E3197A7CE30074F36B /* UIKit.framework */; };
		D2B646EA197A7CE30074F36B /* InfoPlist.strings in Resources */ = {isa = PBXBuildFile; fileRef = D2B646E8197A7CE30074F36B /* InfoPlist.strings */; };
		D2B646EC197A7CE30074F36B /* main.m in Sources */ = {isa = PBXBuildFile; fileRef = D2B646EB197A7CE30074F36B /* main.m */; };
		D2B646F0197A7CE30074F36B /* AppDelegate.m in Sources */ = {isa = PBXBuildFile; fileRef = D2B646EF197A7CE30074F36B /* AppDelegate.m */; };
		D2B646F2197A7CE30074F36B /* Images.xcassets in Resources */ = {isa = PBXBuildFile; fileRef = D2B646F1197A7CE30074F36B /* Images.xcassets */; };
		D2B646F9197A7CE30074F36B /* XCTest.framework in Frameworks */ = {isa = PBXBuildFile; fileRef = D2B646F8197A7CE30074F36B /* XCTest.framework */; };
		D2B646FA197A7CE30074F36B /* Foundation.framework in Frameworks */ = {isa = PBXBuildFile; fileRef = D2B646DF197A7CE30074F36B /* Foundation.framework */; };
		D2B646FB197A7CE30074F36B /* UIKit.framework in Frameworks */ = {isa = PBXBuildFile; fileRef = D2B646E3197A7CE30074F36B /* UIKit.framework */; };
		D2B64703197A7CE30074F36B /* InfoPlist.strings in Resources */ = {isa = PBXBuildFile; fileRef = D2B64701197A7CE30074F36B /* InfoPlist.strings */; };
		D2B64705197A7CE30074F36B /* MfeijiTests.m in Sources */ = {isa = PBXBuildFile; fileRef = D2B64704197A7CE30074F36B /* MfeijiTests.m */; };
/* End PBXBuildFile section */

/* Begin PBXContainerItemProxy section */
		D2B646FC197A7CE30074F36B /* PBXContainerItemProxy */ = {
			isa = PBXContainerItemProxy;
			containerPortal = D2B646D4197A7CE30074F36B /* Project object */;
			proxyType = 1;
			remoteGlobalIDString = D2B646DB197A7CE30074F36B;
			remoteInfo = Mfeiji;
		};
/* End PBXContainerItemProxy section */

/* Begin PBXFileReference section */
		D2B646DC197A7CE30074F36B /* Mfeiji.app */ = {isa = PBXFileReference; explicitFileType = wrapper.application; includeInIndex = 0; path = Mfeiji.app; sourceTree = BUILT_PRODUCTS_DIR; };
		D2B646DF197A7CE30074F36B /* Foundation.framework */ = {isa = PBXFileReference; lastKnownFileType = wrapper.framework; name = Foundation.framework; path = System/Library/Frameworks/Foundation.framework; sourceTree = SDKROOT; };
		D2B646E1197A7CE30074F36B /* CoreGraphics.framework */ = {isa = PBXFileReference; lastKnownFileType = wrapper.framework; name = CoreGraphics.framework; path = System/Library/Frameworks/CoreGraphics.framework; sourceTree = SDKROOT; };
		D2B646E3197A7CE30074F36B /* UIKit.framework */ = {isa = PBXFileReference; lastKnownFileType = wrapper.framework; name = UIKit.framework; path = System/Library/Frameworks/UIKit.framework; sourceTree = SDKROOT; };
		D2B646E7197A7CE30074F36B /* Mfeiji-Info.plist */ = {isa = PBXFileReference; lastKnownFileType = text.plist.xml; path = "Mfeiji-Info.plist"; sourceTree = "<group>"; };
		D2B646E9197A7CE30074F36B /* en */ = {isa = PBXFileReference; lastKnownFileType = text.plist.strings; name = en; path = en.lproj/InfoPlist.strings; sourceTree = "<group>"; };
		D2B646EB197A7CE30074F36B /* main.m */ = {isa = PBXFileReference; lastKnownFileType = sourcecode.c.objc; path = main.m; sourceTree = "<group>"; };
		D2B646ED197A7CE30074F36B /* Mfeiji-Prefix.pch */ = {isa = PBXFileReference; lastKnownFileType = sourcecode.c.h; path = "Mfeiji-Prefix.pch"; sourceTree = "<group>"; };
		D2B646EE197A7CE30074F36B /* AppDelegate.h */ = {isa = PBXFileReference; lastKnownFileType = sourcecode.c.h; path = AppDelegate.h; sourceTree = "<group>"; };
		D2B646EF197A7CE30074F36B /* AppDelegate.m */ = {isa = PBXFileReference; lastKnownFileType = sourcecode.c.objc; path = AppDelegate.m; sourceTree = "<group>"; };
		D2B646F1197A7CE30074F36B /* Images.xcassets */ = {isa = PBXFileReference; lastKnownFileType = folder.assetcatalog; path = Images.xcassets; sourceTree = "<group>"; };
		D2B646F7197A7CE30074F36B /* MfeijiTests.xctest */ = {isa = PBXFileReference; explicitFileType = wrapper.cfbundle; includeInIndex = 0; path = MfeijiTests.xctest; sourceTree = BUILT_PRODUCTS_DIR; };
		D2B646F8197A7CE30074F36B /* XCTest.framework */ = {isa = PBXFileReference; lastKnownFileType = wrapper.framework; name = XCTest.framework; path = Library/Frameworks/XCTest.framework; sourceTree = DEVELOPER_DIR; };
		D2B64700197A7CE30074F36B /* MfeijiTests-Info.plist */ = {isa = PBXFileReference; lastKnownFileType = text.plist.xml; path = "MfeijiTests-Info.plist"; sourceTree = "<group>"; };
		D2B64702197A7CE30074F36B /* en */ = {isa = PBXFileReference; lastKnownFileType = text.plist.strings; name = en; path = en.lproj/InfoPlist.strings; sourceTree = "<group>"; };
		D2B64704197A7CE30074F36B /* MfeijiTests.m */ = {isa = PBXFileReference; lastKnownFileType = sourcecode.c.objc; path = MfeijiTests.m; sourceTree = "<group>"; };
/* End PBXFileReference section */

/* Begin PBXFrameworksBuildPhase section */
		D2B646D9197A7CE30074F36B /* Frameworks */ = {
			isa = PBXFrameworksBuildPhase;
			buildActionMask = 2147483647;
			files = (
				D2B646E2197A7CE30074F36B /* CoreGraphics.framework in Frameworks */,
				D2B646E4197A7CE30074F36B /* UIKit.framework in Frameworks */,
				D2B646E0197A7CE30074F36B /* Foundation.framework in Frameworks */,
			);
			runOnlyForDeploymentPostprocessing = 0;
		};
		D2B646F4197A7CE30074F36B /* Frameworks */ = {
			isa = PBXFrameworksBuildPhase;
			buildActionMask = 2147483647;
			files = (
				D2B646F9197A7CE30074F36B /* XCTest.framework in Frameworks */,
				D2B646FB197A7CE30074F36B /* UIKit.framework in Frameworks */,
				D2B646FA197A7CE30074F36B /* Foundation.framework in Frameworks */,
			);
			runOnlyForDeploymentPostprocessing = 0;
		};
/* End PBXFrameworksBuildPhase section */

/* Begin PBXGroup section */
		D2B646D3197A7CE30074F36B = {
			isa = PBXGroup;
			children = (
				D2B646E5197A7CE30074F36B /* Mfeiji */,
				D2B646FE197A7CE30074F36B /* MfeijiTests */,
				D2B646DE197A7CE30074F36B /* Frameworks */,
				D2B646DD197A7CE30074F36B /* Products */,
			);
			sourceTree = "<group>";
		};
		D2B646DD197A7CE30074F36B /* Products */ = {
			isa = PBXGroup;
			children = (
				D2B646DC197A7CE30074F36B /* Mfeiji.app */,
				D2B646F7197A7CE30074F36B /* MfeijiTests.xctest */,
			);
			name = Products;
			sourceTree = "<group>";
		};
		D2B646DE197A7CE30074F36B /* Frameworks */ = {
			isa = PBXGroup;
			children = (
				D2B646DF197A7CE30074F36B /* Foundation.framework */,
				D2B646E1197A7CE30074F36B /* CoreGraphics.framework */,
				D2B646E3197A7CE30074F36B /* UIKit.framework */,
				D2B646F8197A7CE30074F36B /* XCTest.framework */,
			);
			name = Frameworks;
			sourceTree = "<group>";
		};
		D2B646E5197A7CE30074F36B /* Mfeiji */ = {
			isa = PBXGroup;
			children = (
				D2B646EE197A7CE30074F36B /* AppDelegate.h */,
				D2B646EF197A7CE30074F36B /* AppDelegate.m */,
				D2B646F1197A7CE30074F36B /* Images.xcassets */,
				D2B646E6197A7CE30074F36B /* Supporting Files */,
			);
			path = Mfeiji;
			sourceTree = "<group>";
		};
		D2B646E6197A7CE30074F36B /* Supporting Files */ = {
			isa = PBXGroup;
			children = (
				D2B646E7197A7CE30074F36B /* Mfeiji-Info.plist */,
				D2B646E8197A7CE30074F36B /* InfoPlist.strings */,
				D2B646EB197A7CE30074F36B /* main.m */,
				D2B646ED197A7CE30074F36B /* Mfeiji-Prefix.pch */,
			);
			name = "Supporting Files";
			sourceTree = "<group>";
		};
		D2B646FE197A7CE30074F36B /* MfeijiTests */ = {
			isa = PBXGroup;
			children = (
				D2B64704197A7CE30074F36B /* MfeijiTests.m */,
				D2B646FF197A7CE30074F36B /* Supporting Files */,
			);
			path = MfeijiTests;
			sourceTree = "<group>";
		};
		D2B646FF197A7CE30074F36B /* Supporting Files */ = {
			isa = PBXGroup;
			children = (
				D2B64700197A7CE30074F36B /* MfeijiTests-Info.plist */,
				D2B64701197A7CE30074F36B /* InfoPlist.strings */,
			);
			name = "Supporting Files";
			sourceTree = "<group>";
		};
/* End PBXGroup section */

/* Begin PBXNativeTarget section */
		D2B646DB197A7CE30074F36B /* Mfeiji */ = {
			isa = PBXNativeTarget;
			buildConfigurationList = D2B64708197A7CE30074F36B /* Build configuration list for PBXNativeTarget "Mfeiji" */;
			buildPhases = (
				D2B646D8197A7CE30074F36B /* Sources */,
				D2B646D9197A7CE30074F36B /* Frameworks */,
				D2B646DA197A7CE30074F36B /* Resources */,
			);
			buildRules = (
			);
			dependencies = (
			);
			name = Mfeiji;
			productName = Mfeiji;
			productReference = D2B646DC197A7CE30074F36B /* Mfeiji.app */;
			productType = "com.apple.product-type.application";
		};
		D2B646F6197A7CE30074F36B /* MfeijiTests */ = {
			isa = PBXNativeTarget;
			buildConfigurationList = D2B6470B197A7CE30074F36B /* Build configuration list for PBXNativeTarget "MfeijiTests" */;
			buildPhases = (
				D2B646F3197A7CE30074F36B /* Sources */,
				D2B646F4197A7CE30074F36B /* Frameworks */,
				D2B646F5197A7CE30074F36B /* Resources */,
			);
			buildRules = (
			);
			dependencies = (
				D2B646FD197A7CE30074F36B /* PBXTargetDependency */,
			);
			name = MfeijiTests;
			productName = MfeijiTests;
			productReference = D2B646F7197A7CE30074F36B /* MfeijiTests.xctest */;
			productType = "com.apple.product-type.bundle.unit-test";
		};
/* End PBXNativeTarget section */

/* Begin PBXProject section */
		D2B646D4197A7CE30074F36B /* Project object */ = {
			isa = PBXProject;
			attributes = {
				LastUpgradeCheck = 0510;
				ORGANIZATIONNAME = susu;
				TargetAttributes = {
					D2B646F6197A7CE30074F36B = {
						TestTargetID = D2B646DB197A7CE30074F36B;
					};
				};
			};
			buildConfigurationList = D2B646D7197A7CE30074F36B /* Build configuration list for PBXProject "Mfeiji" */;
			compatibilityVersion = "Xcode 3.2";
			developmentRegion = English;
			hasScannedForEncodings = 0;
			knownRegions = (
				en,
			);
			mainGroup = D2B646D3197A7CE30074F36B;
			productRefGroup = D2B646DD197A7CE30074F36B /* Products */;
			projectDirPath = "";
			projectRoot = "";
			targets = (
				D2B646DB197A7CE30074F36B /* Mfeiji */,
				D2B646F6197A7CE30074F36B /* MfeijiTests */,
			);
		};
/* End PBXProject section */

/* Begin PBXResourcesBuildPhase section */
		D2B646DA197A7CE30074F36B /* Resources */ = {
			isa = PBXResourcesBuildPhase;
			buildActionMask = 2147483647;
			files = (
				D2B646EA197A7CE30074F36B /* InfoPlist.strings in Resources */,
				D2B646F2197A7CE30074F36B /* Images.xcassets in Resources */,
			);
			runOnlyForDeploymentPostprocessing = 0;
		};
		D2B646F5197A7CE30074F36B /* Resources */ = {
			isa = PBXResourcesBuildPhase;
			buildActionMask = 2147483647;
			files = (
				D2B64703197A7CE30074F36B /* InfoPlist.strings in Resources */,
			);
			runOnlyForDeploymentPostprocessing = 0;
		};
/* End PBXResourcesBuildPhase section */

/* Begin PBXSourcesBuildPhase section */
		D2B646D8197A7CE30074F36B /* Sources */ = {
			isa = PBXSourcesBuildPhase;
			buildActionMask = 2147483647;
			files = (
				D2B646F0197A7CE30074F36B /* AppDelegate.m in Sources */,
				D2B646EC197A7CE30074F36B /* main.m in Sources */,
			);
			runOnlyForDeploymentPostprocessing = 0;
		};
		D2B646F3197A7CE30074F36B /* Sources */ = {
			isa = PBXSourcesBuildPhase;
			buildActionMask = 2147483647;
			files = (
				D2B64705197A7CE30074F36B /* MfeijiTests.m in Sources */,
			);
			runOnlyForDeploymentPostprocessing = 0;
		};
/* End PBXSourcesBuildPhase section */

/* Begin PBXTargetDependency section */
		D2B646FD197A7CE30074F36B /* PBXTargetDependency */ = {
			isa = PBXTargetDependency;
			target = D2B646DB197A7CE30074F36B /* Mfeiji */;
			targetProxy = D2B646FC197A7CE30074F36B /* PBXContainerItemProxy */;
		};
/* End PBXTargetDependency section */

/* Begin PBXVariantGroup section */
		D2B646E8197A7CE30074F36B /* InfoPlist.strings */ = {
			isa = PBXVariantGroup;
			children = (
				D2B646E9197A7CE30074F36B /* en */,
			);
			name = InfoPlist.strings;
			sourceTree = "<group>";
		};
		D2B64701197A7CE30074F36B /* InfoPlist.strings */ = {
			isa = PBXVariantGroup;
			children = (
				D2B64702197A7CE30074F36B /* en */,
			);
			name = InfoPlist.strings;
			sourceTree = "<group>";
		};
/* End PBXVariantGroup section */

/* Begin XCBuildConfiguration section */
		D2B64706197A7CE30074F36B /* Debug */ = {
			isa = XCBuildConfiguration;
			buildSettings = {
				ALWAYS_SEARCH_USER_PATHS = NO;
				CLANG_CXX_LANGUAGE_STANDARD = "gnu++0x";
				CLANG_CXX_LIBRARY = "libc++";
				CLANG_ENABLE_MODULES = YES;
				CLANG_ENABLE_OBJC_ARC = YES;
				CLANG_WARN_BOOL_CONVERSION = YES;
				CLANG_WARN_CONSTANT_CONVERSION = YES;
				CLANG_WARN_DIRECT_OBJC_ISA_USAGE = YES_ERROR;
				CLANG_WARN_EMPTY_BODY = YES;
				CLANG_WARN_ENUM_CONVERSION = YES;
				CLANG_WARN_INT_CONVERSION = YES;
				CLANG_WARN_OBJC_ROOT_CLASS = YES_ERROR;
				CLANG_WARN__DUPLICATE_METHOD_MATCH = YES;
				"CODE_SIGN_IDENTITY[sdk=iphoneos*]" = "iPhone Developer";
				COPY_PHASE_STRIP = NO;
				GCC_C_LANGUAGE_STANDARD = gnu99;
				GCC_DYNAMIC_NO_PIC = NO;
				GCC_OPTIMIZATION_LEVEL = 0;
				GCC_PREPROCESSOR_DEFINITIONS = (
					"DEBUG=1",
					"$(inherited)",
				);
				GCC_SYMBOLS_PRIVATE_EXTERN = NO;
				GCC_WARN_64_TO_32_BIT_CONVERSION = YES;
				GCC_WARN_ABOUT_RETURN_TYPE = YES_ERROR;
				GCC_WARN_UNDECLARED_SELECTOR = YES;
				GCC_WARN_UNINITIALIZED_AUTOS = YES_AGGRESSIVE;
				GCC_WARN_UNUSED_FUNCTION = YES;
				GCC_WARN_UNUSED_VARIABLE = YES;
				IPHONEOS_DEPLOYMENT_TARGET = 7.1;
				ONLY_ACTIVE_ARCH = YES;
				SDKROOT = iphoneos;
			};
			name = Debug;
		};
		D2B64707197A7CE30074F36B /* Release */ = {
			isa = XCBuildConfiguration;
			buildSettings = {
				ALWAYS_SEARCH_USER_PATHS = NO;
				CLANG_CXX_LANGUAGE_STANDARD = "gnu++0x";
				CLANG_CXX_LIBRARY = "libc++";
				CLANG_ENABLE_MODULES = YES;
				CLANG_ENABLE_OBJC_ARC = YES;
				CLANG_WARN_BOOL_CONVERSION = YES;
				CLANG_WARN_CONSTANT_CONVERSION = YES;
				CLANG_WARN_DIRECT_OBJC_ISA_USAGE = YES_ERROR;
				CLANG_WARN_EMPTY_BODY = YES;
				CLANG_WARN_ENUM_CONVERSION = YES;
				CLANG_WARN_INT_CONVERSION = YES;
				CLANG_WARN_OBJC_ROOT_CLASS = YES_ERROR;
				CLANG_WARN__DUPLICATE_METHOD_MATCH = YES;
				"CODE_SIGN_IDENTITY[sdk=iphoneos*]" = "iPhone Developer";
				COPY_PHASE_STRIP = YES;
				ENABLE_NS_ASSERTIONS = NO;
				GCC_C_LANGUAGE_STANDARD = gnu99;
				GCC_WARN_64_TO_32_BIT_CONVERSION = YES;
				GCC_WARN_ABOUT_RETURN_TYPE = YES_ERROR;
				GCC_WARN_UNDECLARED_SELECTOR = YES;
				GCC_WARN_UNINITIALIZED_AUTOS = YES_AGGRESSIVE;
				GCC_WARN_UNUSED_FUNCTION = YES;
				GCC_WARN_UNUSED_VARIABLE = YES;
				IPHONEOS_DEPLOYMENT_TARGET = 7.1;
				SDKROOT = iphoneos;
				VALIDATE_PRODUCT = YES;
			};
			name = Release;
		};
		D2B64709197A7CE30074F36B /* Debug */ = {
			isa = XCBuildConfiguration;
			buildSettings = {
				ASSETCATALOG_COMPILER_APPICON_NAME = AppIcon;
				ASSETCATALOG_COMPILER_LAUNCHIMAGE_NAME = LaunchImage;
				GCC_PRECOMPILE_PREFIX_HEADER = YES;
				GCC_PREFIX_HEADER = "Mfeiji/Mfeiji-Prefix.pch";
				INFOPLIST_FILE = "Mfeiji/Mfeiji-Info.plist";
				PRODUCT_NAME = "$(TARGET_NAME)";
				WRAPPER_EXTENSION = app;
			};
			name = Debug;
		};
		D2B6470A197A7CE30074F36B /* Release */ = {
			isa = XCBuildConfiguration;
			buildSettings = {
				ASSETCATALOG_COMPILER_APPICON_NAME = AppIcon;
				ASSETCATALOG_COMPILER_LAUNCHIMAGE_NAME = LaunchImage;
				GCC_PRECOMPILE_PREFIX_HEADER = YES;
				GCC_PREFIX_HEADER = "Mfeiji/Mfeiji-Prefix.pch";
				INFOPLIST_FILE = "Mfeiji/Mfeiji-Info.plist";
				PRODUCT_NAME = "$(TARGET_NAME)";
				WRAPPER_EXTENSION = app;
			};
			name = Release;
		};
		D2B6470C197A7CE30074F36B /* Debug */ = {
			isa = XCBuildConfiguration;
			buildSettings = {
				BUNDLE_LOADER = "$(BUILT_PRODUCTS_DIR)/Mfeiji.app/Mfeiji";
				FRAMEWORK_SEARCH_PATHS = (
					"$(SDKROOT)/Developer/Library/Frameworks",
					"$(inherited)",
					"$(DEVELOPER_FRAMEWORKS_DIR)",
				);
				GCC_PRECOMPILE_PREFIX_HEADER = YES;
				GCC_PREFIX_HEADER = "Mfeiji/Mfeiji-Prefix.pch";
				GCC_PREPROCESSOR_DEFINITIONS = (
					"DEBUG=1",
					"$(inherited)",
				);
				INFOPLIST_FILE = "MfeijiTests/MfeijiTests-Info.plist";
				PRODUCT_NAME = "$(TARGET_NAME)";
				TEST_HOST = "$(BUNDLE_LOADER)";
				WRAPPER_EXTENSION = xctest;
			};
			name = Debug;
		};
		D2B6470D197A7CE30074F36B /* Release */ = {
			isa = XCBuildConfiguration;
			buildSettings = {
				BUNDLE_LOADER = "$(BUILT_PRODUCTS_DIR)/Mfeiji.app/Mfeiji";
				FRAMEWORK_SEARCH_PATHS = (
					"$(SDKROOT)/Developer/Library/Frameworks",
					"$(inherited)",
					"$(DEVELOPER_FRAMEWORKS_DIR)",
				);
				GCC_PRECOMPILE_PREFIX_HEADER = YES;
				GCC_PREFIX_HEADER = "Mfeiji/Mfeiji-Prefix.pch";
				INFOPLIST_FILE = "MfeijiTests/MfeijiTests-Info.plist";
				PRODUCT_NAME = "$(TARGET_NAME)";
				TEST_HOST = "$(BUNDLE_LOADER)";
				WRAPPER_EXTENSION = xctest;
			};
			name = Release;
		};
/* End XCBuildConfiguration section */

/* Begin XCConfigurationList section */
		D2B646D7197A7CE30074F36B /* Build configuration list for PBXProject "Mfeiji" */ = {
			isa = XCConfigurationList;
			buildConfigurations = (
				D2B64706197A7CE30074F36B /* Debug */,
				D2B64707197A7CE30074F36B /* Release */,
			);
			defaultConfigurationIsVisible = 0;
			defaultConfigurationName = Release;
		};
		D2B64708197A7CE30074F36B /* Build configuration list for PBXNativeTarget "Mfeiji" */ = {
			isa = XCConfigurationList;
			buildConfigurations = (
				D2B64709197A7CE30074F36B /* Debug */,
				D2B6470A197A7CE30074F36B /* Release */,
			);
			defaultConfigurationIsVisible = 0;
		};
		D2B6470B197A7CE30074F36B /* Build configuration list for PBXNativeTarget "MfeijiTests" */ = {
			isa = XCConfigurationList;
			buildConfigurations = (
				D2B6470C197A7CE30074F36B /* Debug */,
				D2B6470D197A7CE30074F36B /* Release */,
			);
			defaultConfigurationIsVisible = 0;
		};
/* End XCConfigurationList section */
	};
	rootObject = D2B646D4197A7CE30074F36B /* Project object */;
}
